// !$*UTF8*$!
{
	archiveVersion = 1;
	classes = {
	};
	objectVersion = 56;
	objects = {

/* Begin PBXBuildFile section */
		BF175C522B8E390D00FE67A5 /* AppDelegate.swift in Sources */ = {isa = PBXBuildFile; fileRef = BF175C512B8E390D00FE67A5 /* AppDelegate.swift */; };
		BF175C542B8E390D00FE67A5 /* SceneDelegate.swift in Sources */ = {isa = PBXBuildFile; fileRef = BF175C532B8E390D00FE67A5 /* SceneDelegate.swift */; };
		BF175C562B8E390D00FE67A5 /* LoginViewController.swift in Sources */ = {isa = PBXBuildFile; fileRef = BF175C552B8E390D00FE67A5 /* LoginViewController.swift */; };
		BF175C592B8E390D00FE67A5 /* Main.storyboard in Resources */ = {isa = PBXBuildFile; fileRef = BF175C572B8E390D00FE67A5 /* Main.storyboard */; };
		BF175C5B2B8E390E00FE67A5 /* Assets.xcassets in Resources */ = {isa = PBXBuildFile; fileRef = BF175C5A2B8E390E00FE67A5 /* Assets.xcassets */; };
		BF175C5E2B8E390E00FE67A5 /* LaunchScreen.storyboard in Resources */ = {isa = PBXBuildFile; fileRef = BF175C5C2B8E390E00FE67A5 /* LaunchScreen.storyboard */; };
		BF175C692B8E390E00FE67A5 /* KTVTests.swift in Sources */ = {isa = PBXBuildFile; fileRef = BF175C682B8E390E00FE67A5 /* KTVTests.swift */; };
		BF175C732B8E390E00FE67A5 /* KTVUITests.swift in Sources */ = {isa = PBXBuildFile; fileRef = BF175C722B8E390E00FE67A5 /* KTVUITests.swift */; };
		BF175C752B8E390E00FE67A5 /* KTVUITestsLaunchTests.swift in Sources */ = {isa = PBXBuildFile; fileRef = BF175C742B8E390E00FE67A5 /* KTVUITestsLaunchTests.swift */; };
		BF175C822B8E3FD000FE67A5 /* Colors.xcassets in Resources */ = {isa = PBXBuildFile; fileRef = BF175C812B8E3FD000FE67A5 /* Colors.xcassets */; };
		BF4510E52B8EF5E000B3330D /* VideoItemCell.swift in Sources */ = {isa = PBXBuildFile; fileRef = BF4510E32B8EF5E000B3330D /* VideoItemCell.swift */; };
		BF4510E62B8EF5E000B3330D /* VideoItemCell.xib in Resources */ = {isa = PBXBuildFile; fileRef = BF4510E42B8EF5E000B3330D /* VideoItemCell.xib */; };
		BF4510EA2B8EFA5F00B3330D /* HomeRecommendContainerCell.swift in Sources */ = {isa = PBXBuildFile; fileRef = BF4510E82B8EFA5F00B3330D /* HomeRecommendContainerCell.swift */; };
		BF4510ED2B8F092800B3330D /* HomeRankingContainerCell.swift in Sources */ = {isa = PBXBuildFile; fileRef = BF4510EB2B8F092800B3330D /* HomeRankingContainerCell.swift */; };
		BF4510EE2B8F092800B3330D /* HomeRankingContainerCell.xib in Resources */ = {isa = PBXBuildFile; fileRef = BF4510EC2B8F092800B3330D /* HomeRankingContainerCell.xib */; };
		BF4510F92B8F129300B3330D /* HomeRankingItemCell.swift in Sources */ = {isa = PBXBuildFile; fileRef = BF4510F72B8F129300B3330D /* HomeRankingItemCell.swift */; };
		BF4510FA2B8F129300B3330D /* HomeRankingItemCell.xib in Resources */ = {isa = PBXBuildFile; fileRef = BF4510F82B8F129300B3330D /* HomeRankingItemCell.xib */; };
		BF4510FD2B8F175B00B3330D /* HomeRecentWatchContainerCell.swift in Sources */ = {isa = PBXBuildFile; fileRef = BF4510FB2B8F175B00B3330D /* HomeRecentWatchContainerCell.swift */; };
		BF4510FE2B8F175B00B3330D /* HomeRecentWatchContainerCell.xib in Resources */ = {isa = PBXBuildFile; fileRef = BF4510FC2B8F175B00B3330D /* HomeRecentWatchContainerCell.xib */; };
		BF4511012B8F184200B3330D /* HomeRecentWatchItemCell.swift in Sources */ = {isa = PBXBuildFile; fileRef = BF4510FF2B8F184200B3330D /* HomeRecentWatchItemCell.swift */; };
		BF4511022B8F184200B3330D /* HomeRecentWatchItemCell.xib in Resources */ = {isa = PBXBuildFile; fileRef = BF4511002B8F184200B3330D /* HomeRecentWatchItemCell.xib */; };
		BF4511052B90A2F800B3330D /* Home.swift in Sources */ = {isa = PBXBuildFile; fileRef = BF4511042B90A2F800B3330D /* Home.swift */; };
		BF4511072B90AE3100B3330D /* HomeViewModel.swift in Sources */ = {isa = PBXBuildFile; fileRef = BF4511062B90AE3100B3330D /* HomeViewModel.swift */; };
		BF4511102B90AEE600B3330D /* URLDefines.swift in Sources */ = {isa = PBXBuildFile; fileRef = BF4511092B90AEE600B3330D /* URLDefines.swift */; };
		BF4511112B90AEE600B3330D /* live.json in Resources */ = {isa = PBXBuildFile; fileRef = BF45110B2B90AEE600B3330D /* live.json */; };
		BF4511122B90AEE600B3330D /* video.json in Resources */ = {isa = PBXBuildFile; fileRef = BF45110C2B90AEE600B3330D /* video.json */; };
		BF4511132B90AEE600B3330D /* favorite.json in Resources */ = {isa = PBXBuildFile; fileRef = BF45110D2B90AEE600B3330D /* favorite.json */; };
		BF4511142B90AEE600B3330D /* home.json in Resources */ = {isa = PBXBuildFile; fileRef = BF45110E2B90AEE600B3330D /* home.json */; };
		BF4511152B90AEE600B3330D /* bookmark.json in Resources */ = {isa = PBXBuildFile; fileRef = BF45110F2B90AEE600B3330D /* bookmark.json */; };
		BF4511192B90B42C00B3330D /* DataLoader.swift in Sources */ = {isa = PBXBuildFile; fileRef = BF4511172B90B42C00B3330D /* DataLoader.swift */; };
		BF45111A2B90B42C00B3330D /* UIImageView+Task.swift in Sources */ = {isa = PBXBuildFile; fileRef = BF4511182B90B42C00B3330D /* UIImageView+Task.swift */; };
		BF45111C2B91D5AB00B3330D /* HomeRecommendViewModel.swift in Sources */ = {isa = PBXBuildFile; fileRef = BF45111B2B91D5AB00B3330D /* HomeRecommendViewModel.swift */; };
		BF4511212B91E0D100B3330D /* HomeRankingHeaderView.swift in Sources */ = {isa = PBXBuildFile; fileRef = BF45111F2B91E0D100B3330D /* HomeRankingHeaderView.swift */; };
		BF4511222B91E0D100B3330D /* HomeRankingHeaderView.xib in Resources */ = {isa = PBXBuildFile; fileRef = BF4511202B91E0D100B3330D /* HomeRankingHeaderView.xib */; };
		BF4511242B91F97500B3330D /* HomeRecommendContainerCell.xib in Resources */ = {isa = PBXBuildFile; fileRef = BF4511232B91F97500B3330D /* HomeRecommendContainerCell.xib */; };
		BF7750D62B96CB20008AE7F3 /* MyViewController.swift in Sources */ = {isa = PBXBuildFile; fileRef = BF7750D52B96CB20008AE7F3 /* MyViewController.swift */; };
		BF7750D82B96CBEA008AE7F3 /* BookmarkViewController.swift in Sources */ = {isa = PBXBuildFile; fileRef = BF7750D72B96CBEA008AE7F3 /* BookmarkViewController.swift */; };
		BF7750DA2B96CBFF008AE7F3 /* BookmarkViewModel.swift in Sources */ = {isa = PBXBuildFile; fileRef = BF7750D92B96CBFF008AE7F3 /* BookmarkViewModel.swift */; };
		BF7750DD2B96CC1B008AE7F3 /* BookmarkCell.swift in Sources */ = {isa = PBXBuildFile; fileRef = BF7750DB2B96CC1B008AE7F3 /* BookmarkCell.swift */; };
		BF7750DE2B96CC1B008AE7F3 /* BookmarkCell.xib in Resources */ = {isa = PBXBuildFile; fileRef = BF7750DC2B96CC1B008AE7F3 /* BookmarkCell.xib */; };
		BF7750E02B96CC2B008AE7F3 /* FavoriteViewController.swift in Sources */ = {isa = PBXBuildFile; fileRef = BF7750DF2B96CC2B008AE7F3 /* FavoriteViewController.swift */; };
		BF7750E22B96CC37008AE7F3 /* FavoriteViewModel.swift in Sources */ = {isa = PBXBuildFile; fileRef = BF7750E12B96CC37008AE7F3 /* FavoriteViewModel.swift */; };
		BF7750E62B96D04A008AE7F3 /* Bookmark.swift in Sources */ = {isa = PBXBuildFile; fileRef = BF7750E52B96D04A008AE7F3 /* Bookmark.swift */; };
		BF7750E82B96D074008AE7F3 /* Favorite.swift in Sources */ = {isa = PBXBuildFile; fileRef = BF7750E72B96D074008AE7F3 /* Favorite.swift */; };
		BF7750EA2B96D8DC008AE7F3 /* VideoListItem.swift in Sources */ = {isa = PBXBuildFile; fileRef = BF7750E92B96D8DC008AE7F3 /* VideoListItem.swift */; };
		BF7750EC2B96DFC9008AE7F3 /* MyNavigationViewController.swift in Sources */ = {isa = PBXBuildFile; fileRef = BF7750EB2B96DFC9008AE7F3 /* MyNavigationViewController.swift */; };
		BF7750F02B985836008AE7F3 /* VideoViewController.swift in Sources */ = {isa = PBXBuildFile; fileRef = BF7750EE2B985836008AE7F3 /* VideoViewController.swift */; };
		BF7750F12B985836008AE7F3 /* VideoViewController.xib in Resources */ = {isa = PBXBuildFile; fileRef = BF7750EF2B985836008AE7F3 /* VideoViewController.xib */; };
		BF7750F52B98698E008AE7F3 /* MoreViewController.swift in Sources */ = {isa = PBXBuildFile; fileRef = BF7750F32B98698E008AE7F3 /* MoreViewController.swift */; };
		BF7750F62B98698E008AE7F3 /* MoreViewController.xib in Resources */ = {isa = PBXBuildFile; fileRef = BF7750F42B98698E008AE7F3 /* MoreViewController.xib */; };
		BF7750F92B986B84008AE7F3 /* MoreTableViewCell.swift in Sources */ = {isa = PBXBuildFile; fileRef = BF7750F72B986B84008AE7F3 /* MoreTableViewCell.swift */; };
		BF7750FA2B986B84008AE7F3 /* MoreTableViewCell.xib in Resources */ = {isa = PBXBuildFile; fileRef = BF7750F82B986B84008AE7F3 /* MoreTableViewCell.xib */; };
		BF7750FC2B986CBD008AE7F3 /* MoreViewModel.swift in Sources */ = {isa = PBXBuildFile; fileRef = BF7750FB2B986CBD008AE7F3 /* MoreViewModel.swift */; };
		BF7750FE2B987139008AE7F3 /* Video.swift in Sources */ = {isa = PBXBuildFile; fileRef = BF7750FD2B987139008AE7F3 /* Video.swift */; };
		BF7751002B9871A6008AE7F3 /* VideoViewModel.swift in Sources */ = {isa = PBXBuildFile; fileRef = BF7750FF2B9871A6008AE7F3 /* VideoViewModel.swift */; };
		BF7751032B994EB8008AE7F3 /* PlayerView.swift in Sources */ = {isa = PBXBuildFile; fileRef = BF7751022B994EB8008AE7F3 /* PlayerView.swift */; };
		BFFD3DB62B8E4A2A0072EFC8 /* HomeViewController.swift in Sources */ = {isa = PBXBuildFile; fileRef = BFFD3DB52B8E4A2A0072EFC8 /* HomeViewController.swift */; };
		BFFD3DBA2B8E4B0A0072EFC8 /* HomeVideoCell.swift in Sources */ = {isa = PBXBuildFile; fileRef = BFFD3DB82B8E4B0A0072EFC8 /* HomeVideoCell.swift */; };
		BFFD3DBB2B8E4B0A0072EFC8 /* HomeVideoCell.xib in Resources */ = {isa = PBXBuildFile; fileRef = BFFD3DB92B8E4B0A0072EFC8 /* HomeVideoCell.xib */; };
		BFFD3DBD2B8E53710072EFC8 /* HomeSection.swift in Sources */ = {isa = PBXBuildFile; fileRef = BFFD3DBC2B8E53710072EFC8 /* HomeSection.swift */; };
		BFFD3DBF2B8E554F0072EFC8 /* TabbarController.swift in Sources */ = {isa = PBXBuildFile; fileRef = BFFD3DBE2B8E554F0072EFC8 /* TabbarController.swift */; };
		BFFD3DC22B8EF00D0072EFC8 /* HomeHeaderView.swift in Sources */ = {isa = PBXBuildFile; fileRef = BFFD3DC02B8EF00D0072EFC8 /* HomeHeaderView.swift */; };
		BFFD3DC32B8EF00D0072EFC8 /* HomeHeaderView.xib in Resources */ = {isa = PBXBuildFile; fileRef = BFFD3DC12B8EF00D0072EFC8 /* HomeHeaderView.xib */; };
		BFFD3DC62B8EF26D0072EFC8 /* HomeFooterView.swift in Sources */ = {isa = PBXBuildFile; fileRef = BFFD3DC42B8EF26D0072EFC8 /* HomeFooterView.swift */; };
		BFFD3DC72B8EF26D0072EFC8 /* HomeFooterView.xib in Resources */ = {isa = PBXBuildFile; fileRef = BFFD3DC52B8EF26D0072EFC8 /* HomeFooterView.xib */; };
/* End PBXBuildFile section */

/* Begin PBXContainerItemProxy section */
		BF175C652B8E390E00FE67A5 /* PBXContainerItemProxy */ = {
			isa = PBXContainerItemProxy;
			containerPortal = BF175C462B8E390D00FE67A5 /* Project object */;
			proxyType = 1;
			remoteGlobalIDString = BF175C4D2B8E390D00FE67A5;
			remoteInfo = KTV;
		};
		BF175C6F2B8E390E00FE67A5 /* PBXContainerItemProxy */ = {
			isa = PBXContainerItemProxy;
			containerPortal = BF175C462B8E390D00FE67A5 /* Project object */;
			proxyType = 1;
			remoteGlobalIDString = BF175C4D2B8E390D00FE67A5;
			remoteInfo = KTV;
		};
/* End PBXContainerItemProxy section */

/* Begin PBXFileReference section */
		BF175C4E2B8E390D00FE67A5 /* KTV.app */ = {isa = PBXFileReference; explicitFileType = wrapper.application; includeInIndex = 0; path = KTV.app; sourceTree = BUILT_PRODUCTS_DIR; };
		BF175C512B8E390D00FE67A5 /* AppDelegate.swift */ = {isa = PBXFileReference; lastKnownFileType = sourcecode.swift; path = AppDelegate.swift; sourceTree = "<group>"; };
		BF175C532B8E390D00FE67A5 /* SceneDelegate.swift */ = {isa = PBXFileReference; lastKnownFileType = sourcecode.swift; path = SceneDelegate.swift; sourceTree = "<group>"; };
		BF175C552B8E390D00FE67A5 /* LoginViewController.swift */ = {isa = PBXFileReference; lastKnownFileType = sourcecode.swift; path = LoginViewController.swift; sourceTree = "<group>"; };
		BF175C582B8E390D00FE67A5 /* Base */ = {isa = PBXFileReference; lastKnownFileType = file.storyboard; name = Base; path = Base.lproj/Main.storyboard; sourceTree = "<group>"; };
		BF175C5A2B8E390E00FE67A5 /* Assets.xcassets */ = {isa = PBXFileReference; lastKnownFileType = folder.assetcatalog; path = Assets.xcassets; sourceTree = "<group>"; };
		BF175C5D2B8E390E00FE67A5 /* Base */ = {isa = PBXFileReference; lastKnownFileType = file.storyboard; name = Base; path = Base.lproj/LaunchScreen.storyboard; sourceTree = "<group>"; };
		BF175C5F2B8E390E00FE67A5 /* Info.plist */ = {isa = PBXFileReference; lastKnownFileType = text.plist.xml; path = Info.plist; sourceTree = "<group>"; };
		BF175C642B8E390E00FE67A5 /* KTVTests.xctest */ = {isa = PBXFileReference; explicitFileType = wrapper.cfbundle; includeInIndex = 0; path = KTVTests.xctest; sourceTree = BUILT_PRODUCTS_DIR; };
		BF175C682B8E390E00FE67A5 /* KTVTests.swift */ = {isa = PBXFileReference; lastKnownFileType = sourcecode.swift; path = KTVTests.swift; sourceTree = "<group>"; };
		BF175C6E2B8E390E00FE67A5 /* KTVUITests.xctest */ = {isa = PBXFileReference; explicitFileType = wrapper.cfbundle; includeInIndex = 0; path = KTVUITests.xctest; sourceTree = BUILT_PRODUCTS_DIR; };
		BF175C722B8E390E00FE67A5 /* KTVUITests.swift */ = {isa = PBXFileReference; lastKnownFileType = sourcecode.swift; path = KTVUITests.swift; sourceTree = "<group>"; };
		BF175C742B8E390E00FE67A5 /* KTVUITestsLaunchTests.swift */ = {isa = PBXFileReference; lastKnownFileType = sourcecode.swift; path = KTVUITestsLaunchTests.swift; sourceTree = "<group>"; };
		BF175C812B8E3FD000FE67A5 /* Colors.xcassets */ = {isa = PBXFileReference; lastKnownFileType = folder.assetcatalog; path = Colors.xcassets; sourceTree = "<group>"; };
		BF4510E32B8EF5E000B3330D /* VideoItemCell.swift */ = {isa = PBXFileReference; lastKnownFileType = sourcecode.swift; path = VideoItemCell.swift; sourceTree = "<group>"; };
		BF4510E42B8EF5E000B3330D /* VideoItemCell.xib */ = {isa = PBXFileReference; lastKnownFileType = file.xib; path = VideoItemCell.xib; sourceTree = "<group>"; };
		BF4510E82B8EFA5F00B3330D /* HomeRecommendContainerCell.swift */ = {isa = PBXFileReference; fileEncoding = 4; lastKnownFileType = sourcecode.swift; path = HomeRecommendContainerCell.swift; sourceTree = "<group>"; };
		BF4510EB2B8F092800B3330D /* HomeRankingContainerCell.swift */ = {isa = PBXFileReference; lastKnownFileType = sourcecode.swift; path = HomeRankingContainerCell.swift; sourceTree = "<group>"; };
		BF4510EC2B8F092800B3330D /* HomeRankingContainerCell.xib */ = {isa = PBXFileReference; lastKnownFileType = file.xib; path = HomeRankingContainerCell.xib; sourceTree = "<group>"; };
		BF4510F72B8F129300B3330D /* HomeRankingItemCell.swift */ = {isa = PBXFileReference; fileEncoding = 4; lastKnownFileType = sourcecode.swift; path = HomeRankingItemCell.swift; sourceTree = "<group>"; };
		BF4510F82B8F129300B3330D /* HomeRankingItemCell.xib */ = {isa = PBXFileReference; fileEncoding = 4; lastKnownFileType = file.xib; path = HomeRankingItemCell.xib; sourceTree = "<group>"; };
		BF4510FB2B8F175B00B3330D /* HomeRecentWatchContainerCell.swift */ = {isa = PBXFileReference; lastKnownFileType = sourcecode.swift; path = HomeRecentWatchContainerCell.swift; sourceTree = "<group>"; };
		BF4510FC2B8F175B00B3330D /* HomeRecentWatchContainerCell.xib */ = {isa = PBXFileReference; lastKnownFileType = file.xib; path = HomeRecentWatchContainerCell.xib; sourceTree = "<group>"; };
		BF4510FF2B8F184200B3330D /* HomeRecentWatchItemCell.swift */ = {isa = PBXFileReference; lastKnownFileType = sourcecode.swift; path = HomeRecentWatchItemCell.swift; sourceTree = "<group>"; };
		BF4511002B8F184200B3330D /* HomeRecentWatchItemCell.xib */ = {isa = PBXFileReference; lastKnownFileType = file.xib; path = HomeRecentWatchItemCell.xib; sourceTree = "<group>"; };
		BF4511042B90A2F800B3330D /* Home.swift */ = {isa = PBXFileReference; lastKnownFileType = sourcecode.swift; path = Home.swift; sourceTree = "<group>"; };
		BF4511062B90AE3100B3330D /* HomeViewModel.swift */ = {isa = PBXFileReference; lastKnownFileType = sourcecode.swift; path = HomeViewModel.swift; sourceTree = "<group>"; };
		BF4511092B90AEE600B3330D /* URLDefines.swift */ = {isa = PBXFileReference; fileEncoding = 4; lastKnownFileType = sourcecode.swift; path = URLDefines.swift; sourceTree = "<group>"; };
		BF45110B2B90AEE600B3330D /* live.json */ = {isa = PBXFileReference; fileEncoding = 4; lastKnownFileType = text.json; path = live.json; sourceTree = "<group>"; };
		BF45110C2B90AEE600B3330D /* video.json */ = {isa = PBXFileReference; fileEncoding = 4; lastKnownFileType = text.json; path = video.json; sourceTree = "<group>"; };
		BF45110D2B90AEE600B3330D /* favorite.json */ = {isa = PBXFileReference; fileEncoding = 4; lastKnownFileType = text.json; path = favorite.json; sourceTree = "<group>"; };
		BF45110E2B90AEE600B3330D /* home.json */ = {isa = PBXFileReference; fileEncoding = 4; lastKnownFileType = text.json; path = home.json; sourceTree = "<group>"; };
		BF45110F2B90AEE600B3330D /* bookmark.json */ = {isa = PBXFileReference; fileEncoding = 4; lastKnownFileType = text.json; path = bookmark.json; sourceTree = "<group>"; };
		BF4511172B90B42C00B3330D /* DataLoader.swift */ = {isa = PBXFileReference; fileEncoding = 4; lastKnownFileType = sourcecode.swift; path = DataLoader.swift; sourceTree = "<group>"; };
		BF4511182B90B42C00B3330D /* UIImageView+Task.swift */ = {isa = PBXFileReference; fileEncoding = 4; lastKnownFileType = sourcecode.swift; path = "UIImageView+Task.swift"; sourceTree = "<group>"; };
		BF45111B2B91D5AB00B3330D /* HomeRecommendViewModel.swift */ = {isa = PBXFileReference; lastKnownFileType = sourcecode.swift; path = HomeRecommendViewModel.swift; sourceTree = "<group>"; };
		BF45111F2B91E0D100B3330D /* HomeRankingHeaderView.swift */ = {isa = PBXFileReference; lastKnownFileType = sourcecode.swift; path = HomeRankingHeaderView.swift; sourceTree = "<group>"; };
		BF4511202B91E0D100B3330D /* HomeRankingHeaderView.xib */ = {isa = PBXFileReference; lastKnownFileType = file.xib; path = HomeRankingHeaderView.xib; sourceTree = "<group>"; };
		BF4511232B91F97500B3330D /* HomeRecommendContainerCell.xib */ = {isa = PBXFileReference; fileEncoding = 4; lastKnownFileType = file.xib; path = HomeRecommendContainerCell.xib; sourceTree = "<group>"; };
		BF7750D52B96CB20008AE7F3 /* MyViewController.swift */ = {isa = PBXFileReference; lastKnownFileType = sourcecode.swift; path = MyViewController.swift; sourceTree = "<group>"; };
		BF7750D72B96CBEA008AE7F3 /* BookmarkViewController.swift */ = {isa = PBXFileReference; lastKnownFileType = sourcecode.swift; path = BookmarkViewController.swift; sourceTree = "<group>"; };
		BF7750D92B96CBFF008AE7F3 /* BookmarkViewModel.swift */ = {isa = PBXFileReference; lastKnownFileType = sourcecode.swift; path = BookmarkViewModel.swift; sourceTree = "<group>"; };
		BF7750DB2B96CC1B008AE7F3 /* BookmarkCell.swift */ = {isa = PBXFileReference; lastKnownFileType = sourcecode.swift; path = BookmarkCell.swift; sourceTree = "<group>"; };
		BF7750DC2B96CC1B008AE7F3 /* BookmarkCell.xib */ = {isa = PBXFileReference; lastKnownFileType = file.xib; path = BookmarkCell.xib; sourceTree = "<group>"; };
		BF7750DF2B96CC2B008AE7F3 /* FavoriteViewController.swift */ = {isa = PBXFileReference; lastKnownFileType = sourcecode.swift; path = FavoriteViewController.swift; sourceTree = "<group>"; };
		BF7750E12B96CC37008AE7F3 /* FavoriteViewModel.swift */ = {isa = PBXFileReference; lastKnownFileType = sourcecode.swift; path = FavoriteViewModel.swift; sourceTree = "<group>"; };
		BF7750E52B96D04A008AE7F3 /* Bookmark.swift */ = {isa = PBXFileReference; lastKnownFileType = sourcecode.swift; path = Bookmark.swift; sourceTree = "<group>"; };
		BF7750E72B96D074008AE7F3 /* Favorite.swift */ = {isa = PBXFileReference; lastKnownFileType = sourcecode.swift; path = Favorite.swift; sourceTree = "<group>"; };
		BF7750E92B96D8DC008AE7F3 /* VideoListItem.swift */ = {isa = PBXFileReference; lastKnownFileType = sourcecode.swift; path = VideoListItem.swift; sourceTree = "<group>"; };
		BF7750EB2B96DFC9008AE7F3 /* MyNavigationViewController.swift */ = {isa = PBXFileReference; lastKnownFileType = sourcecode.swift; path = MyNavigationViewController.swift; sourceTree = "<group>"; };
		BF7750EE2B985836008AE7F3 /* VideoViewController.swift */ = {isa = PBXFileReference; lastKnownFileType = sourcecode.swift; path = VideoViewController.swift; sourceTree = "<group>"; };
		BF7750EF2B985836008AE7F3 /* VideoViewController.xib */ = {isa = PBXFileReference; lastKnownFileType = file.xib; path = VideoViewController.xib; sourceTree = "<group>"; };
		BF7750F32B98698E008AE7F3 /* MoreViewController.swift */ = {isa = PBXFileReference; lastKnownFileType = sourcecode.swift; path = MoreViewController.swift; sourceTree = "<group>"; };
		BF7750F42B98698E008AE7F3 /* MoreViewController.xib */ = {isa = PBXFileReference; lastKnownFileType = file.xib; path = MoreViewController.xib; sourceTree = "<group>"; };
		BF7750F72B986B84008AE7F3 /* MoreTableViewCell.swift */ = {isa = PBXFileReference; lastKnownFileType = sourcecode.swift; path = MoreTableViewCell.swift; sourceTree = "<group>"; };
		BF7750F82B986B84008AE7F3 /* MoreTableViewCell.xib */ = {isa = PBXFileReference; lastKnownFileType = file.xib; path = MoreTableViewCell.xib; sourceTree = "<group>"; };
		BF7750FB2B986CBD008AE7F3 /* MoreViewModel.swift */ = {isa = PBXFileReference; lastKnownFileType = sourcecode.swift; path = MoreViewModel.swift; sourceTree = "<group>"; };
		BF7750FD2B987139008AE7F3 /* Video.swift */ = {isa = PBXFileReference; lastKnownFileType = sourcecode.swift; path = Video.swift; sourceTree = "<group>"; };
		BF7750FF2B9871A6008AE7F3 /* VideoViewModel.swift */ = {isa = PBXFileReference; lastKnownFileType = sourcecode.swift; path = VideoViewModel.swift; sourceTree = "<group>"; };
		BF7751022B994EB8008AE7F3 /* PlayerView.swift */ = {isa = PBXFileReference; lastKnownFileType = sourcecode.swift; path = PlayerView.swift; sourceTree = "<group>"; };
		BFFD3DB52B8E4A2A0072EFC8 /* HomeViewController.swift */ = {isa = PBXFileReference; lastKnownFileType = sourcecode.swift; path = HomeViewController.swift; sourceTree = "<group>"; };
		BFFD3DB82B8E4B0A0072EFC8 /* HomeVideoCell.swift */ = {isa = PBXFileReference; lastKnownFileType = sourcecode.swift; path = HomeVideoCell.swift; sourceTree = "<group>"; };
		BFFD3DB92B8E4B0A0072EFC8 /* HomeVideoCell.xib */ = {isa = PBXFileReference; lastKnownFileType = file.xib; path = HomeVideoCell.xib; sourceTree = "<group>"; };
		BFFD3DBC2B8E53710072EFC8 /* HomeSection.swift */ = {isa = PBXFileReference; lastKnownFileType = sourcecode.swift; path = HomeSection.swift; sourceTree = "<group>"; };
		BFFD3DBE2B8E554F0072EFC8 /* TabbarController.swift */ = {isa = PBXFileReference; lastKnownFileType = sourcecode.swift; path = TabbarController.swift; sourceTree = "<group>"; };
		BFFD3DC02B8EF00D0072EFC8 /* HomeHeaderView.swift */ = {isa = PBXFileReference; lastKnownFileType = sourcecode.swift; path = HomeHeaderView.swift; sourceTree = "<group>"; };
		BFFD3DC12B8EF00D0072EFC8 /* HomeHeaderView.xib */ = {isa = PBXFileReference; lastKnownFileType = file.xib; path = HomeHeaderView.xib; sourceTree = "<group>"; };
		BFFD3DC42B8EF26D0072EFC8 /* HomeFooterView.swift */ = {isa = PBXFileReference; lastKnownFileType = sourcecode.swift; path = HomeFooterView.swift; sourceTree = "<group>"; };
		BFFD3DC52B8EF26D0072EFC8 /* HomeFooterView.xib */ = {isa = PBXFileReference; lastKnownFileType = file.xib; path = HomeFooterView.xib; sourceTree = "<group>"; };
/* End PBXFileReference section */

/* Begin PBXFrameworksBuildPhase section */
		BF175C4B2B8E390D00FE67A5 /* Frameworks */ = {
			isa = PBXFrameworksBuildPhase;
			buildActionMask = 2147483647;
			files = (
			);
			runOnlyForDeploymentPostprocessing = 0;
		};
		BF175C612B8E390E00FE67A5 /* Frameworks */ = {
			isa = PBXFrameworksBuildPhase;
			buildActionMask = 2147483647;
			files = (
			);
			runOnlyForDeploymentPostprocessing = 0;
		};
		BF175C6B2B8E390E00FE67A5 /* Frameworks */ = {
			isa = PBXFrameworksBuildPhase;
			buildActionMask = 2147483647;
			files = (
			);
			runOnlyForDeploymentPostprocessing = 0;
		};
/* End PBXFrameworksBuildPhase section */

/* Begin PBXGroup section */
		BF175C452B8E390D00FE67A5 = {
			isa = PBXGroup;
			children = (
				BF175C502B8E390D00FE67A5 /* KTV */,
				BF175C672B8E390E00FE67A5 /* KTVTests */,
				BF175C712B8E390E00FE67A5 /* KTVUITests */,
				BF175C4F2B8E390D00FE67A5 /* Products */,
			);
			sourceTree = "<group>";
		};
		BF175C4F2B8E390D00FE67A5 /* Products */ = {
			isa = PBXGroup;
			children = (
				BF175C4E2B8E390D00FE67A5 /* KTV.app */,
				BF175C642B8E390E00FE67A5 /* KTVTests.xctest */,
				BF175C6E2B8E390E00FE67A5 /* KTVUITests.xctest */,
			);
			name = Products;
			sourceTree = "<group>";
		};
		BF175C502B8E390D00FE67A5 /* KTV */ = {
			isa = PBXGroup;
			children = (
				BF7750F22B98697F008AE7F3 /* More */,
				BF7750ED2B985822008AE7F3 /* Video */,
				BF7750D02B96C8F3008AE7F3 /* My */,
				BF4511162B90B42C00B3330D /* Util */,
				BF45110A2B90AEE600B3330D /* JSON */,
				BF4511082B90AEE600B3330D /* URLDefines */,
				BF4511032B90A2E200B3330D /* Model */,
				BFFD3DBE2B8E554F0072EFC8 /* TabbarController.swift */,
				BFFD3DB32B8E48A70072EFC8 /* Login */,
				BFFD3DB42B8E4A200072EFC8 /* Home */,
				BF175C512B8E390D00FE67A5 /* AppDelegate.swift */,
				BF175C532B8E390D00FE67A5 /* SceneDelegate.swift */,
				BF175C572B8E390D00FE67A5 /* Main.storyboard */,
				BF175C5A2B8E390E00FE67A5 /* Assets.xcassets */,
				BF175C812B8E3FD000FE67A5 /* Colors.xcassets */,
				BF175C5C2B8E390E00FE67A5 /* LaunchScreen.storyboard */,
				BF175C5F2B8E390E00FE67A5 /* Info.plist */,
			);
			path = KTV;
			sourceTree = "<group>";
		};
		BF175C672B8E390E00FE67A5 /* KTVTests */ = {
			isa = PBXGroup;
			children = (
				BF175C682B8E390E00FE67A5 /* KTVTests.swift */,
			);
			path = KTVTests;
			sourceTree = "<group>";
		};
		BF175C712B8E390E00FE67A5 /* KTVUITests */ = {
			isa = PBXGroup;
			children = (
				BF175C722B8E390E00FE67A5 /* KTVUITests.swift */,
				BF175C742B8E390E00FE67A5 /* KTVUITestsLaunchTests.swift */,
			);
			path = KTVUITests;
			sourceTree = "<group>";
		};
		BF4511032B90A2E200B3330D /* Model */ = {
			isa = PBXGroup;
			children = (
				BF4511042B90A2F800B3330D /* Home.swift */,
				BF7750E72B96D074008AE7F3 /* Favorite.swift */,
				BF7750E52B96D04A008AE7F3 /* Bookmark.swift */,
				BF7750E92B96D8DC008AE7F3 /* VideoListItem.swift */,
				BF7750FD2B987139008AE7F3 /* Video.swift */,
			);
			path = Model;
			sourceTree = "<group>";
		};
		BF4511082B90AEE600B3330D /* URLDefines */ = {
			isa = PBXGroup;
			children = (
				BF4511092B90AEE600B3330D /* URLDefines.swift */,
			);
			path = URLDefines;
			sourceTree = "<group>";
		};
		BF45110A2B90AEE600B3330D /* JSON */ = {
			isa = PBXGroup;
			children = (
				BF45110B2B90AEE600B3330D /* live.json */,
				BF45110C2B90AEE600B3330D /* video.json */,
				BF45110D2B90AEE600B3330D /* favorite.json */,
				BF45110E2B90AEE600B3330D /* home.json */,
				BF45110F2B90AEE600B3330D /* bookmark.json */,
			);
			path = JSON;
			sourceTree = "<group>";
		};
		BF4511162B90B42C00B3330D /* Util */ = {
			isa = PBXGroup;
			children = (
				BF4511172B90B42C00B3330D /* DataLoader.swift */,
				BF4511182B90B42C00B3330D /* UIImageView+Task.swift */,
			);
			path = Util;
			sourceTree = "<group>";
		};
		BF7750D02B96C8F3008AE7F3 /* My */ = {
			isa = PBXGroup;
			children = (
				BF7750D22B96CAE8008AE7F3 /* Bookmark */,
				BF7750D12B96CAE0008AE7F3 /* Favorite */,
				BF7750D52B96CB20008AE7F3 /* MyViewController.swift */,
				BF7750EB2B96DFC9008AE7F3 /* MyNavigationViewController.swift */,
			);
			path = My;
			sourceTree = "<group>";
		};
		BF7750D12B96CAE0008AE7F3 /* Favorite */ = {
			isa = PBXGroup;
			children = (
				BF7750DF2B96CC2B008AE7F3 /* FavoriteViewController.swift */,
				BF7750E12B96CC37008AE7F3 /* FavoriteViewModel.swift */,
			);
			path = Favorite;
			sourceTree = "<group>";
		};
		BF7750D22B96CAE8008AE7F3 /* Bookmark */ = {
			isa = PBXGroup;
			children = (
				BF7750D72B96CBEA008AE7F3 /* BookmarkViewController.swift */,
				BF7750D92B96CBFF008AE7F3 /* BookmarkViewModel.swift */,
				BF7750DB2B96CC1B008AE7F3 /* BookmarkCell.swift */,
				BF7750DC2B96CC1B008AE7F3 /* BookmarkCell.xib */,
			);
			path = Bookmark;
			sourceTree = "<group>";
		};
		BF7750ED2B985822008AE7F3 /* Video */ = {
			isa = PBXGroup;
			children = (
				BF7750EE2B985836008AE7F3 /* VideoViewController.swift */,
				BF7750EF2B985836008AE7F3 /* VideoViewController.xib */,
				BF7750FF2B9871A6008AE7F3 /* VideoViewModel.swift */,
				BF7751022B994EB8008AE7F3 /* PlayerView.swift */,
			);
			path = Video;
			sourceTree = "<group>";
		};
		BF7750F22B98697F008AE7F3 /* More */ = {
			isa = PBXGroup;
			children = (
				BF7750F32B98698E008AE7F3 /* MoreViewController.swift */,
				BF7750F42B98698E008AE7F3 /* MoreViewController.xib */,
				BF7750F72B986B84008AE7F3 /* MoreTableViewCell.swift */,
				BF7750F82B986B84008AE7F3 /* MoreTableViewCell.xib */,
				BF7750FB2B986CBD008AE7F3 /* MoreViewModel.swift */,
			);
			path = More;
			sourceTree = "<group>";
		};
		BFFD3DB32B8E48A70072EFC8 /* Login */ = {
			isa = PBXGroup;
			children = (
				BF175C552B8E390D00FE67A5 /* LoginViewController.swift */,
			);
			path = Login;
			sourceTree = "<group>";
		};
		BFFD3DB42B8E4A200072EFC8 /* Home */ = {
			isa = PBXGroup;
			children = (
				BFFD3DB72B8E4AD50072EFC8 /* Cell */,
				BFFD3DB52B8E4A2A0072EFC8 /* HomeViewController.swift */,
				BFFD3DBC2B8E53710072EFC8 /* HomeSection.swift */,
				BF4511062B90AE3100B3330D /* HomeViewModel.swift */,
				BF45111B2B91D5AB00B3330D /* HomeRecommendViewModel.swift */,
			);
			path = Home;
			sourceTree = "<group>";
		};
		BFFD3DB72B8E4AD50072EFC8 /* Cell */ = {
			isa = PBXGroup;
			children = (
				BFFD3DC02B8EF00D0072EFC8 /* HomeHeaderView.swift */,
				BFFD3DC12B8EF00D0072EFC8 /* HomeHeaderView.xib */,
				BFFD3DB82B8E4B0A0072EFC8 /* HomeVideoCell.swift */,
				BFFD3DB92B8E4B0A0072EFC8 /* HomeVideoCell.xib */,
				BF45111F2B91E0D100B3330D /* HomeRankingHeaderView.swift */,
				BF4511202B91E0D100B3330D /* HomeRankingHeaderView.xib */,
				BF4510EB2B8F092800B3330D /* HomeRankingContainerCell.swift */,
				BF4510EC2B8F092800B3330D /* HomeRankingContainerCell.xib */,
				BF4510F72B8F129300B3330D /* HomeRankingItemCell.swift */,
				BF4510F82B8F129300B3330D /* HomeRankingItemCell.xib */,
				BF4510E82B8EFA5F00B3330D /* HomeRecommendContainerCell.swift */,
				BF4511232B91F97500B3330D /* HomeRecommendContainerCell.xib */,
				BF4510FB2B8F175B00B3330D /* HomeRecentWatchContainerCell.swift */,
				BF4510FC2B8F175B00B3330D /* HomeRecentWatchContainerCell.xib */,
				BF4510FF2B8F184200B3330D /* HomeRecentWatchItemCell.swift */,
				BF4511002B8F184200B3330D /* HomeRecentWatchItemCell.xib */,
				BFFD3DC42B8EF26D0072EFC8 /* HomeFooterView.swift */,
				BFFD3DC52B8EF26D0072EFC8 /* HomeFooterView.xib */,
				BF4510E32B8EF5E000B3330D /* VideoItemCell.swift */,
				BF4510E42B8EF5E000B3330D /* VideoItemCell.xib */,
			);
			path = Cell;
			sourceTree = "<group>";
		};
/* End PBXGroup section */

/* Begin PBXNativeTarget section */
		BF175C4D2B8E390D00FE67A5 /* KTV */ = {
			isa = PBXNativeTarget;
			buildConfigurationList = BF175C782B8E390E00FE67A5 /* Build configuration list for PBXNativeTarget "KTV" */;
			buildPhases = (
				BF175C4A2B8E390D00FE67A5 /* Sources */,
				BF175C4B2B8E390D00FE67A5 /* Frameworks */,
				BF175C4C2B8E390D00FE67A5 /* Resources */,
			);
			buildRules = (
			);
			dependencies = (
			);
			name = KTV;
			productName = KTV;
			productReference = BF175C4E2B8E390D00FE67A5 /* KTV.app */;
			productType = "com.apple.product-type.application";
		};
		BF175C632B8E390E00FE67A5 /* KTVTests */ = {
			isa = PBXNativeTarget;
			buildConfigurationList = BF175C7B2B8E390E00FE67A5 /* Build configuration list for PBXNativeTarget "KTVTests" */;
			buildPhases = (
				BF175C602B8E390E00FE67A5 /* Sources */,
				BF175C612B8E390E00FE67A5 /* Frameworks */,
				BF175C622B8E390E00FE67A5 /* Resources */,
			);
			buildRules = (
			);
			dependencies = (
				BF175C662B8E390E00FE67A5 /* PBXTargetDependency */,
			);
			name = KTVTests;
			productName = KTVTests;
			productReference = BF175C642B8E390E00FE67A5 /* KTVTests.xctest */;
			productType = "com.apple.product-type.bundle.unit-test";
		};
		BF175C6D2B8E390E00FE67A5 /* KTVUITests */ = {
			isa = PBXNativeTarget;
			buildConfigurationList = BF175C7E2B8E390E00FE67A5 /* Build configuration list for PBXNativeTarget "KTVUITests" */;
			buildPhases = (
				BF175C6A2B8E390E00FE67A5 /* Sources */,
				BF175C6B2B8E390E00FE67A5 /* Frameworks */,
				BF175C6C2B8E390E00FE67A5 /* Resources */,
			);
			buildRules = (
			);
			dependencies = (
				BF175C702B8E390E00FE67A5 /* PBXTargetDependency */,
			);
			name = KTVUITests;
			productName = KTVUITests;
			productReference = BF175C6E2B8E390E00FE67A5 /* KTVUITests.xctest */;
			productType = "com.apple.product-type.bundle.ui-testing";
		};
/* End PBXNativeTarget section */

/* Begin PBXProject section */
		BF175C462B8E390D00FE67A5 /* Project object */ = {
			isa = PBXProject;
			attributes = {
				BuildIndependentTargetsInParallel = 1;
				LastSwiftUpdateCheck = 1520;
				LastUpgradeCheck = 1520;
				TargetAttributes = {
					BF175C4D2B8E390D00FE67A5 = {
						CreatedOnToolsVersion = 15.2;
					};
					BF175C632B8E390E00FE67A5 = {
						CreatedOnToolsVersion = 15.2;
						TestTargetID = BF175C4D2B8E390D00FE67A5;
					};
					BF175C6D2B8E390E00FE67A5 = {
						CreatedOnToolsVersion = 15.2;
						TestTargetID = BF175C4D2B8E390D00FE67A5;
					};
				};
			};
			buildConfigurationList = BF175C492B8E390D00FE67A5 /* Build configuration list for PBXProject "KTV" */;
			compatibilityVersion = "Xcode 14.0";
			developmentRegion = en;
			hasScannedForEncodings = 0;
			knownRegions = (
				en,
				Base,
			);
			mainGroup = BF175C452B8E390D00FE67A5;
			productRefGroup = BF175C4F2B8E390D00FE67A5 /* Products */;
			projectDirPath = "";
			projectRoot = "";
			targets = (
				BF175C4D2B8E390D00FE67A5 /* KTV */,
				BF175C632B8E390E00FE67A5 /* KTVTests */,
				BF175C6D2B8E390E00FE67A5 /* KTVUITests */,
			);
		};
/* End PBXProject section */

/* Begin PBXResourcesBuildPhase section */
		BF175C4C2B8E390D00FE67A5 /* Resources */ = {
			isa = PBXResourcesBuildPhase;
			buildActionMask = 2147483647;
			files = (
				BF175C5E2B8E390E00FE67A5 /* LaunchScreen.storyboard in Resources */,
				BF7750F62B98698E008AE7F3 /* MoreViewController.xib in Resources */,
				BF4511152B90AEE600B3330D /* bookmark.json in Resources */,
				BF175C822B8E3FD000FE67A5 /* Colors.xcassets in Resources */,
				BF175C5B2B8E390E00FE67A5 /* Assets.xcassets in Resources */,
				BF7750FA2B986B84008AE7F3 /* MoreTableViewCell.xib in Resources */,
				BFFD3DBB2B8E4B0A0072EFC8 /* HomeVideoCell.xib in Resources */,
				BF4510FA2B8F129300B3330D /* HomeRankingItemCell.xib in Resources */,
				BF4511132B90AEE600B3330D /* favorite.json in Resources */,
				BF4510E62B8EF5E000B3330D /* VideoItemCell.xib in Resources */,
				BF7750F12B985836008AE7F3 /* VideoViewController.xib in Resources */,
				BF4510FE2B8F175B00B3330D /* HomeRecentWatchContainerCell.xib in Resources */,
				BF4511112B90AEE600B3330D /* live.json in Resources */,
				BF175C592B8E390D00FE67A5 /* Main.storyboard in Resources */,
				BF7750DE2B96CC1B008AE7F3 /* BookmarkCell.xib in Resources */,
				BF4511142B90AEE600B3330D /* home.json in Resources */,
				BF4511222B91E0D100B3330D /* HomeRankingHeaderView.xib in Resources */,
				BFFD3DC72B8EF26D0072EFC8 /* HomeFooterView.xib in Resources */,
				BF4511022B8F184200B3330D /* HomeRecentWatchItemCell.xib in Resources */,
				BFFD3DC32B8EF00D0072EFC8 /* HomeHeaderView.xib in Resources */,
				BF4511122B90AEE600B3330D /* video.json in Resources */,
				BF4511242B91F97500B3330D /* HomeRecommendContainerCell.xib in Resources */,
				BF4510EE2B8F092800B3330D /* HomeRankingContainerCell.xib in Resources */,
			);
			runOnlyForDeploymentPostprocessing = 0;
		};
		BF175C622B8E390E00FE67A5 /* Resources */ = {
			isa = PBXResourcesBuildPhase;
			buildActionMask = 2147483647;
			files = (
			);
			runOnlyForDeploymentPostprocessing = 0;
		};
		BF175C6C2B8E390E00FE67A5 /* Resources */ = {
			isa = PBXResourcesBuildPhase;
			buildActionMask = 2147483647;
			files = (
			);
			runOnlyForDeploymentPostprocessing = 0;
		};
/* End PBXResourcesBuildPhase section */

/* Begin PBXSourcesBuildPhase section */
		BF175C4A2B8E390D00FE67A5 /* Sources */ = {
			isa = PBXSourcesBuildPhase;
			buildActionMask = 2147483647;
			files = (
				BF7750EC2B96DFC9008AE7F3 /* MyNavigationViewController.swift in Sources */,
				BF4511072B90AE3100B3330D /* HomeViewModel.swift in Sources */,
				BF7750FE2B987139008AE7F3 /* Video.swift in Sources */,
				BF7750DA2B96CBFF008AE7F3 /* BookmarkViewModel.swift in Sources */,
				BF7750EA2B96D8DC008AE7F3 /* VideoListItem.swift in Sources */,
				BF175C562B8E390D00FE67A5 /* LoginViewController.swift in Sources */,
				BF4511102B90AEE600B3330D /* URLDefines.swift in Sources */,
				BF7750E62B96D04A008AE7F3 /* Bookmark.swift in Sources */,
				BF4511212B91E0D100B3330D /* HomeRankingHeaderView.swift in Sources */,
				BF7750D82B96CBEA008AE7F3 /* BookmarkViewController.swift in Sources */,
				BF7750FC2B986CBD008AE7F3 /* MoreViewModel.swift in Sources */,
				BF7750E22B96CC37008AE7F3 /* FavoriteViewModel.swift in Sources */,
				BF4510FD2B8F175B00B3330D /* HomeRecentWatchContainerCell.swift in Sources */,
				BF7750F92B986B84008AE7F3 /* MoreTableViewCell.swift in Sources */,
				BFFD3DC22B8EF00D0072EFC8 /* HomeHeaderView.swift in Sources */,
				BF4510F92B8F129300B3330D /* HomeRankingItemCell.swift in Sources */,
				BF45111C2B91D5AB00B3330D /* HomeRecommendViewModel.swift in Sources */,
				BF4510E52B8EF5E000B3330D /* VideoItemCell.swift in Sources */,
				BF4510ED2B8F092800B3330D /* HomeRankingContainerCell.swift in Sources */,
				BFFD3DC62B8EF26D0072EFC8 /* HomeFooterView.swift in Sources */,
				BF7750F02B985836008AE7F3 /* VideoViewController.swift in Sources */,
				BF7750E82B96D074008AE7F3 /* Favorite.swift in Sources */,
				BF4511192B90B42C00B3330D /* DataLoader.swift in Sources */,
				BF175C522B8E390D00FE67A5 /* AppDelegate.swift in Sources */,
				BFFD3DBD2B8E53710072EFC8 /* HomeSection.swift in Sources */,
				BF4511012B8F184200B3330D /* HomeRecentWatchItemCell.swift in Sources */,
				BF7751002B9871A6008AE7F3 /* VideoViewModel.swift in Sources */,
				BF7750F52B98698E008AE7F3 /* MoreViewController.swift in Sources */,
				BF175C542B8E390D00FE67A5 /* SceneDelegate.swift in Sources */,
				BFFD3DBA2B8E4B0A0072EFC8 /* HomeVideoCell.swift in Sources */,
				BF45111A2B90B42C00B3330D /* UIImageView+Task.swift in Sources */,
				BF7750D62B96CB20008AE7F3 /* MyViewController.swift in Sources */,
				BF4510EA2B8EFA5F00B3330D /* HomeRecommendContainerCell.swift in Sources */,
				BF7751032B994EB8008AE7F3 /* PlayerView.swift in Sources */,
				BF7750E02B96CC2B008AE7F3 /* FavoriteViewController.swift in Sources */,
				BFFD3DB62B8E4A2A0072EFC8 /* HomeViewController.swift in Sources */,
				BF7750DD2B96CC1B008AE7F3 /* BookmarkCell.swift in Sources */,
				BF4511052B90A2F800B3330D /* Home.swift in Sources */,
				BFFD3DBF2B8E554F0072EFC8 /* TabbarController.swift in Sources */,
			);
			runOnlyForDeploymentPostprocessing = 0;
		};
		BF175C602B8E390E00FE67A5 /* Sources */ = {
			isa = PBXSourcesBuildPhase;
			buildActionMask = 2147483647;
			files = (
				BF175C692B8E390E00FE67A5 /* KTVTests.swift in Sources */,
			);
			runOnlyForDeploymentPostprocessing = 0;
		};
		BF175C6A2B8E390E00FE67A5 /* Sources */ = {
			isa = PBXSourcesBuildPhase;
			buildActionMask = 2147483647;
			files = (
				BF175C752B8E390E00FE67A5 /* KTVUITestsLaunchTests.swift in Sources */,
				BF175C732B8E390E00FE67A5 /* KTVUITests.swift in Sources */,
			);
			runOnlyForDeploymentPostprocessing = 0;
		};
/* End PBXSourcesBuildPhase section */

/* Begin PBXTargetDependency section */
		BF175C662B8E390E00FE67A5 /* PBXTargetDependency */ = {
			isa = PBXTargetDependency;
			target = BF175C4D2B8E390D00FE67A5 /* KTV */;
			targetProxy = BF175C652B8E390E00FE67A5 /* PBXContainerItemProxy */;
		};
		BF175C702B8E390E00FE67A5 /* PBXTargetDependency */ = {
			isa = PBXTargetDependency;
			target = BF175C4D2B8E390D00FE67A5 /* KTV */;
			targetProxy = BF175C6F2B8E390E00FE67A5 /* PBXContainerItemProxy */;
		};
/* End PBXTargetDependency section */

/* Begin PBXVariantGroup section */
		BF175C572B8E390D00FE67A5 /* Main.storyboard */ = {
			isa = PBXVariantGroup;
			children = (
				BF175C582B8E390D00FE67A5 /* Base */,
			);
			name = Main.storyboard;
			sourceTree = "<group>";
		};
		BF175C5C2B8E390E00FE67A5 /* LaunchScreen.storyboard */ = {
			isa = PBXVariantGroup;
			children = (
				BF175C5D2B8E390E00FE67A5 /* Base */,
			);
			name = LaunchScreen.storyboard;
			sourceTree = "<group>";
		};
/* End PBXVariantGroup section */

/* Begin XCBuildConfiguration section */
		BF175C762B8E390E00FE67A5 /* Debug */ = {
			isa = XCBuildConfiguration;
			buildSettings = {
				ALWAYS_SEARCH_USER_PATHS = NO;
				ASSETCATALOG_COMPILER_GENERATE_SWIFT_ASSET_SYMBOL_EXTENSIONS = YES;
				CLANG_ANALYZER_NONNULL = YES;
				CLANG_ANALYZER_NUMBER_OBJECT_CONVERSION = YES_AGGRESSIVE;
				CLANG_CXX_LANGUAGE_STANDARD = "gnu++20";
				CLANG_ENABLE_MODULES = YES;
				CLANG_ENABLE_OBJC_ARC = YES;
				CLANG_ENABLE_OBJC_WEAK = YES;
				CLANG_WARN_BLOCK_CAPTURE_AUTORELEASING = YES;
				CLANG_WARN_BOOL_CONVERSION = YES;
				CLANG_WARN_COMMA = YES;
				CLANG_WARN_CONSTANT_CONVERSION = YES;
				CLANG_WARN_DEPRECATED_OBJC_IMPLEMENTATIONS = YES;
				CLANG_WARN_DIRECT_OBJC_ISA_USAGE = YES_ERROR;
				CLANG_WARN_DOCUMENTATION_COMMENTS = YES;
				CLANG_WARN_EMPTY_BODY = YES;
				CLANG_WARN_ENUM_CONVERSION = YES;
				CLANG_WARN_INFINITE_RECURSION = YES;
				CLANG_WARN_INT_CONVERSION = YES;
				CLANG_WARN_NON_LITERAL_NULL_CONVERSION = YES;
				CLANG_WARN_OBJC_IMPLICIT_RETAIN_SELF = YES;
				CLANG_WARN_OBJC_LITERAL_CONVERSION = YES;
				CLANG_WARN_OBJC_ROOT_CLASS = YES_ERROR;
				CLANG_WARN_QUOTED_INCLUDE_IN_FRAMEWORK_HEADER = YES;
				CLANG_WARN_RANGE_LOOP_ANALYSIS = YES;
				CLANG_WARN_STRICT_PROTOTYPES = YES;
				CLANG_WARN_SUSPICIOUS_MOVE = YES;
				CLANG_WARN_UNGUARDED_AVAILABILITY = YES_AGGRESSIVE;
				CLANG_WARN_UNREACHABLE_CODE = YES;
				CLANG_WARN__DUPLICATE_METHOD_MATCH = YES;
				COPY_PHASE_STRIP = NO;
				DEBUG_INFORMATION_FORMAT = dwarf;
				ENABLE_STRICT_OBJC_MSGSEND = YES;
				ENABLE_TESTABILITY = YES;
				ENABLE_USER_SCRIPT_SANDBOXING = YES;
				GCC_C_LANGUAGE_STANDARD = gnu17;
				GCC_DYNAMIC_NO_PIC = NO;
				GCC_NO_COMMON_BLOCKS = YES;
				GCC_OPTIMIZATION_LEVEL = 0;
				GCC_PREPROCESSOR_DEFINITIONS = (
					"DEBUG=1",
					"$(inherited)",
				);
				GCC_WARN_64_TO_32_BIT_CONVERSION = YES;
				GCC_WARN_ABOUT_RETURN_TYPE = YES_ERROR;
				GCC_WARN_UNDECLARED_SELECTOR = YES;
				GCC_WARN_UNINITIALIZED_AUTOS = YES_AGGRESSIVE;
				GCC_WARN_UNUSED_FUNCTION = YES;
				GCC_WARN_UNUSED_VARIABLE = YES;
				IPHONEOS_DEPLOYMENT_TARGET = 17.2;
				LOCALIZATION_PREFERS_STRING_CATALOGS = YES;
				MTL_ENABLE_DEBUG_INFO = INCLUDE_SOURCE;
				MTL_FAST_MATH = YES;
				ONLY_ACTIVE_ARCH = YES;
				SDKROOT = iphoneos;
				SWIFT_ACTIVE_COMPILATION_CONDITIONS = "DEBUG $(inherited)";
				SWIFT_OPTIMIZATION_LEVEL = "-Onone";
			};
			name = Debug;
		};
		BF175C772B8E390E00FE67A5 /* Release */ = {
			isa = XCBuildConfiguration;
			buildSettings = {
				ALWAYS_SEARCH_USER_PATHS = NO;
				ASSETCATALOG_COMPILER_GENERATE_SWIFT_ASSET_SYMBOL_EXTENSIONS = YES;
				CLANG_ANALYZER_NONNULL = YES;
				CLANG_ANALYZER_NUMBER_OBJECT_CONVERSION = YES_AGGRESSIVE;
				CLANG_CXX_LANGUAGE_STANDARD = "gnu++20";
				CLANG_ENABLE_MODULES = YES;
				CLANG_ENABLE_OBJC_ARC = YES;
				CLANG_ENABLE_OBJC_WEAK = YES;
				CLANG_WARN_BLOCK_CAPTURE_AUTORELEASING = YES;
				CLANG_WARN_BOOL_CONVERSION = YES;
				CLANG_WARN_COMMA = YES;
				CLANG_WARN_CONSTANT_CONVERSION = YES;
				CLANG_WARN_DEPRECATED_OBJC_IMPLEMENTATIONS = YES;
				CLANG_WARN_DIRECT_OBJC_ISA_USAGE = YES_ERROR;
				CLANG_WARN_DOCUMENTATION_COMMENTS = YES;
				CLANG_WARN_EMPTY_BODY = YES;
				CLANG_WARN_ENUM_CONVERSION = YES;
				CLANG_WARN_INFINITE_RECURSION = YES;
				CLANG_WARN_INT_CONVERSION = YES;
				CLANG_WARN_NON_LITERAL_NULL_CONVERSION = YES;
				CLANG_WARN_OBJC_IMPLICIT_RETAIN_SELF = YES;
				CLANG_WARN_OBJC_LITERAL_CONVERSION = YES;
				CLANG_WARN_OBJC_ROOT_CLASS = YES_ERROR;
				CLANG_WARN_QUOTED_INCLUDE_IN_FRAMEWORK_HEADER = YES;
				CLANG_WARN_RANGE_LOOP_ANALYSIS = YES;
				CLANG_WARN_STRICT_PROTOTYPES = YES;
				CLANG_WARN_SUSPICIOUS_MOVE = YES;
				CLANG_WARN_UNGUARDED_AVAILABILITY = YES_AGGRESSIVE;
				CLANG_WARN_UNREACHABLE_CODE = YES;
				CLANG_WARN__DUPLICATE_METHOD_MATCH = YES;
				COPY_PHASE_STRIP = NO;
				DEBUG_INFORMATION_FORMAT = "dwarf-with-dsym";
				ENABLE_NS_ASSERTIONS = NO;
				ENABLE_STRICT_OBJC_MSGSEND = YES;
				ENABLE_USER_SCRIPT_SANDBOXING = YES;
				GCC_C_LANGUAGE_STANDARD = gnu17;
				GCC_NO_COMMON_BLOCKS = YES;
				GCC_WARN_64_TO_32_BIT_CONVERSION = YES;
				GCC_WARN_ABOUT_RETURN_TYPE = YES_ERROR;
				GCC_WARN_UNDECLARED_SELECTOR = YES;
				GCC_WARN_UNINITIALIZED_AUTOS = YES_AGGRESSIVE;
				GCC_WARN_UNUSED_FUNCTION = YES;
				GCC_WARN_UNUSED_VARIABLE = YES;
				IPHONEOS_DEPLOYMENT_TARGET = 17.2;
				LOCALIZATION_PREFERS_STRING_CATALOGS = YES;
				MTL_ENABLE_DEBUG_INFO = NO;
				MTL_FAST_MATH = YES;
				SDKROOT = iphoneos;
				SWIFT_COMPILATION_MODE = wholemodule;
				VALIDATE_PRODUCT = YES;
			};
			name = Release;
		};
		BF175C792B8E390E00FE67A5 /* Debug */ = {
			isa = XCBuildConfiguration;
			buildSettings = {
				ASSETCATALOG_COMPILER_APPICON_NAME = AppIcon;
				ASSETCATALOG_COMPILER_GLOBAL_ACCENT_COLOR_NAME = AccentColor;
				CODE_SIGN_STYLE = Automatic;
				CURRENT_PROJECT_VERSION = 1;
				DEVELOPMENT_TEAM = KB3R84Q4BQ;
				GENERATE_INFOPLIST_FILE = YES;
				INFOPLIST_FILE = KTV/Info.plist;
				INFOPLIST_KEY_UIApplicationSupportsIndirectInputEvents = YES;
				INFOPLIST_KEY_UILaunchStoryboardName = LaunchScreen;
				INFOPLIST_KEY_UIMainStoryboardFile = Main;
				INFOPLIST_KEY_UISupportedInterfaceOrientations_iPad = "UIInterfaceOrientationPortrait UIInterfaceOrientationPortraitUpsideDown UIInterfaceOrientationLandscapeLeft UIInterfaceOrientationLandscapeRight";
				INFOPLIST_KEY_UISupportedInterfaceOrientations_iPhone = "UIInterfaceOrientationPortrait UIInterfaceOrientationLandscapeLeft UIInterfaceOrientationLandscapeRight";
				IPHONEOS_DEPLOYMENT_TARGET = 15.0;
				LD_RUNPATH_SEARCH_PATHS = (
					"$(inherited)",
					"@executable_path/Frameworks",
				);
				MARKETING_VERSION = 1.0;
				PRODUCT_BUNDLE_IDENTIFIER = com.github.suneom.KTV;
				PRODUCT_NAME = "$(TARGET_NAME)";
				SWIFT_EMIT_LOC_STRINGS = YES;
				SWIFT_VERSION = 5.0;
				TARGETED_DEVICE_FAMILY = "1,2";
			};
			name = Debug;
		};
		BF175C7A2B8E390E00FE67A5 /* Release */ = {
			isa = XCBuildConfiguration;
			buildSettings = {
				ASSETCATALOG_COMPILER_APPICON_NAME = AppIcon;
				ASSETCATALOG_COMPILER_GLOBAL_ACCENT_COLOR_NAME = AccentColor;
				CODE_SIGN_STYLE = Automatic;
				CURRENT_PROJECT_VERSION = 1;
				DEVELOPMENT_TEAM = KB3R84Q4BQ;
				GENERATE_INFOPLIST_FILE = YES;
				INFOPLIST_FILE = KTV/Info.plist;
				INFOPLIST_KEY_UIApplicationSupportsIndirectInputEvents = YES;
				INFOPLIST_KEY_UILaunchStoryboardName = LaunchScreen;
				INFOPLIST_KEY_UIMainStoryboardFile = Main;
				INFOPLIST_KEY_UISupportedInterfaceOrientations_iPad = "UIInterfaceOrientationPortrait UIInterfaceOrientationPortraitUpsideDown UIInterfaceOrientationLandscapeLeft UIInterfaceOrientationLandscapeRight";
				INFOPLIST_KEY_UISupportedInterfaceOrientations_iPhone = "UIInterfaceOrientationPortrait UIInterfaceOrientationLandscapeLeft UIInterfaceOrientationLandscapeRight";
				IPHONEOS_DEPLOYMENT_TARGET = 15.0;
				LD_RUNPATH_SEARCH_PATHS = (
					"$(inherited)",
					"@executable_path/Frameworks",
				);
				MARKETING_VERSION = 1.0;
				PRODUCT_BUNDLE_IDENTIFIER = com.github.suneom.KTV;
				PRODUCT_NAME = "$(TARGET_NAME)";
				SWIFT_EMIT_LOC_STRINGS = YES;
				SWIFT_VERSION = 5.0;
				TARGETED_DEVICE_FAMILY = "1,2";
			};
			name = Release;
		};
		BF175C7C2B8E390E00FE67A5 /* Debug */ = {
			isa = XCBuildConfiguration;
			buildSettings = {
				ALWAYS_EMBED_SWIFT_STANDARD_LIBRARIES = YES;
				BUNDLE_LOADER = "$(TEST_HOST)";
				CODE_SIGN_STYLE = Automatic;
				CURRENT_PROJECT_VERSION = 1;
				DEVELOPMENT_TEAM = KB3R84Q4BQ;
				GENERATE_INFOPLIST_FILE = YES;
				IPHONEOS_DEPLOYMENT_TARGET = 17.2;
				MARKETING_VERSION = 1.0;
				PRODUCT_BUNDLE_IDENTIFIER = com.github.suneom.KTVTests;
				PRODUCT_NAME = "$(TARGET_NAME)";
				SWIFT_EMIT_LOC_STRINGS = NO;
				SWIFT_VERSION = 5.0;
				TARGETED_DEVICE_FAMILY = "1,2";
				TEST_HOST = "$(BUILT_PRODUCTS_DIR)/KTV.app/$(BUNDLE_EXECUTABLE_FOLDER_PATH)/KTV";
			};
			name = Debug;
		};
		BF175C7D2B8E390E00FE67A5 /* Release */ = {
			isa = XCBuildConfiguration;
			buildSettings = {
				ALWAYS_EMBED_SWIFT_STANDARD_LIBRARIES = YES;
				BUNDLE_LOADER = "$(TEST_HOST)";
				CODE_SIGN_STYLE = Automatic;
				CURRENT_PROJECT_VERSION = 1;
				DEVELOPMENT_TEAM = KB3R84Q4BQ;
				GENERATE_INFOPLIST_FILE = YES;
				IPHONEOS_DEPLOYMENT_TARGET = 17.2;
				MARKETING_VERSION = 1.0;
				PRODUCT_BUNDLE_IDENTIFIER = com.github.suneom.KTVTests;
				PRODUCT_NAME = "$(TARGET_NAME)";
				SWIFT_EMIT_LOC_STRINGS = NO;
				SWIFT_VERSION = 5.0;
				TARGETED_DEVICE_FAMILY = "1,2";
				TEST_HOST = "$(BUILT_PRODUCTS_DIR)/KTV.app/$(BUNDLE_EXECUTABLE_FOLDER_PATH)/KTV";
			};
			name = Release;
		};
		BF175C7F2B8E390E00FE67A5 /* Debug */ = {
			isa = XCBuildConfiguration;
			buildSettings = {
				ALWAYS_EMBED_SWIFT_STANDARD_LIBRARIES = YES;
				CODE_SIGN_STYLE = Automatic;
				CURRENT_PROJECT_VERSION = 1;
				DEVELOPMENT_TEAM = KB3R84Q4BQ;
				GENERATE_INFOPLIST_FILE = YES;
				MARKETING_VERSION = 1.0;
				PRODUCT_BUNDLE_IDENTIFIER = com.github.suneom.KTVUITests;
				PRODUCT_NAME = "$(TARGET_NAME)";
				SWIFT_EMIT_LOC_STRINGS = NO;
				SWIFT_VERSION = 5.0;
				TARGETED_DEVICE_FAMILY = "1,2";
				TEST_TARGET_NAME = KTV;
			};
			name = Debug;
		};
		BF175C802B8E390E00FE67A5 /* Release */ = {
			isa = XCBuildConfiguration;
			buildSettings = {
				ALWAYS_EMBED_SWIFT_STANDARD_LIBRARIES = YES;
				CODE_SIGN_STYLE = Automatic;
				CURRENT_PROJECT_VERSION = 1;
				DEVELOPMENT_TEAM = KB3R84Q4BQ;
				GENERATE_INFOPLIST_FILE = YES;
				MARKETING_VERSION = 1.0;
				PRODUCT_BUNDLE_IDENTIFIER = com.github.suneom.KTVUITests;
				PRODUCT_NAME = "$(TARGET_NAME)";
				SWIFT_EMIT_LOC_STRINGS = NO;
				SWIFT_VERSION = 5.0;
				TARGETED_DEVICE_FAMILY = "1,2";
				TEST_TARGET_NAME = KTV;
			};
			name = Release;
		};
/* End XCBuildConfiguration section */

/* Begin XCConfigurationList section */
		BF175C492B8E390D00FE67A5 /* Build configuration list for PBXProject "KTV" */ = {
			isa = XCConfigurationList;
			buildConfigurations = (
				BF175C762B8E390E00FE67A5 /* Debug */,
				BF175C772B8E390E00FE67A5 /* Release */,
			);
			defaultConfigurationIsVisible = 0;
			defaultConfigurationName = Release;
		};
		BF175C782B8E390E00FE67A5 /* Build configuration list for PBXNativeTarget "KTV" */ = {
			isa = XCConfigurationList;
			buildConfigurations = (
				BF175C792B8E390E00FE67A5 /* Debug */,
				BF175C7A2B8E390E00FE67A5 /* Release */,
			);
			defaultConfigurationIsVisible = 0;
			defaultConfigurationName = Release;
		};
		BF175C7B2B8E390E00FE67A5 /* Build configuration list for PBXNativeTarget "KTVTests" */ = {
			isa = XCConfigurationList;
			buildConfigurations = (
				BF175C7C2B8E390E00FE67A5 /* Debug */,
				BF175C7D2B8E390E00FE67A5 /* Release */,
			);
			defaultConfigurationIsVisible = 0;
			defaultConfigurationName = Release;
		};
		BF175C7E2B8E390E00FE67A5 /* Build configuration list for PBXNativeTarget "KTVUITests" */ = {
			isa = XCConfigurationList;
			buildConfigurations = (
				BF175C7F2B8E390E00FE67A5 /* Debug */,
				BF175C802B8E390E00FE67A5 /* Release */,
			);
			defaultConfigurationIsVisible = 0;
			defaultConfigurationName = Release;
		};
/* End XCConfigurationList section */
	};
	rootObject = BF175C462B8E390D00FE67A5 /* Project object */;
}
