// !$*UTF8*$!
{
	archiveVersion = 1;
	classes = {
	};
	objectVersion = 56;
	objects = {

/* Begin PBXBuildFile section */
		BF267EC42BA80412009A46F6 /* LMessengerApp.swift in Sources */ = {isa = PBXBuildFile; fileRef = BF267EC32BA80412009A46F6 /* LMessengerApp.swift */; };
		BF267EC62BA80412009A46F6 /* AuthenticatedView.swift in Sources */ = {isa = PBXBuildFile; fileRef = BF267EC52BA80412009A46F6 /* AuthenticatedView.swift */; };
		BF267ECB2BA80413009A46F6 /* Preview Assets.xcassets in Resources */ = {isa = PBXBuildFile; fileRef = BF267ECA2BA80413009A46F6 /* Preview Assets.xcassets */; };
		BF267EEF2BA8045B009A46F6 /* Colors.xcassets in Resources */ = {isa = PBXBuildFile; fileRef = BF267EED2BA8045B009A46F6 /* Colors.xcassets */; };
		BF267EF02BA8045B009A46F6 /* Assets.xcassets in Resources */ = {isa = PBXBuildFile; fileRef = BF267EEE2BA8045B009A46F6 /* Assets.xcassets */; };
		BF267EF42BA804F1009A46F6 /* Color+Extension.swift in Sources */ = {isa = PBXBuildFile; fileRef = BF267EF32BA804F1009A46F6 /* Color+Extension.swift */; };
		BF267EF92BA806CF009A46F6 /* LaunchScreen.storyboard in Resources */ = {isa = PBXBuildFile; fileRef = BF267EF82BA806CF009A46F6 /* LaunchScreen.storyboard */; };
		BF267EFC2BA80771009A46F6 /* DIContainer.swift in Sources */ = {isa = PBXBuildFile; fileRef = BF267EFB2BA80771009A46F6 /* DIContainer.swift */; };
		BF267EFF2BA807A4009A46F6 /* Services.swift in Sources */ = {isa = PBXBuildFile; fileRef = BF267EFE2BA807A4009A46F6 /* Services.swift */; };
		BF267F032BA8082D009A46F6 /* AuthenticatedViewModel.swift in Sources */ = {isa = PBXBuildFile; fileRef = BF267F022BA8082D009A46F6 /* AuthenticatedViewModel.swift */; };
		BF267F082BA80AF7009A46F6 /* AppDelegate.swift in Sources */ = {isa = PBXBuildFile; fileRef = BF267F072BA80AF7009A46F6 /* AppDelegate.swift */; };
		BF267F0B2BA80C1F009A46F6 /* FirebaseAuth in Frameworks */ = {isa = PBXBuildFile; productRef = BF267F0A2BA80C1F009A46F6 /* FirebaseAuth */; };
		BF267F0D2BA80CEC009A46F6 /* GoogleService-Info.plist in Resources */ = {isa = PBXBuildFile; fileRef = BF267F0C2BA80CEB009A46F6 /* GoogleService-Info.plist */; };
		BF267F0F2BA80D6E009A46F6 /* AuthenticationService.swift in Sources */ = {isa = PBXBuildFile; fileRef = BF267F0E2BA80D6E009A46F6 /* AuthenticationService.swift */; };
		BF267F132BA80F57009A46F6 /* LoginIntroView.swift in Sources */ = {isa = PBXBuildFile; fileRef = BF267F122BA80F57009A46F6 /* LoginIntroView.swift */; };
		BF267F162BA80F74009A46F6 /* MainTabView.swift in Sources */ = {isa = PBXBuildFile; fileRef = BF267F152BA80F74009A46F6 /* MainTabView.swift */; };
		BF267F182BA81165009A46F6 /* LoginView.swift in Sources */ = {isa = PBXBuildFile; fileRef = BF267F172BA81165009A46F6 /* LoginView.swift */; };
		BF267F1A2BA8120A009A46F6 /* LoginButtonStyle.swift in Sources */ = {isa = PBXBuildFile; fileRef = BF267F192BA8120A009A46F6 /* LoginButtonStyle.swift */; };
		BF267F1D2BA815CE009A46F6 /* GoogleSignIn in Frameworks */ = {isa = PBXBuildFile; productRef = BF267F1C2BA815CE009A46F6 /* GoogleSignIn */; };
		BF267F1F2BA815CE009A46F6 /* GoogleSignInSwift in Frameworks */ = {isa = PBXBuildFile; productRef = BF267F1E2BA815CE009A46F6 /* GoogleSignInSwift */; };
		BF267F222BA816C0009A46F6 /* User.swift in Sources */ = {isa = PBXBuildFile; fileRef = BF267F212BA816BF009A46F6 /* User.swift */; };
		BF267F242BA81709009A46F6 /* ServiceError.swift in Sources */ = {isa = PBXBuildFile; fileRef = BF267F232BA81709009A46F6 /* ServiceError.swift */; };
		BF267F292BA82236009A46F6 /* SHA256.swift in Sources */ = {isa = PBXBuildFile; fileRef = BF267F272BA82236009A46F6 /* SHA256.swift */; };
		BF267F2A2BA82236009A46F6 /* RandomNonceString.swift in Sources */ = {isa = PBXBuildFile; fileRef = BF267F282BA82236009A46F6 /* RandomNonceString.swift */; };
		BF267F2C2BA9686F009A46F6 /* MainTabType.swift in Sources */ = {isa = PBXBuildFile; fileRef = BF267F2B2BA9686F009A46F6 /* MainTabType.swift */; };
		BF267F2F2BA9699A009A46F6 /* HomeView.swift in Sources */ = {isa = PBXBuildFile; fileRef = BF267F2E2BA9699A009A46F6 /* HomeView.swift */; };
		BF267F322BA969AA009A46F6 /* ChatListView.swift in Sources */ = {isa = PBXBuildFile; fileRef = BF267F312BA969AA009A46F6 /* ChatListView.swift */; };
		BF5886D62BA96B600059756A /* HomeViewModel.swift in Sources */ = {isa = PBXBuildFile; fileRef = BF5886D52BA96B600059756A /* HomeViewModel.swift */; };
		BF5886D92BA971000059756A /* FirebaseDatabase in Frameworks */ = {isa = PBXBuildFile; productRef = BF5886D82BA971000059756A /* FirebaseDatabase */; };
		BF5886DC2BA974140059756A /* UserDBRepository.swift in Sources */ = {isa = PBXBuildFile; fileRef = BF5886DB2BA974140059756A /* UserDBRepository.swift */; };
		BF5886DE2BA974390059756A /* UserService.swift in Sources */ = {isa = PBXBuildFile; fileRef = BF5886DD2BA974390059756A /* UserService.swift */; };
		BF5886E12BA975280059756A /* UserObject.swift in Sources */ = {isa = PBXBuildFile; fileRef = BF5886E02BA975280059756A /* UserObject.swift */; };
		BF5886E32BA975BE0059756A /* DBError.swift in Sources */ = {isa = PBXBuildFile; fileRef = BF5886E22BA975BE0059756A /* DBError.swift */; };
		BF5886E52BA979190059756A /* Constant.swift in Sources */ = {isa = PBXBuildFile; fileRef = BF5886E42BA979190059756A /* Constant.swift */; };
		BF5886E72BA984EC0059756A /* Phase.swift in Sources */ = {isa = PBXBuildFile; fileRef = BF5886E62BA984EC0059756A /* Phase.swift */; };
		BF5886E92BA985A30059756A /* PlaceholderView.swift in Sources */ = {isa = PBXBuildFile; fileRef = BF5886E82BA985A30059756A /* PlaceholderView.swift */; };
		BF5886EC2BA985D20059756A /* LoadingView.swift in Sources */ = {isa = PBXBuildFile; fileRef = BF5886EB2BA985D20059756A /* LoadingView.swift */; };
		BF5886EE2BA9860C0059756A /* ErrorView.swift in Sources */ = {isa = PBXBuildFile; fileRef = BF5886ED2BA9860C0059756A /* ErrorView.swift */; };
		BF5886F02BA986A20059756A /* HomeModalDestination.swift in Sources */ = {isa = PBXBuildFile; fileRef = BF5886EF2BA986A20059756A /* HomeModalDestination.swift */; };
		BF5886F32BA9874F0059756A /* MyProfileView.swift in Sources */ = {isa = PBXBuildFile; fileRef = BF5886F22BA9874F0059756A /* MyProfileView.swift */; };
		BF5886F52BA987560059756A /* OtherProfileView.swift in Sources */ = {isa = PBXBuildFile; fileRef = BF5886F42BA987560059756A /* OtherProfileView.swift */; };
		BF5886F72BA98D000059756A /* ContactService.swift in Sources */ = {isa = PBXBuildFile; fileRef = BF5886F62BA98D000059756A /* ContactService.swift */; };
		BF5886F92BAABF280059756A /* MyProfileViewModel.swift in Sources */ = {isa = PBXBuildFile; fileRef = BF5886F82BAABF280059756A /* MyProfileViewModel.swift */; };
		BF5886FB2BAAC2310059756A /* MyProfileMenuType.swift in Sources */ = {isa = PBXBuildFile; fileRef = BF5886FA2BAAC2310059756A /* MyProfileMenuType.swift */; };
		BF5886FD2BAAC5BB0059756A /* MyProfileDescEditView.swift in Sources */ = {isa = PBXBuildFile; fileRef = BF5886FC2BAAC5BB0059756A /* MyProfileDescEditView.swift */; };
		BF5886FF2BAACBC90059756A /* PhotoPickerService.swift in Sources */ = {isa = PBXBuildFile; fileRef = BF5886FE2BAACBC90059756A /* PhotoPickerService.swift */; };
		BF5887022BAACCB60059756A /* Photoimage.swift in Sources */ = {isa = PBXBuildFile; fileRef = BF5887012BAACCB60059756A /* Photoimage.swift */; };
		BF5887042BAACFAA0059756A /* FirebaseStorage in Frameworks */ = {isa = PBXBuildFile; productRef = BF5887032BAACFAA0059756A /* FirebaseStorage */; };
		BF5887062BAACFAA0059756A /* FirebaseStorageCombine-Community in Frameworks */ = {isa = PBXBuildFile; productRef = BF5887052BAACFAA0059756A /* FirebaseStorageCombine-Community */; };
		BF5887092BAACFEF0059756A /* UploadProvider.swift in Sources */ = {isa = PBXBuildFile; fileRef = BF5887082BAACFEF0059756A /* UploadProvider.swift */; };
		BF58870B2BAAD0980059756A /* UploadService.swift in Sources */ = {isa = PBXBuildFile; fileRef = BF58870A2BAAD0980059756A /* UploadService.swift */; };
		BF58870E2BAAD0FD0059756A /* UploadSourceType.swift in Sources */ = {isa = PBXBuildFile; fileRef = BF58870D2BAAD0FD0059756A /* UploadSourceType.swift */; };
		BF5887102BAAD72C0059756A /* ImageCacheService.swift in Sources */ = {isa = PBXBuildFile; fileRef = BF58870F2BAAD72C0059756A /* ImageCacheService.swift */; };
		BF5887132BAAD7A10059756A /* MemoryStroage.swift in Sources */ = {isa = PBXBuildFile; fileRef = BF5887122BAAD7A10059756A /* MemoryStroage.swift */; };
		BF5887172BAAD89D0059756A /* DiskStorage.swift in Sources */ = {isa = PBXBuildFile; fileRef = BF5887162BAAD89D0059756A /* DiskStorage.swift */; };
		BF58871B2BAADE710059756A /* URLImageView.swift in Sources */ = {isa = PBXBuildFile; fileRef = BF58871A2BAADE710059756A /* URLImageView.swift */; };
		BF58871E2BAADE870059756A /* URLImageViewModel.swift in Sources */ = {isa = PBXBuildFile; fileRef = BF58871D2BAADE870059756A /* URLImageViewModel.swift */; };
		BF6E0EFB2BB1474500E7AFF0 /* OtherProfileViewModel.swift in Sources */ = {isa = PBXBuildFile; fileRef = BF6E0EFA2BB1474500E7AFF0 /* OtherProfileViewModel.swift */; };
		BF6E0EFD2BB148FB00E7AFF0 /* OtherProfileMenuType.swift in Sources */ = {isa = PBXBuildFile; fileRef = BF6E0EFC2BB148FB00E7AFF0 /* OtherProfileMenuType.swift */; };
		BF6E0EFF2BB14BBA00E7AFF0 /* ChatRoomDBRepository.swift in Sources */ = {isa = PBXBuildFile; fileRef = BF6E0EFE2BB14BBA00E7AFF0 /* ChatRoomDBRepository.swift */; };
		BF6E0F012BB14BF900E7AFF0 /* ChatRoomObject.swift in Sources */ = {isa = PBXBuildFile; fileRef = BF6E0F002BB14BF900E7AFF0 /* ChatRoomObject.swift */; };
		BF6E0F032BB14F6000E7AFF0 /* ChatRoomService.swift in Sources */ = {isa = PBXBuildFile; fileRef = BF6E0F022BB14F6000E7AFF0 /* ChatRoomService.swift */; };
		BF6E0F052BB14FAB00E7AFF0 /* ChatRoom.swift in Sources */ = {isa = PBXBuildFile; fileRef = BF6E0F042BB14FAB00E7AFF0 /* ChatRoom.swift */; };
		BF6E0F082BB152C800E7AFF0 /* NavigationDestination.swift in Sources */ = {isa = PBXBuildFile; fileRef = BF6E0F072BB152C800E7AFF0 /* NavigationDestination.swift */; };
		BF6E0F0A2BB152E200E7AFF0 /* NavigationRouter.swift in Sources */ = {isa = PBXBuildFile; fileRef = BF6E0F092BB152E200E7AFF0 /* NavigationRouter.swift */; };
		BF6E0F0D2BB1547900E7AFF0 /* ChatView.swift in Sources */ = {isa = PBXBuildFile; fileRef = BF6E0F0C2BB1547900E7AFF0 /* ChatView.swift */; };
		BF6E0F102BB1548600E7AFF0 /* SearchView.swift in Sources */ = {isa = PBXBuildFile; fileRef = BF6E0F0F2BB1548600E7AFF0 /* SearchView.swift */; };
		BF6E0F142BB158A800E7AFF0 /* ChatListViewModel.swift in Sources */ = {isa = PBXBuildFile; fileRef = BF6E0F132BB158A800E7AFF0 /* ChatListViewModel.swift */; };
		BF6E0F162BB159CD00E7AFF0 /* SearchButton.swift in Sources */ = {isa = PBXBuildFile; fileRef = BF6E0F152BB159CD00E7AFF0 /* SearchButton.swift */; };
		BF6E0F182BB15AD400E7AFF0 /* NavigationRoutingView.swift in Sources */ = {isa = PBXBuildFile; fileRef = BF6E0F172BB15AD400E7AFF0 /* NavigationRoutingView.swift */; };
		BF6E0F1A2BB161DB00E7AFF0 /* ChatViewModel.swift in Sources */ = {isa = PBXBuildFile; fileRef = BF6E0F192BB161DB00E7AFF0 /* ChatViewModel.swift */; };
		BF6E0F1C2BB163A400E7AFF0 /* Chat.swift in Sources */ = {isa = PBXBuildFile; fileRef = BF6E0F1B2BB163A400E7AFF0 /* Chat.swift */; };
		BF6E0F1E2BB1645900E7AFF0 /* ChatData.swift in Sources */ = {isa = PBXBuildFile; fileRef = BF6E0F1D2BB1645900E7AFF0 /* ChatData.swift */; };
		BF6E0F202BB164D900E7AFF0 /* Date+Extension.swift in Sources */ = {isa = PBXBuildFile; fileRef = BF6E0F1F2BB164D900E7AFF0 /* Date+Extension.swift */; };
		BF6E0F222BB1676F00E7AFF0 /* ChatItemView.swift in Sources */ = {isa = PBXBuildFile; fileRef = BF6E0F212BB1676F00E7AFF0 /* ChatItemView.swift */; };
		BF6E0F242BB1679200E7AFF0 /* ChatItemDirection.swift in Sources */ = {isa = PBXBuildFile; fileRef = BF6E0F232BB1679200E7AFF0 /* ChatItemDirection.swift */; };
		BF6E0F262BB16C8700E7AFF0 /* KeyboardToolbar.swift in Sources */ = {isa = PBXBuildFile; fileRef = BF6E0F252BB16C8700E7AFF0 /* KeyboardToolbar.swift */; };
		BF6E0F282BB1A4A900E7AFF0 /* ChatDBRepository.swift in Sources */ = {isa = PBXBuildFile; fileRef = BF6E0F272BB1A4A900E7AFF0 /* ChatDBRepository.swift */; };
		BF6E0F2A2BB1A4D500E7AFF0 /* ChatObject.swift in Sources */ = {isa = PBXBuildFile; fileRef = BF6E0F292BB1A4D500E7AFF0 /* ChatObject.swift */; };
		BF6E0F2C2BB1A67B00E7AFF0 /* ChatService.swift in Sources */ = {isa = PBXBuildFile; fileRef = BF6E0F2B2BB1A67B00E7AFF0 /* ChatService.swift */; };
		BF6E0F2E2BB1BCAD00E7AFF0 /* ChatImageItemView.swift in Sources */ = {isa = PBXBuildFile; fileRef = BF6E0F2D2BB1BCAD00E7AFF0 /* ChatImageItemView.swift */; };
		BF6E0F312BB2870300E7AFF0 /* FirebaseMessaging in Frameworks */ = {isa = PBXBuildFile; productRef = BF6E0F302BB2870300E7AFF0 /* FirebaseMessaging */; };
		BF6E0F332BB288EF00E7AFF0 /* PushNotificationService.swift in Sources */ = {isa = PBXBuildFile; fileRef = BF6E0F322BB288EF00E7AFF0 /* PushNotificationService.swift */; };
		BF6E0F352BB290E900E7AFF0 /* PushNotificationProvider.swift in Sources */ = {isa = PBXBuildFile; fileRef = BF6E0F342BB290E900E7AFF0 /* PushNotificationProvider.swift */; };
		BF6E0F372BB2911600E7AFF0 /* PushObject.swift in Sources */ = {isa = PBXBuildFile; fileRef = BF6E0F362BB2911600E7AFF0 /* PushObject.swift */; };
		BF6E0F392BB2957200E7AFF0 /* SearchViewModel.swift in Sources */ = {isa = PBXBuildFile; fileRef = BF6E0F382BB2957200E7AFF0 /* SearchViewModel.swift */; };
		BF6E0F3B2BB2968600E7AFF0 /* SearchBar.swift in Sources */ = {isa = PBXBuildFile; fileRef = BF6E0F3A2BB2968600E7AFF0 /* SearchBar.swift */; };
		BF6E0F3E2BB3069F00E7AFF0 /* Search.xcdatamodeld in Sources */ = {isa = PBXBuildFile; fileRef = BF6E0F3C2BB3069F00E7AFF0 /* Search.xcdatamodeld */; };
		BF6E0F402BB3070200E7AFF0 /* SearchDataController.swift in Sources */ = {isa = PBXBuildFile; fileRef = BF6E0F3F2BB3070200E7AFF0 /* SearchDataController.swift */; };
		BF6E0F442BB3085100E7AFF0 /* RecentSearchView.swift in Sources */ = {isa = PBXBuildFile; fileRef = BF6E0F432BB3085100E7AFF0 /* RecentSearchView.swift */; };
		BF6E0F472BB3114A00E7AFF0 /* SettingView.swift in Sources */ = {isa = PBXBuildFile; fileRef = BF6E0F462BB3114A00E7AFF0 /* SettingView.swift */; };
		BF6E0F492BB3115600E7AFF0 /* SettingViewModel.swift in Sources */ = {isa = PBXBuildFile; fileRef = BF6E0F482BB3115600E7AFF0 /* SettingViewModel.swift */; };
		BF6E0F4B2BB3116200E7AFF0 /* SettingItem.swift in Sources */ = {isa = PBXBuildFile; fileRef = BF6E0F4A2BB3116200E7AFF0 /* SettingItem.swift */; };
		BF6E0F4E2BB3136B00E7AFF0 /* AppearanceType.swift in Sources */ = {isa = PBXBuildFile; fileRef = BF6E0F4D2BB3136B00E7AFF0 /* AppearanceType.swift */; };
		BF6E0F502BB3162E00E7AFF0 /* AppearanceController.swift in Sources */ = {isa = PBXBuildFile; fileRef = BF6E0F4F2BB3162E00E7AFF0 /* AppearanceController.swift */; };
		BFCC71202BB4457F00CFCEA9 /* FirebaseAuth in Frameworks */ = {isa = PBXBuildFile; productRef = BFCC711F2BB4457F00CFCEA9 /* FirebaseAuth */; };
		BFCC71222BB4457F00CFCEA9 /* FirebaseDatabase in Frameworks */ = {isa = PBXBuildFile; productRef = BFCC71212BB4457F00CFCEA9 /* FirebaseDatabase */; };
		BFCC71242BB4457F00CFCEA9 /* FirebaseMessaging in Frameworks */ = {isa = PBXBuildFile; productRef = BFCC71232BB4457F00CFCEA9 /* FirebaseMessaging */; };
		BFCC71262BB4457F00CFCEA9 /* FirebaseStorage in Frameworks */ = {isa = PBXBuildFile; productRef = BFCC71252BB4457F00CFCEA9 /* FirebaseStorage */; };
		BFCC71282BB4457F00CFCEA9 /* FirebaseStorageCombine-Community in Frameworks */ = {isa = PBXBuildFile; productRef = BFCC71272BB4457F00CFCEA9 /* FirebaseStorageCombine-Community */; };
		BFCC71312BB4551D00CFCEA9 /* ObservableObjectSettable.swift in Sources */ = {isa = PBXBuildFile; fileRef = BFCC71302BB4551D00CFCEA9 /* ObservableObjectSettable.swift */; };
		BFCC71342BB455C600CFCEA9 /* DBReference.swift in Sources */ = {isa = PBXBuildFile; fileRef = BFCC71332BB455C600CFCEA9 /* DBReference.swift */; };
		BFCC71362BB45CC000CFCEA9 /* UserDBRepositoryTests.swift in Sources */ = {isa = PBXBuildFile; fileRef = BFCC71352BB45CC000CFCEA9 /* UserDBRepositoryTests.swift */; };
		BFFD45392BB59E7A001F1F93 /* ChatRoomServiceTests.swift in Sources */ = {isa = PBXBuildFile; fileRef = BFFD45382BB59E7A001F1F93 /* ChatRoomServiceTests.swift */; };
		BFFD453C2BB5A0BB001F1F93 /* ChatViewModelTests.swift in Sources */ = {isa = PBXBuildFile; fileRef = BFFD453B2BB5A0BB001F1F93 /* ChatViewModelTests.swift */; };
/* End PBXBuildFile section */

/* Begin PBXContainerItemProxy section */
		BF267ED12BA80413009A46F6 /* PBXContainerItemProxy */ = {
			isa = PBXContainerItemProxy;
			containerPortal = BF267EB82BA80412009A46F6 /* Project object */;
			proxyType = 1;
			remoteGlobalIDString = BF267EBF2BA80412009A46F6;
			remoteInfo = LMessenger;
		};
/* End PBXContainerItemProxy section */

/* Begin PBXFileReference section */
		BF267EC02BA80412009A46F6 /* LMessenger.app */ = {isa = PBXFileReference; explicitFileType = wrapper.application; includeInIndex = 0; path = LMessenger.app; sourceTree = BUILT_PRODUCTS_DIR; };
		BF267EC32BA80412009A46F6 /* LMessengerApp.swift */ = {isa = PBXFileReference; lastKnownFileType = sourcecode.swift; path = LMessengerApp.swift; sourceTree = "<group>"; };
		BF267EC52BA80412009A46F6 /* AuthenticatedView.swift */ = {isa = PBXFileReference; lastKnownFileType = sourcecode.swift; path = AuthenticatedView.swift; sourceTree = "<group>"; };
		BF267ECA2BA80413009A46F6 /* Preview Assets.xcassets */ = {isa = PBXFileReference; lastKnownFileType = folder.assetcatalog; path = "Preview Assets.xcassets"; sourceTree = "<group>"; };
		BF267ED02BA80413009A46F6 /* LMessengerTests.xctest */ = {isa = PBXFileReference; explicitFileType = wrapper.cfbundle; includeInIndex = 0; path = LMessengerTests.xctest; sourceTree = BUILT_PRODUCTS_DIR; };
		BF267EED2BA8045B009A46F6 /* Colors.xcassets */ = {isa = PBXFileReference; lastKnownFileType = folder.assetcatalog; path = Colors.xcassets; sourceTree = "<group>"; };
		BF267EEE2BA8045B009A46F6 /* Assets.xcassets */ = {isa = PBXFileReference; lastKnownFileType = folder.assetcatalog; path = Assets.xcassets; sourceTree = "<group>"; };
		BF267EF32BA804F1009A46F6 /* Color+Extension.swift */ = {isa = PBXFileReference; lastKnownFileType = sourcecode.swift; path = "Color+Extension.swift"; sourceTree = "<group>"; };
		BF267EF52BA805D4009A46F6 /* Info.plist */ = {isa = PBXFileReference; lastKnownFileType = text.plist; path = Info.plist; sourceTree = "<group>"; };
		BF267EF82BA806CF009A46F6 /* LaunchScreen.storyboard */ = {isa = PBXFileReference; lastKnownFileType = file.storyboard; path = LaunchScreen.storyboard; sourceTree = "<group>"; };
		BF267EFB2BA80771009A46F6 /* DIContainer.swift */ = {isa = PBXFileReference; lastKnownFileType = sourcecode.swift; path = DIContainer.swift; sourceTree = "<group>"; };
		BF267EFE2BA807A4009A46F6 /* Services.swift */ = {isa = PBXFileReference; lastKnownFileType = sourcecode.swift; path = Services.swift; sourceTree = "<group>"; };
		BF267F022BA8082D009A46F6 /* AuthenticatedViewModel.swift */ = {isa = PBXFileReference; lastKnownFileType = sourcecode.swift; path = AuthenticatedViewModel.swift; sourceTree = "<group>"; };
		BF267F072BA80AF7009A46F6 /* AppDelegate.swift */ = {isa = PBXFileReference; lastKnownFileType = sourcecode.swift; path = AppDelegate.swift; sourceTree = "<group>"; };
		BF267F0C2BA80CEB009A46F6 /* GoogleService-Info.plist */ = {isa = PBXFileReference; fileEncoding = 4; lastKnownFileType = text.plist.xml; path = "GoogleService-Info.plist"; sourceTree = "<group>"; };
		BF267F0E2BA80D6E009A46F6 /* AuthenticationService.swift */ = {isa = PBXFileReference; lastKnownFileType = sourcecode.swift; path = AuthenticationService.swift; sourceTree = "<group>"; };
		BF267F122BA80F57009A46F6 /* LoginIntroView.swift */ = {isa = PBXFileReference; lastKnownFileType = sourcecode.swift; path = LoginIntroView.swift; sourceTree = "<group>"; };
		BF267F152BA80F74009A46F6 /* MainTabView.swift */ = {isa = PBXFileReference; lastKnownFileType = sourcecode.swift; path = MainTabView.swift; sourceTree = "<group>"; };
		BF267F172BA81165009A46F6 /* LoginView.swift */ = {isa = PBXFileReference; lastKnownFileType = sourcecode.swift; path = LoginView.swift; sourceTree = "<group>"; };
		BF267F192BA8120A009A46F6 /* LoginButtonStyle.swift */ = {isa = PBXFileReference; lastKnownFileType = sourcecode.swift; path = LoginButtonStyle.swift; sourceTree = "<group>"; };
		BF267F212BA816BF009A46F6 /* User.swift */ = {isa = PBXFileReference; lastKnownFileType = sourcecode.swift; path = User.swift; sourceTree = "<group>"; };
		BF267F232BA81709009A46F6 /* ServiceError.swift */ = {isa = PBXFileReference; lastKnownFileType = sourcecode.swift; path = ServiceError.swift; sourceTree = "<group>"; };
		BF267F252BA82079009A46F6 /* LMessenger.entitlements */ = {isa = PBXFileReference; lastKnownFileType = text.plist.entitlements; path = LMessenger.entitlements; sourceTree = "<group>"; };
		BF267F272BA82236009A46F6 /* SHA256.swift */ = {isa = PBXFileReference; fileEncoding = 4; lastKnownFileType = sourcecode.swift; path = SHA256.swift; sourceTree = "<group>"; };
		BF267F282BA82236009A46F6 /* RandomNonceString.swift */ = {isa = PBXFileReference; fileEncoding = 4; lastKnownFileType = sourcecode.swift; path = RandomNonceString.swift; sourceTree = "<group>"; };
		BF267F2B2BA9686F009A46F6 /* MainTabType.swift */ = {isa = PBXFileReference; lastKnownFileType = sourcecode.swift; path = MainTabType.swift; sourceTree = "<group>"; };
		BF267F2E2BA9699A009A46F6 /* HomeView.swift */ = {isa = PBXFileReference; lastKnownFileType = sourcecode.swift; path = HomeView.swift; sourceTree = "<group>"; };
		BF267F312BA969AA009A46F6 /* ChatListView.swift */ = {isa = PBXFileReference; lastKnownFileType = sourcecode.swift; path = ChatListView.swift; sourceTree = "<group>"; };
		BF5886D52BA96B600059756A /* HomeViewModel.swift */ = {isa = PBXFileReference; lastKnownFileType = sourcecode.swift; path = HomeViewModel.swift; sourceTree = "<group>"; };
		BF5886DB2BA974140059756A /* UserDBRepository.swift */ = {isa = PBXFileReference; lastKnownFileType = sourcecode.swift; path = UserDBRepository.swift; sourceTree = "<group>"; };
		BF5886DD2BA974390059756A /* UserService.swift */ = {isa = PBXFileReference; lastKnownFileType = sourcecode.swift; path = UserService.swift; sourceTree = "<group>"; };
		BF5886E02BA975280059756A /* UserObject.swift */ = {isa = PBXFileReference; lastKnownFileType = sourcecode.swift; path = UserObject.swift; sourceTree = "<group>"; };
		BF5886E22BA975BE0059756A /* DBError.swift */ = {isa = PBXFileReference; lastKnownFileType = sourcecode.swift; path = DBError.swift; sourceTree = "<group>"; };
		BF5886E42BA979190059756A /* Constant.swift */ = {isa = PBXFileReference; lastKnownFileType = sourcecode.swift; path = Constant.swift; sourceTree = "<group>"; };
		BF5886E62BA984EC0059756A /* Phase.swift */ = {isa = PBXFileReference; lastKnownFileType = sourcecode.swift; path = Phase.swift; sourceTree = "<group>"; };
		BF5886E82BA985A30059756A /* PlaceholderView.swift */ = {isa = PBXFileReference; lastKnownFileType = sourcecode.swift; path = PlaceholderView.swift; sourceTree = "<group>"; };
		BF5886EB2BA985D20059756A /* LoadingView.swift */ = {isa = PBXFileReference; lastKnownFileType = sourcecode.swift; path = LoadingView.swift; sourceTree = "<group>"; };
		BF5886ED2BA9860C0059756A /* ErrorView.swift */ = {isa = PBXFileReference; lastKnownFileType = sourcecode.swift; path = ErrorView.swift; sourceTree = "<group>"; };
		BF5886EF2BA986A20059756A /* HomeModalDestination.swift */ = {isa = PBXFileReference; lastKnownFileType = sourcecode.swift; path = HomeModalDestination.swift; sourceTree = "<group>"; };
		BF5886F22BA9874F0059756A /* MyProfileView.swift */ = {isa = PBXFileReference; lastKnownFileType = sourcecode.swift; path = MyProfileView.swift; sourceTree = "<group>"; };
		BF5886F42BA987560059756A /* OtherProfileView.swift */ = {isa = PBXFileReference; lastKnownFileType = sourcecode.swift; path = OtherProfileView.swift; sourceTree = "<group>"; };
		BF5886F62BA98D000059756A /* ContactService.swift */ = {isa = PBXFileReference; lastKnownFileType = sourcecode.swift; path = ContactService.swift; sourceTree = "<group>"; };
		BF5886F82BAABF280059756A /* MyProfileViewModel.swift */ = {isa = PBXFileReference; lastKnownFileType = sourcecode.swift; path = MyProfileViewModel.swift; sourceTree = "<group>"; };
		BF5886FA2BAAC2310059756A /* MyProfileMenuType.swift */ = {isa = PBXFileReference; lastKnownFileType = sourcecode.swift; path = MyProfileMenuType.swift; sourceTree = "<group>"; };
		BF5886FC2BAAC5BB0059756A /* MyProfileDescEditView.swift */ = {isa = PBXFileReference; lastKnownFileType = sourcecode.swift; path = MyProfileDescEditView.swift; sourceTree = "<group>"; };
		BF5886FE2BAACBC90059756A /* PhotoPickerService.swift */ = {isa = PBXFileReference; lastKnownFileType = sourcecode.swift; path = PhotoPickerService.swift; sourceTree = "<group>"; };
		BF5887012BAACCB60059756A /* Photoimage.swift */ = {isa = PBXFileReference; lastKnownFileType = sourcecode.swift; path = Photoimage.swift; sourceTree = "<group>"; };
		BF5887082BAACFEF0059756A /* UploadProvider.swift */ = {isa = PBXFileReference; lastKnownFileType = sourcecode.swift; path = UploadProvider.swift; sourceTree = "<group>"; };
		BF58870A2BAAD0980059756A /* UploadService.swift */ = {isa = PBXFileReference; lastKnownFileType = sourcecode.swift; path = UploadService.swift; sourceTree = "<group>"; };
		BF58870D2BAAD0FD0059756A /* UploadSourceType.swift */ = {isa = PBXFileReference; lastKnownFileType = sourcecode.swift; path = UploadSourceType.swift; sourceTree = "<group>"; };
		BF58870F2BAAD72C0059756A /* ImageCacheService.swift */ = {isa = PBXFileReference; lastKnownFileType = sourcecode.swift; path = ImageCacheService.swift; sourceTree = "<group>"; };
		BF5887122BAAD7A10059756A /* MemoryStroage.swift */ = {isa = PBXFileReference; lastKnownFileType = sourcecode.swift; path = MemoryStroage.swift; sourceTree = "<group>"; };
		BF5887162BAAD89D0059756A /* DiskStorage.swift */ = {isa = PBXFileReference; lastKnownFileType = sourcecode.swift; path = DiskStorage.swift; sourceTree = "<group>"; };
		BF58871A2BAADE710059756A /* URLImageView.swift */ = {isa = PBXFileReference; lastKnownFileType = sourcecode.swift; path = URLImageView.swift; sourceTree = "<group>"; };
		BF58871D2BAADE870059756A /* URLImageViewModel.swift */ = {isa = PBXFileReference; lastKnownFileType = sourcecode.swift; path = URLImageViewModel.swift; sourceTree = "<group>"; };
		BF6E0EFA2BB1474500E7AFF0 /* OtherProfileViewModel.swift */ = {isa = PBXFileReference; lastKnownFileType = sourcecode.swift; path = OtherProfileViewModel.swift; sourceTree = "<group>"; };
		BF6E0EFC2BB148FB00E7AFF0 /* OtherProfileMenuType.swift */ = {isa = PBXFileReference; lastKnownFileType = sourcecode.swift; path = OtherProfileMenuType.swift; sourceTree = "<group>"; };
		BF6E0EFE2BB14BBA00E7AFF0 /* ChatRoomDBRepository.swift */ = {isa = PBXFileReference; lastKnownFileType = sourcecode.swift; path = ChatRoomDBRepository.swift; sourceTree = "<group>"; };
		BF6E0F002BB14BF900E7AFF0 /* ChatRoomObject.swift */ = {isa = PBXFileReference; lastKnownFileType = sourcecode.swift; path = ChatRoomObject.swift; sourceTree = "<group>"; };
		BF6E0F022BB14F6000E7AFF0 /* ChatRoomService.swift */ = {isa = PBXFileReference; lastKnownFileType = sourcecode.swift; path = ChatRoomService.swift; sourceTree = "<group>"; };
		BF6E0F042BB14FAB00E7AFF0 /* ChatRoom.swift */ = {isa = PBXFileReference; lastKnownFileType = sourcecode.swift; path = ChatRoom.swift; sourceTree = "<group>"; };
		BF6E0F072BB152C800E7AFF0 /* NavigationDestination.swift */ = {isa = PBXFileReference; lastKnownFileType = sourcecode.swift; path = NavigationDestination.swift; sourceTree = "<group>"; };
		BF6E0F092BB152E200E7AFF0 /* NavigationRouter.swift */ = {isa = PBXFileReference; lastKnownFileType = sourcecode.swift; path = NavigationRouter.swift; sourceTree = "<group>"; };
		BF6E0F0C2BB1547900E7AFF0 /* ChatView.swift */ = {isa = PBXFileReference; lastKnownFileType = sourcecode.swift; path = ChatView.swift; sourceTree = "<group>"; };
		BF6E0F0F2BB1548600E7AFF0 /* SearchView.swift */ = {isa = PBXFileReference; lastKnownFileType = sourcecode.swift; path = SearchView.swift; sourceTree = "<group>"; };
		BF6E0F132BB158A800E7AFF0 /* ChatListViewModel.swift */ = {isa = PBXFileReference; lastKnownFileType = sourcecode.swift; path = ChatListViewModel.swift; sourceTree = "<group>"; };
		BF6E0F152BB159CD00E7AFF0 /* SearchButton.swift */ = {isa = PBXFileReference; lastKnownFileType = sourcecode.swift; path = SearchButton.swift; sourceTree = "<group>"; };
		BF6E0F172BB15AD400E7AFF0 /* NavigationRoutingView.swift */ = {isa = PBXFileReference; lastKnownFileType = sourcecode.swift; path = NavigationRoutingView.swift; sourceTree = "<group>"; };
		BF6E0F192BB161DB00E7AFF0 /* ChatViewModel.swift */ = {isa = PBXFileReference; lastKnownFileType = sourcecode.swift; path = ChatViewModel.swift; sourceTree = "<group>"; };
		BF6E0F1B2BB163A400E7AFF0 /* Chat.swift */ = {isa = PBXFileReference; lastKnownFileType = sourcecode.swift; path = Chat.swift; sourceTree = "<group>"; };
		BF6E0F1D2BB1645900E7AFF0 /* ChatData.swift */ = {isa = PBXFileReference; lastKnownFileType = sourcecode.swift; path = ChatData.swift; sourceTree = "<group>"; };
		BF6E0F1F2BB164D900E7AFF0 /* Date+Extension.swift */ = {isa = PBXFileReference; lastKnownFileType = sourcecode.swift; path = "Date+Extension.swift"; sourceTree = "<group>"; };
		BF6E0F212BB1676F00E7AFF0 /* ChatItemView.swift */ = {isa = PBXFileReference; lastKnownFileType = sourcecode.swift; path = ChatItemView.swift; sourceTree = "<group>"; };
		BF6E0F232BB1679200E7AFF0 /* ChatItemDirection.swift */ = {isa = PBXFileReference; lastKnownFileType = sourcecode.swift; path = ChatItemDirection.swift; sourceTree = "<group>"; };
		BF6E0F252BB16C8700E7AFF0 /* KeyboardToolbar.swift */ = {isa = PBXFileReference; lastKnownFileType = sourcecode.swift; path = KeyboardToolbar.swift; sourceTree = "<group>"; };
		BF6E0F272BB1A4A900E7AFF0 /* ChatDBRepository.swift */ = {isa = PBXFileReference; lastKnownFileType = sourcecode.swift; path = ChatDBRepository.swift; sourceTree = "<group>"; };
		BF6E0F292BB1A4D500E7AFF0 /* ChatObject.swift */ = {isa = PBXFileReference; lastKnownFileType = sourcecode.swift; path = ChatObject.swift; sourceTree = "<group>"; };
		BF6E0F2B2BB1A67B00E7AFF0 /* ChatService.swift */ = {isa = PBXFileReference; lastKnownFileType = sourcecode.swift; path = ChatService.swift; sourceTree = "<group>"; };
		BF6E0F2D2BB1BCAD00E7AFF0 /* ChatImageItemView.swift */ = {isa = PBXFileReference; lastKnownFileType = sourcecode.swift; path = ChatImageItemView.swift; sourceTree = "<group>"; };
		BF6E0F322BB288EF00E7AFF0 /* PushNotificationService.swift */ = {isa = PBXFileReference; lastKnownFileType = sourcecode.swift; path = PushNotificationService.swift; sourceTree = "<group>"; };
		BF6E0F342BB290E900E7AFF0 /* PushNotificationProvider.swift */ = {isa = PBXFileReference; lastKnownFileType = sourcecode.swift; path = PushNotificationProvider.swift; sourceTree = "<group>"; };
		BF6E0F362BB2911600E7AFF0 /* PushObject.swift */ = {isa = PBXFileReference; lastKnownFileType = sourcecode.swift; path = PushObject.swift; sourceTree = "<group>"; };
		BF6E0F382BB2957200E7AFF0 /* SearchViewModel.swift */ = {isa = PBXFileReference; lastKnownFileType = sourcecode.swift; path = SearchViewModel.swift; sourceTree = "<group>"; };
		BF6E0F3A2BB2968600E7AFF0 /* SearchBar.swift */ = {isa = PBXFileReference; lastKnownFileType = sourcecode.swift; path = SearchBar.swift; sourceTree = "<group>"; };
		BF6E0F3D2BB3069F00E7AFF0 /* Search.xcdatamodel */ = {isa = PBXFileReference; lastKnownFileType = wrapper.xcdatamodel; path = Search.xcdatamodel; sourceTree = "<group>"; };
		BF6E0F3F2BB3070200E7AFF0 /* SearchDataController.swift */ = {isa = PBXFileReference; lastKnownFileType = sourcecode.swift; path = SearchDataController.swift; sourceTree = "<group>"; };
		BF6E0F432BB3085100E7AFF0 /* RecentSearchView.swift */ = {isa = PBXFileReference; lastKnownFileType = sourcecode.swift; path = RecentSearchView.swift; sourceTree = "<group>"; };
		BF6E0F462BB3114A00E7AFF0 /* SettingView.swift */ = {isa = PBXFileReference; lastKnownFileType = sourcecode.swift; path = SettingView.swift; sourceTree = "<group>"; };
		BF6E0F482BB3115600E7AFF0 /* SettingViewModel.swift */ = {isa = PBXFileReference; lastKnownFileType = sourcecode.swift; path = SettingViewModel.swift; sourceTree = "<group>"; };
		BF6E0F4A2BB3116200E7AFF0 /* SettingItem.swift */ = {isa = PBXFileReference; lastKnownFileType = sourcecode.swift; path = SettingItem.swift; sourceTree = "<group>"; };
		BF6E0F4D2BB3136B00E7AFF0 /* AppearanceType.swift */ = {isa = PBXFileReference; lastKnownFileType = sourcecode.swift; path = AppearanceType.swift; sourceTree = "<group>"; };
		BF6E0F4F2BB3162E00E7AFF0 /* AppearanceController.swift */ = {isa = PBXFileReference; lastKnownFileType = sourcecode.swift; path = AppearanceController.swift; sourceTree = "<group>"; };
		BFCC71302BB4551D00CFCEA9 /* ObservableObjectSettable.swift */ = {isa = PBXFileReference; lastKnownFileType = sourcecode.swift; path = ObservableObjectSettable.swift; sourceTree = "<group>"; };
		BFCC71332BB455C600CFCEA9 /* DBReference.swift */ = {isa = PBXFileReference; lastKnownFileType = sourcecode.swift; path = DBReference.swift; sourceTree = "<group>"; };
		BFCC71352BB45CC000CFCEA9 /* UserDBRepositoryTests.swift */ = {isa = PBXFileReference; lastKnownFileType = sourcecode.swift; path = UserDBRepositoryTests.swift; sourceTree = "<group>"; };
		BFFD45382BB59E7A001F1F93 /* ChatRoomServiceTests.swift */ = {isa = PBXFileReference; lastKnownFileType = sourcecode.swift; path = ChatRoomServiceTests.swift; sourceTree = "<group>"; };
		BFFD453B2BB5A0BB001F1F93 /* ChatViewModelTests.swift */ = {isa = PBXFileReference; lastKnownFileType = sourcecode.swift; path = ChatViewModelTests.swift; sourceTree = "<group>"; };
/* End PBXFileReference section */

/* Begin PBXFrameworksBuildPhase section */
		BF267EBD2BA80412009A46F6 /* Frameworks */ = {
			isa = PBXFrameworksBuildPhase;
			buildActionMask = 2147483647;
			files = (
				BF267F1F2BA815CE009A46F6 /* GoogleSignInSwift in Frameworks */,
				BF267F0B2BA80C1F009A46F6 /* FirebaseAuth in Frameworks */,
				BF6E0F312BB2870300E7AFF0 /* FirebaseMessaging in Frameworks */,
				BF5886D92BA971000059756A /* FirebaseDatabase in Frameworks */,
				BF5887042BAACFAA0059756A /* FirebaseStorage in Frameworks */,
				BF5887062BAACFAA0059756A /* FirebaseStorageCombine-Community in Frameworks */,
				BF267F1D2BA815CE009A46F6 /* GoogleSignIn in Frameworks */,
			);
			runOnlyForDeploymentPostprocessing = 0;
		};
		BF267ECD2BA80413009A46F6 /* Frameworks */ = {
			isa = PBXFrameworksBuildPhase;
			buildActionMask = 2147483647;
			files = (
				BFCC71242BB4457F00CFCEA9 /* FirebaseMessaging in Frameworks */,
				BFCC71262BB4457F00CFCEA9 /* FirebaseStorage in Frameworks */,
				BFCC71282BB4457F00CFCEA9 /* FirebaseStorageCombine-Community in Frameworks */,
				BFCC71222BB4457F00CFCEA9 /* FirebaseDatabase in Frameworks */,
				BFCC71202BB4457F00CFCEA9 /* FirebaseAuth in Frameworks */,
			);
			runOnlyForDeploymentPostprocessing = 0;
		};
/* End PBXFrameworksBuildPhase section */

/* Begin PBXGroup section */
		BF267EB72BA80412009A46F6 = {
			isa = PBXGroup;
			children = (
				BF267EC22BA80412009A46F6 /* LMessenger */,
				BF267ED32BA80413009A46F6 /* LMessengerTests */,
				BF267EC12BA80412009A46F6 /* Products */,
				BF5886D72BA971000059756A /* Frameworks */,
			);
			sourceTree = "<group>";
		};
		BF267EC12BA80412009A46F6 /* Products */ = {
			isa = PBXGroup;
			children = (
				BF267EC02BA80412009A46F6 /* LMessenger.app */,
				BF267ED02BA80413009A46F6 /* LMessengerTests.xctest */,
			);
			name = Products;
			sourceTree = "<group>";
		};
		BF267EC22BA80412009A46F6 /* LMessenger */ = {
			isa = PBXGroup;
			children = (
				BF267F252BA82079009A46F6 /* LMessenger.entitlements */,
				BF267F072BA80AF7009A46F6 /* AppDelegate.swift */,
				BF267EC32BA80412009A46F6 /* LMessengerApp.swift */,
				BF267F002BA80807009A46F6 /* View */,
				BF267F202BA816B8009A46F6 /* Model */,
				BFCC712B2BB4535700CFCEA9 /* Dependency */,
				BF267EFD2BA80796009A46F6 /* Service */,
				BF5886DF2BA975180059756A /* DTO */,
				BF5886DA2BA974060059756A /* Repository */,
				BF5887072BAACFD90059756A /* Provider */,
				BF267EFA2BA80767009A46F6 /* General */,
				BF267F262BA8221A009A46F6 /* Util */,
				BF267EF12BA804D5009A46F6 /* Resource */,
				BF267EF52BA805D4009A46F6 /* Info.plist */,
				BF267F0C2BA80CEB009A46F6 /* GoogleService-Info.plist */,
				BF267EF22BA804E3009A46F6 /* Extensions */,
				BF267EC92BA80413009A46F6 /* Preview Content */,
			);
			path = LMessenger;
			sourceTree = "<group>";
		};
		BF267EC92BA80413009A46F6 /* Preview Content */ = {
			isa = PBXGroup;
			children = (
				BF267ECA2BA80413009A46F6 /* Preview Assets.xcassets */,
			);
			path = "Preview Content";
			sourceTree = "<group>";
		};
		BF267ED32BA80413009A46F6 /* LMessengerTests */ = {
			isa = PBXGroup;
			children = (
				BFFD453A2BB5A0AF001F1F93 /* ViewModel */,
				BFFD45372BB59E69001F1F93 /* Service */,
				BFCC71372BB45CC700CFCEA9 /* Repository */,
			);
			path = LMessengerTests;
			sourceTree = "<group>";
		};
		BF267EF12BA804D5009A46F6 /* Resource */ = {
			isa = PBXGroup;
			children = (
				BF267EEE2BA8045B009A46F6 /* Assets.xcassets */,
				BF267EED2BA8045B009A46F6 /* Colors.xcassets */,
				BF267EF82BA806CF009A46F6 /* LaunchScreen.storyboard */,
				BF6E0F3C2BB3069F00E7AFF0 /* Search.xcdatamodeld */,
			);
			path = Resource;
			sourceTree = "<group>";
		};
		BF267EF22BA804E3009A46F6 /* Extensions */ = {
			isa = PBXGroup;
			children = (
				BF267EF32BA804F1009A46F6 /* Color+Extension.swift */,
				BF6E0F1F2BB164D900E7AFF0 /* Date+Extension.swift */,
			);
			path = Extensions;
			sourceTree = "<group>";
		};
		BF267EFA2BA80767009A46F6 /* General */ = {
			isa = PBXGroup;
			children = (
				BF5886EA2BA985C80059756A /* View */,
				BF267EFB2BA80771009A46F6 /* DIContainer.swift */,
				BF5886E42BA979190059756A /* Constant.swift */,
				BF5886E62BA984EC0059756A /* Phase.swift */,
			);
			path = General;
			sourceTree = "<group>";
		};
		BF267EFD2BA80796009A46F6 /* Service */ = {
			isa = PBXGroup;
			children = (
				BF5886DD2BA974390059756A /* UserService.swift */,
				BF267EFE2BA807A4009A46F6 /* Services.swift */,
				BF267F0E2BA80D6E009A46F6 /* AuthenticationService.swift */,
				BF267F232BA81709009A46F6 /* ServiceError.swift */,
				BF5886F62BA98D000059756A /* ContactService.swift */,
				BF5887002BAACCA00059756A /* PhotoPicker */,
				BF58870C2BAAD0EE0059756A /* Upload */,
				BF5887112BAAD7950059756A /* ImageCache */,
				BF6E0F022BB14F6000E7AFF0 /* ChatRoomService.swift */,
				BF6E0F2B2BB1A67B00E7AFF0 /* ChatService.swift */,
				BF6E0F322BB288EF00E7AFF0 /* PushNotificationService.swift */,
			);
			path = Service;
			sourceTree = "<group>";
		};
		BF267F002BA80807009A46F6 /* View */ = {
			isa = PBXGroup;
			children = (
				BF6E0F0B2BB1546E00E7AFF0 /* Chat */,
				BF5886F12BA9873C0059756A /* Profile */,
				BF267F012BA8080F009A46F6 /* Authentication */,
				BF267F102BA80F3F009A46F6 /* Login */,
				BF267F2D2BA96989009A46F6 /* Home */,
				BF267F302BA9699F009A46F6 /* ChatList */,
				BF267F112BA80F44009A46F6 /* MainTab */,
				BF6E0F0E2BB1547E00E7AFF0 /* Search */,
				BF6E0F452BB3113C00E7AFF0 /* Setting */,
			);
			path = View;
			sourceTree = "<group>";
		};
		BF267F012BA8080F009A46F6 /* Authentication */ = {
			isa = PBXGroup;
			children = (
				BF267EC52BA80412009A46F6 /* AuthenticatedView.swift */,
				BF267F022BA8082D009A46F6 /* AuthenticatedViewModel.swift */,
			);
			path = Authentication;
			sourceTree = "<group>";
		};
		BF267F102BA80F3F009A46F6 /* Login */ = {
			isa = PBXGroup;
			children = (
				BF267F122BA80F57009A46F6 /* LoginIntroView.swift */,
				BF267F172BA81165009A46F6 /* LoginView.swift */,
				BF267F192BA8120A009A46F6 /* LoginButtonStyle.swift */,
			);
			path = Login;
			sourceTree = "<group>";
		};
		BF267F112BA80F44009A46F6 /* MainTab */ = {
			isa = PBXGroup;
			children = (
				BF267F152BA80F74009A46F6 /* MainTabView.swift */,
				BF267F2B2BA9686F009A46F6 /* MainTabType.swift */,
			);
			path = MainTab;
			sourceTree = "<group>";
		};
		BF267F202BA816B8009A46F6 /* Model */ = {
			isa = PBXGroup;
			children = (
				BF267F212BA816BF009A46F6 /* User.swift */,
				BF6E0F042BB14FAB00E7AFF0 /* ChatRoom.swift */,
				BF6E0F1B2BB163A400E7AFF0 /* Chat.swift */,
				BF6E0F1D2BB1645900E7AFF0 /* ChatData.swift */,
			);
			path = Model;
			sourceTree = "<group>";
		};
		BF267F262BA8221A009A46F6 /* Util */ = {
			isa = PBXGroup;
			children = (
				BF267F282BA82236009A46F6 /* RandomNonceString.swift */,
				BF267F272BA82236009A46F6 /* SHA256.swift */,
			);
			path = Util;
			sourceTree = "<group>";
		};
		BF267F2D2BA96989009A46F6 /* Home */ = {
			isa = PBXGroup;
			children = (
				BF267F2E2BA9699A009A46F6 /* HomeView.swift */,
				BF5886D52BA96B600059756A /* HomeViewModel.swift */,
				BF5886EF2BA986A20059756A /* HomeModalDestination.swift */,
			);
			path = Home;
			sourceTree = "<group>";
		};
		BF267F302BA9699F009A46F6 /* ChatList */ = {
			isa = PBXGroup;
			children = (
				BF267F312BA969AA009A46F6 /* ChatListView.swift */,
				BF6E0F132BB158A800E7AFF0 /* ChatListViewModel.swift */,
			);
			path = ChatList;
			sourceTree = "<group>";
		};
		BF5886D72BA971000059756A /* Frameworks */ = {
			isa = PBXGroup;
			children = (
			);
			name = Frameworks;
			sourceTree = "<group>";
		};
		BF5886DA2BA974060059756A /* Repository */ = {
			isa = PBXGroup;
			children = (
				BF5886DB2BA974140059756A /* UserDBRepository.swift */,
				BF5886E22BA975BE0059756A /* DBError.swift */,
				BF6E0EFE2BB14BBA00E7AFF0 /* ChatRoomDBRepository.swift */,
				BF6E0F272BB1A4A900E7AFF0 /* ChatDBRepository.swift */,
				BFCC71332BB455C600CFCEA9 /* DBReference.swift */,
			);
			path = Repository;
			sourceTree = "<group>";
		};
		BF5886DF2BA975180059756A /* DTO */ = {
			isa = PBXGroup;
			children = (
				BF5886E02BA975280059756A /* UserObject.swift */,
				BF6E0F002BB14BF900E7AFF0 /* ChatRoomObject.swift */,
				BF6E0F292BB1A4D500E7AFF0 /* ChatObject.swift */,
				BF6E0F362BB2911600E7AFF0 /* PushObject.swift */,
			);
			path = DTO;
			sourceTree = "<group>";
		};
		BF5886EA2BA985C80059756A /* View */ = {
			isa = PBXGroup;
			children = (
				BF5886E82BA985A30059756A /* PlaceholderView.swift */,
				BF5886EB2BA985D20059756A /* LoadingView.swift */,
				BF5886ED2BA9860C0059756A /* ErrorView.swift */,
				BF58871C2BAADE780059756A /* URLImage */,
				BF6E0F152BB159CD00E7AFF0 /* SearchButton.swift */,
			);
			path = View;
			sourceTree = "<group>";
		};
		BF5886F12BA9873C0059756A /* Profile */ = {
			isa = PBXGroup;
			children = (
				BF6E0EF82BB1472E00E7AFF0 /* MyProfile */,
				BF6E0EF92BB1473600E7AFF0 /* OtherProfile */,
			);
			path = Profile;
			sourceTree = "<group>";
		};
		BF5887002BAACCA00059756A /* PhotoPicker */ = {
			isa = PBXGroup;
			children = (
				BF5886FE2BAACBC90059756A /* PhotoPickerService.swift */,
				BF5887012BAACCB60059756A /* Photoimage.swift */,
			);
			path = PhotoPicker;
			sourceTree = "<group>";
		};
		BF5887072BAACFD90059756A /* Provider */ = {
			isa = PBXGroup;
			children = (
				BF5887082BAACFEF0059756A /* UploadProvider.swift */,
				BF6E0F342BB290E900E7AFF0 /* PushNotificationProvider.swift */,
			);
			path = Provider;
			sourceTree = "<group>";
		};
		BF58870C2BAAD0EE0059756A /* Upload */ = {
			isa = PBXGroup;
			children = (
				BF58870A2BAAD0980059756A /* UploadService.swift */,
				BF58870D2BAAD0FD0059756A /* UploadSourceType.swift */,
			);
			path = Upload;
			sourceTree = "<group>";
		};
		BF5887112BAAD7950059756A /* ImageCache */ = {
			isa = PBXGroup;
			children = (
				BF58870F2BAAD72C0059756A /* ImageCacheService.swift */,
				BF5887122BAAD7A10059756A /* MemoryStroage.swift */,
				BF5887162BAAD89D0059756A /* DiskStorage.swift */,
			);
			path = ImageCache;
			sourceTree = "<group>";
		};
		BF58871C2BAADE780059756A /* URLImage */ = {
			isa = PBXGroup;
			children = (
				BF58871A2BAADE710059756A /* URLImageView.swift */,
				BF58871D2BAADE870059756A /* URLImageViewModel.swift */,
			);
			path = URLImage;
			sourceTree = "<group>";
		};
		BF6E0EF82BB1472E00E7AFF0 /* MyProfile */ = {
			isa = PBXGroup;
			children = (
				BF5886F22BA9874F0059756A /* MyProfileView.swift */,
				BF5886F82BAABF280059756A /* MyProfileViewModel.swift */,
				BF5886FA2BAAC2310059756A /* MyProfileMenuType.swift */,
				BF5886FC2BAAC5BB0059756A /* MyProfileDescEditView.swift */,
			);
			path = MyProfile;
			sourceTree = "<group>";
		};
		BF6E0EF92BB1473600E7AFF0 /* OtherProfile */ = {
			isa = PBXGroup;
			children = (
				BF5886F42BA987560059756A /* OtherProfileView.swift */,
				BF6E0EFA2BB1474500E7AFF0 /* OtherProfileViewModel.swift */,
				BF6E0EFC2BB148FB00E7AFF0 /* OtherProfileMenuType.swift */,
			);
			path = OtherProfile;
			sourceTree = "<group>";
		};
		BF6E0F062BB152BF00E7AFF0 /* Navigation */ = {
			isa = PBXGroup;
			children = (
				BF6E0F072BB152C800E7AFF0 /* NavigationDestination.swift */,
				BF6E0F092BB152E200E7AFF0 /* NavigationRouter.swift */,
				BF6E0F172BB15AD400E7AFF0 /* NavigationRoutingView.swift */,
			);
			name = Navigation;
			path = ../General/Navigation;
			sourceTree = "<group>";
		};
		BF6E0F0B2BB1546E00E7AFF0 /* Chat */ = {
			isa = PBXGroup;
			children = (
				BF6E0F0C2BB1547900E7AFF0 /* ChatView.swift */,
				BF6E0F192BB161DB00E7AFF0 /* ChatViewModel.swift */,
				BF6E0F2F2BB1BCBC00E7AFF0 /* SubView */,
			);
			path = Chat;
			sourceTree = "<group>";
		};
		BF6E0F0E2BB1547E00E7AFF0 /* Search */ = {
			isa = PBXGroup;
			children = (
				BF6E0F3A2BB2968600E7AFF0 /* SearchBar.swift */,
				BF6E0F0F2BB1548600E7AFF0 /* SearchView.swift */,
				BF6E0F382BB2957200E7AFF0 /* SearchViewModel.swift */,
				BF6E0F432BB3085100E7AFF0 /* RecentSearchView.swift */,
			);
			path = Search;
			sourceTree = "<group>";
		};
		BF6E0F2F2BB1BCBC00E7AFF0 /* SubView */ = {
			isa = PBXGroup;
			children = (
				BF6E0F252BB16C8700E7AFF0 /* KeyboardToolbar.swift */,
				BF6E0F212BB1676F00E7AFF0 /* ChatItemView.swift */,
				BF6E0F232BB1679200E7AFF0 /* ChatItemDirection.swift */,
				BF6E0F2D2BB1BCAD00E7AFF0 /* ChatImageItemView.swift */,
			);
			path = SubView;
			sourceTree = "<group>";
		};
		BF6E0F452BB3113C00E7AFF0 /* Setting */ = {
			isa = PBXGroup;
			children = (
				BF6E0F462BB3114A00E7AFF0 /* SettingView.swift */,
				BF6E0F482BB3115600E7AFF0 /* SettingViewModel.swift */,
				BF6E0F4A2BB3116200E7AFF0 /* SettingItem.swift */,
			);
			path = Setting;
			sourceTree = "<group>";
		};
		BF6E0F4C2BB3136000E7AFF0 /* Appearance */ = {
			isa = PBXGroup;
			children = (
				BF6E0F4D2BB3136B00E7AFF0 /* AppearanceType.swift */,
				BF6E0F4F2BB3162E00E7AFF0 /* AppearanceController.swift */,
			);
			path = Appearance;
			sourceTree = "<group>";
		};
		BFCC712B2BB4535700CFCEA9 /* Dependency */ = {
			isa = PBXGroup;
			children = (
				BFCC712F2BB4550E00CFCEA9 /* Protocol */,
				BF6E0F062BB152BF00E7AFF0 /* Navigation */,
				BF6E0F4C2BB3136000E7AFF0 /* Appearance */,
				BFCC712D2BB4536A00CFCEA9 /* Search */,
			);
			path = Dependency;
			sourceTree = "<group>";
		};
		BFCC712D2BB4536A00CFCEA9 /* Search */ = {
			isa = PBXGroup;
			children = (
				BF6E0F3F2BB3070200E7AFF0 /* SearchDataController.swift */,
			);
			path = Search;
			sourceTree = "<group>";
		};
		BFCC712F2BB4550E00CFCEA9 /* Protocol */ = {
			isa = PBXGroup;
			children = (
				BFCC71302BB4551D00CFCEA9 /* ObservableObjectSettable.swift */,
			);
			path = Protocol;
			sourceTree = "<group>";
		};
		BFCC71372BB45CC700CFCEA9 /* Repository */ = {
			isa = PBXGroup;
			children = (
				BFCC71352BB45CC000CFCEA9 /* UserDBRepositoryTests.swift */,
			);
			path = Repository;
			sourceTree = "<group>";
		};
		BFFD45372BB59E69001F1F93 /* Service */ = {
			isa = PBXGroup;
			children = (
				BFFD45382BB59E7A001F1F93 /* ChatRoomServiceTests.swift */,
			);
			path = Service;
			sourceTree = "<group>";
		};
		BFFD453A2BB5A0AF001F1F93 /* ViewModel */ = {
			isa = PBXGroup;
			children = (
				BFFD453B2BB5A0BB001F1F93 /* ChatViewModelTests.swift */,
			);
			path = ViewModel;
			sourceTree = "<group>";
		};
/* End PBXGroup section */

/* Begin PBXNativeTarget section */
		BF267EBF2BA80412009A46F6 /* LMessenger */ = {
			isa = PBXNativeTarget;
			buildConfigurationList = BF267EE42BA80413009A46F6 /* Build configuration list for PBXNativeTarget "LMessenger" */;
			buildPhases = (
				BF267EBC2BA80412009A46F6 /* Sources */,
				BF267EBD2BA80412009A46F6 /* Frameworks */,
				BF267EBE2BA80412009A46F6 /* Resources */,
			);
			buildRules = (
			);
			dependencies = (
			);
			name = LMessenger;
			packageProductDependencies = (
				BF267F0A2BA80C1F009A46F6 /* FirebaseAuth */,
				BF267F1C2BA815CE009A46F6 /* GoogleSignIn */,
				BF267F1E2BA815CE009A46F6 /* GoogleSignInSwift */,
				BF5886D82BA971000059756A /* FirebaseDatabase */,
				BF5887032BAACFAA0059756A /* FirebaseStorage */,
				BF5887052BAACFAA0059756A /* FirebaseStorageCombine-Community */,
				BF6E0F302BB2870300E7AFF0 /* FirebaseMessaging */,
			);
			productName = LMessenger;
			productReference = BF267EC02BA80412009A46F6 /* LMessenger.app */;
			productType = "com.apple.product-type.application";
		};
		BF267ECF2BA80413009A46F6 /* LMessengerTests */ = {
			isa = PBXNativeTarget;
			buildConfigurationList = BF267EE72BA80413009A46F6 /* Build configuration list for PBXNativeTarget "LMessengerTests" */;
			buildPhases = (
				BF267ECC2BA80413009A46F6 /* Sources */,
				BF267ECD2BA80413009A46F6 /* Frameworks */,
				BF267ECE2BA80413009A46F6 /* Resources */,
			);
			buildRules = (
			);
			dependencies = (
				BF267ED22BA80413009A46F6 /* PBXTargetDependency */,
			);
			name = LMessengerTests;
			packageProductDependencies = (
				BFCC711F2BB4457F00CFCEA9 /* FirebaseAuth */,
				BFCC71212BB4457F00CFCEA9 /* FirebaseDatabase */,
				BFCC71232BB4457F00CFCEA9 /* FirebaseMessaging */,
				BFCC71252BB4457F00CFCEA9 /* FirebaseStorage */,
				BFCC71272BB4457F00CFCEA9 /* FirebaseStorageCombine-Community */,
			);
			productName = LMessengerTests;
			productReference = BF267ED02BA80413009A46F6 /* LMessengerTests.xctest */;
			productType = "com.apple.product-type.bundle.unit-test";
		};
/* End PBXNativeTarget section */

/* Begin PBXProject section */
		BF267EB82BA80412009A46F6 /* Project object */ = {
			isa = PBXProject;
			attributes = {
				BuildIndependentTargetsInParallel = 1;
				LastSwiftUpdateCheck = 1530;
				LastUpgradeCheck = 1530;
				TargetAttributes = {
					BF267EBF2BA80412009A46F6 = {
						CreatedOnToolsVersion = 15.3;
					};
					BF267ECF2BA80413009A46F6 = {
						CreatedOnToolsVersion = 15.3;
						TestTargetID = BF267EBF2BA80412009A46F6;
					};
				};
			};
			buildConfigurationList = BF267EBB2BA80412009A46F6 /* Build configuration list for PBXProject "LMessenger" */;
			compatibilityVersion = "Xcode 14.0";
			developmentRegion = ko;
			hasScannedForEncodings = 0;
			knownRegions = (
				en,
				Base,
				ko,
			);
			mainGroup = BF267EB72BA80412009A46F6;
			packageReferences = (
				BF267F092BA80C1F009A46F6 /* XCRemoteSwiftPackageReference "firebase-ios-sdk" */,
				BF267F1B2BA815CE009A46F6 /* XCRemoteSwiftPackageReference "GoogleSignIn-iOS" */,
			);
			productRefGroup = BF267EC12BA80412009A46F6 /* Products */;
			projectDirPath = "";
			projectRoot = "";
			targets = (
				BF267EBF2BA80412009A46F6 /* LMessenger */,
				BF267ECF2BA80413009A46F6 /* LMessengerTests */,
			);
		};
/* End PBXProject section */

/* Begin PBXResourcesBuildPhase section */
		BF267EBE2BA80412009A46F6 /* Resources */ = {
			isa = PBXResourcesBuildPhase;
			buildActionMask = 2147483647;
			files = (
				BF267ECB2BA80413009A46F6 /* Preview Assets.xcassets in Resources */,
				BF267EF92BA806CF009A46F6 /* LaunchScreen.storyboard in Resources */,
				BF267F0D2BA80CEC009A46F6 /* GoogleService-Info.plist in Resources */,
				BF267EF02BA8045B009A46F6 /* Assets.xcassets in Resources */,
				BF267EEF2BA8045B009A46F6 /* Colors.xcassets in Resources */,
			);
			runOnlyForDeploymentPostprocessing = 0;
		};
		BF267ECE2BA80413009A46F6 /* Resources */ = {
			isa = PBXResourcesBuildPhase;
			buildActionMask = 2147483647;
			files = (
			);
			runOnlyForDeploymentPostprocessing = 0;
		};
/* End PBXResourcesBuildPhase section */

/* Begin PBXSourcesBuildPhase section */
		BF267EBC2BA80412009A46F6 /* Sources */ = {
			isa = PBXSourcesBuildPhase;
			buildActionMask = 2147483647;
			files = (
				BF5887132BAAD7A10059756A /* MemoryStroage.swift in Sources */,
				BF5886E32BA975BE0059756A /* DBError.swift in Sources */,
				BF267F222BA816C0009A46F6 /* User.swift in Sources */,
				BF267F2C2BA9686F009A46F6 /* MainTabType.swift in Sources */,
				BF6E0F392BB2957200E7AFF0 /* SearchViewModel.swift in Sources */,
				BF5886FF2BAACBC90059756A /* PhotoPickerService.swift in Sources */,
				BF267F032BA8082D009A46F6 /* AuthenticatedViewModel.swift in Sources */,
				BF58870E2BAAD0FD0059756A /* UploadSourceType.swift in Sources */,
				BFCC71342BB455C600CFCEA9 /* DBReference.swift in Sources */,
				BF5886E12BA975280059756A /* UserObject.swift in Sources */,
				BF5887022BAACCB60059756A /* Photoimage.swift in Sources */,
				BF5886EE2BA9860C0059756A /* ErrorView.swift in Sources */,
				BF6E0F4E2BB3136B00E7AFF0 /* AppearanceType.swift in Sources */,
				BF6E0F052BB14FAB00E7AFF0 /* ChatRoom.swift in Sources */,
				BF6E0F2E2BB1BCAD00E7AFF0 /* ChatImageItemView.swift in Sources */,
				BF6E0F1E2BB1645900E7AFF0 /* ChatData.swift in Sources */,
				BF5886EC2BA985D20059756A /* LoadingView.swift in Sources */,
				BF5886E72BA984EC0059756A /* Phase.swift in Sources */,
				BF6E0F2A2BB1A4D500E7AFF0 /* ChatObject.swift in Sources */,
				BF5886F72BA98D000059756A /* ContactService.swift in Sources */,
				BF5886D62BA96B600059756A /* HomeViewModel.swift in Sources */,
				BF267EFF2BA807A4009A46F6 /* Services.swift in Sources */,
				BF6E0F402BB3070200E7AFF0 /* SearchDataController.swift in Sources */,
				BF5887102BAAD72C0059756A /* ImageCacheService.swift in Sources */,
				BF6E0EFF2BB14BBA00E7AFF0 /* ChatRoomDBRepository.swift in Sources */,
				BF5886E92BA985A30059756A /* PlaceholderView.swift in Sources */,
				BF5886F02BA986A20059756A /* HomeModalDestination.swift in Sources */,
				BF5887092BAACFEF0059756A /* UploadProvider.swift in Sources */,
				BF6E0F3E2BB3069F00E7AFF0 /* Search.xcdatamodeld in Sources */,
				BF6E0EFB2BB1474500E7AFF0 /* OtherProfileViewModel.swift in Sources */,
				BF6E0F222BB1676F00E7AFF0 /* ChatItemView.swift in Sources */,
				BF267F132BA80F57009A46F6 /* LoginIntroView.swift in Sources */,
				BF5887172BAAD89D0059756A /* DiskStorage.swift in Sources */,
				BF5886DE2BA974390059756A /* UserService.swift in Sources */,
				BF5886DC2BA974140059756A /* UserDBRepository.swift in Sources */,
				BF6E0F262BB16C8700E7AFF0 /* KeyboardToolbar.swift in Sources */,
				BF6E0F3B2BB2968600E7AFF0 /* SearchBar.swift in Sources */,
				BF6E0F0A2BB152E200E7AFF0 /* NavigationRouter.swift in Sources */,
				BF267EFC2BA80771009A46F6 /* DIContainer.swift in Sources */,
				BF6E0F442BB3085100E7AFF0 /* RecentSearchView.swift in Sources */,
				BF267EC62BA80412009A46F6 /* AuthenticatedView.swift in Sources */,
				BF267F082BA80AF7009A46F6 /* AppDelegate.swift in Sources */,
				BF267F322BA969AA009A46F6 /* ChatListView.swift in Sources */,
				BF267EF42BA804F1009A46F6 /* Color+Extension.swift in Sources */,
				BF267F2F2BA9699A009A46F6 /* HomeView.swift in Sources */,
				BF5886F92BAABF280059756A /* MyProfileViewModel.swift in Sources */,
				BF6E0EFD2BB148FB00E7AFF0 /* OtherProfileMenuType.swift in Sources */,
				BF6E0F332BB288EF00E7AFF0 /* PushNotificationService.swift in Sources */,
				BF267F1A2BA8120A009A46F6 /* LoginButtonStyle.swift in Sources */,
				BF5886E52BA979190059756A /* Constant.swift in Sources */,
				BF6E0F372BB2911600E7AFF0 /* PushObject.swift in Sources */,
				BF6E0F0D2BB1547900E7AFF0 /* ChatView.swift in Sources */,
				BF6E0F4B2BB3116200E7AFF0 /* SettingItem.swift in Sources */,
				BF58870B2BAAD0980059756A /* UploadService.swift in Sources */,
				BF267EC42BA80412009A46F6 /* LMessengerApp.swift in Sources */,
				BF267F182BA81165009A46F6 /* LoginView.swift in Sources */,
				BF6E0F472BB3114A00E7AFF0 /* SettingView.swift in Sources */,
				BF6E0F182BB15AD400E7AFF0 /* NavigationRoutingView.swift in Sources */,
				BF267F292BA82236009A46F6 /* SHA256.swift in Sources */,
				BF6E0F282BB1A4A900E7AFF0 /* ChatDBRepository.swift in Sources */,
				BF6E0F012BB14BF900E7AFF0 /* ChatRoomObject.swift in Sources */,
				BF6E0F242BB1679200E7AFF0 /* ChatItemDirection.swift in Sources */,
				BF267F0F2BA80D6E009A46F6 /* AuthenticationService.swift in Sources */,
				BF267F2A2BA82236009A46F6 /* RandomNonceString.swift in Sources */,
				BF6E0F162BB159CD00E7AFF0 /* SearchButton.swift in Sources */,
				BF58871B2BAADE710059756A /* URLImageView.swift in Sources */,
				BF267F242BA81709009A46F6 /* ServiceError.swift in Sources */,
				BF5886F32BA9874F0059756A /* MyProfileView.swift in Sources */,
				BF267F162BA80F74009A46F6 /* MainTabView.swift in Sources */,
				BF58871E2BAADE870059756A /* URLImageViewModel.swift in Sources */,
				BF6E0F202BB164D900E7AFF0 /* Date+Extension.swift in Sources */,
				BF6E0F082BB152C800E7AFF0 /* NavigationDestination.swift in Sources */,
				BF6E0F142BB158A800E7AFF0 /* ChatListViewModel.swift in Sources */,
				BF6E0F032BB14F6000E7AFF0 /* ChatRoomService.swift in Sources */,
				BFCC71312BB4551D00CFCEA9 /* ObservableObjectSettable.swift in Sources */,
				BF6E0F2C2BB1A67B00E7AFF0 /* ChatService.swift in Sources */,
				BF6E0F1C2BB163A400E7AFF0 /* Chat.swift in Sources */,
				BF6E0F102BB1548600E7AFF0 /* SearchView.swift in Sources */,
				BF6E0F352BB290E900E7AFF0 /* PushNotificationProvider.swift in Sources */,
				BF6E0F492BB3115600E7AFF0 /* SettingViewModel.swift in Sources */,
				BF6E0F502BB3162E00E7AFF0 /* AppearanceController.swift in Sources */,
				BF5886FD2BAAC5BB0059756A /* MyProfileDescEditView.swift in Sources */,
				BF5886FB2BAAC2310059756A /* MyProfileMenuType.swift in Sources */,
				BF6E0F1A2BB161DB00E7AFF0 /* ChatViewModel.swift in Sources */,
				BF5886F52BA987560059756A /* OtherProfileView.swift in Sources */,
			);
			runOnlyForDeploymentPostprocessing = 0;
		};
		BF267ECC2BA80413009A46F6 /* Sources */ = {
			isa = PBXSourcesBuildPhase;
			buildActionMask = 2147483647;
			files = (
				BFFD45392BB59E7A001F1F93 /* ChatRoomServiceTests.swift in Sources */,
				BFFD453C2BB5A0BB001F1F93 /* ChatViewModelTests.swift in Sources */,
				BFCC71362BB45CC000CFCEA9 /* UserDBRepositoryTests.swift in Sources */,
			);
			runOnlyForDeploymentPostprocessing = 0;
		};
/* End PBXSourcesBuildPhase section */

/* Begin PBXTargetDependency section */
		BF267ED22BA80413009A46F6 /* PBXTargetDependency */ = {
			isa = PBXTargetDependency;
			target = BF267EBF2BA80412009A46F6 /* LMessenger */;
			targetProxy = BF267ED12BA80413009A46F6 /* PBXContainerItemProxy */;
		};
/* End PBXTargetDependency section */

/* Begin XCBuildConfiguration section */
		BF267EE22BA80413009A46F6 /* Debug */ = {
			isa = XCBuildConfiguration;
			buildSettings = {
				ALWAYS_SEARCH_USER_PATHS = NO;
				ASSETCATALOG_COMPILER_GENERATE_SWIFT_ASSET_SYMBOL_EXTENSIONS = YES;
				CLANG_ANALYZER_NONNULL = YES;
				CLANG_ANALYZER_NUMBER_OBJECT_CONVERSION = YES_AGGRESSIVE;
				CLANG_CXX_LANGUAGE_STANDARD = "gnu++20";
				CLANG_ENABLE_MODULES = YES;
				CLANG_ENABLE_OBJC_ARC = YES;
				CLANG_ENABLE_OBJC_WEAK = YES;
				CLANG_WARN_BLOCK_CAPTURE_AUTORELEASING = YES;
				CLANG_WARN_BOOL_CONVERSION = YES;
				CLANG_WARN_COMMA = YES;
				CLANG_WARN_CONSTANT_CONVERSION = YES;
				CLANG_WARN_DEPRECATED_OBJC_IMPLEMENTATIONS = YES;
				CLANG_WARN_DIRECT_OBJC_ISA_USAGE = YES_ERROR;
				CLANG_WARN_DOCUMENTATION_COMMENTS = YES;
				CLANG_WARN_EMPTY_BODY = YES;
				CLANG_WARN_ENUM_CONVERSION = YES;
				CLANG_WARN_INFINITE_RECURSION = YES;
				CLANG_WARN_INT_CONVERSION = YES;
				CLANG_WARN_NON_LITERAL_NULL_CONVERSION = YES;
				CLANG_WARN_OBJC_IMPLICIT_RETAIN_SELF = YES;
				CLANG_WARN_OBJC_LITERAL_CONVERSION = YES;
				CLANG_WARN_OBJC_ROOT_CLASS = YES_ERROR;
				CLANG_WARN_QUOTED_INCLUDE_IN_FRAMEWORK_HEADER = YES;
				CLANG_WARN_RANGE_LOOP_ANALYSIS = YES;
				CLANG_WARN_STRICT_PROTOTYPES = YES;
				CLANG_WARN_SUSPICIOUS_MOVE = YES;
				CLANG_WARN_UNGUARDED_AVAILABILITY = YES_AGGRESSIVE;
				CLANG_WARN_UNREACHABLE_CODE = YES;
				CLANG_WARN__DUPLICATE_METHOD_MATCH = YES;
				COPY_PHASE_STRIP = NO;
				DEBUG_INFORMATION_FORMAT = dwarf;
				ENABLE_STRICT_OBJC_MSGSEND = YES;
				ENABLE_TESTABILITY = YES;
				ENABLE_USER_SCRIPT_SANDBOXING = YES;
				GCC_C_LANGUAGE_STANDARD = gnu17;
				GCC_DYNAMIC_NO_PIC = NO;
				GCC_NO_COMMON_BLOCKS = YES;
				GCC_OPTIMIZATION_LEVEL = 0;
				GCC_PREPROCESSOR_DEFINITIONS = (
					"DEBUG=1",
					"$(inherited)",
				);
				GCC_WARN_64_TO_32_BIT_CONVERSION = YES;
				GCC_WARN_ABOUT_RETURN_TYPE = YES_ERROR;
				GCC_WARN_UNDECLARED_SELECTOR = YES;
				GCC_WARN_UNINITIALIZED_AUTOS = YES_AGGRESSIVE;
				GCC_WARN_UNUSED_FUNCTION = YES;
				GCC_WARN_UNUSED_VARIABLE = YES;
				IPHONEOS_DEPLOYMENT_TARGET = 17.4;
				LOCALIZATION_PREFERS_STRING_CATALOGS = YES;
				MTL_ENABLE_DEBUG_INFO = INCLUDE_SOURCE;
				MTL_FAST_MATH = YES;
				ONLY_ACTIVE_ARCH = YES;
				OTHER_LDFLAGS = "";
				SDKROOT = iphoneos;
				SWIFT_ACTIVE_COMPILATION_CONDITIONS = "DEBUG $(inherited)";
				SWIFT_OPTIMIZATION_LEVEL = "-Onone";
			};
			name = Debug;
		};
		BF267EE32BA80413009A46F6 /* Release */ = {
			isa = XCBuildConfiguration;
			buildSettings = {
				ALWAYS_SEARCH_USER_PATHS = NO;
				ASSETCATALOG_COMPILER_GENERATE_SWIFT_ASSET_SYMBOL_EXTENSIONS = YES;
				CLANG_ANALYZER_NONNULL = YES;
				CLANG_ANALYZER_NUMBER_OBJECT_CONVERSION = YES_AGGRESSIVE;
				CLANG_CXX_LANGUAGE_STANDARD = "gnu++20";
				CLANG_ENABLE_MODULES = YES;
				CLANG_ENABLE_OBJC_ARC = YES;
				CLANG_ENABLE_OBJC_WEAK = YES;
				CLANG_WARN_BLOCK_CAPTURE_AUTORELEASING = YES;
				CLANG_WARN_BOOL_CONVERSION = YES;
				CLANG_WARN_COMMA = YES;
				CLANG_WARN_CONSTANT_CONVERSION = YES;
				CLANG_WARN_DEPRECATED_OBJC_IMPLEMENTATIONS = YES;
				CLANG_WARN_DIRECT_OBJC_ISA_USAGE = YES_ERROR;
				CLANG_WARN_DOCUMENTATION_COMMENTS = YES;
				CLANG_WARN_EMPTY_BODY = YES;
				CLANG_WARN_ENUM_CONVERSION = YES;
				CLANG_WARN_INFINITE_RECURSION = YES;
				CLANG_WARN_INT_CONVERSION = YES;
				CLANG_WARN_NON_LITERAL_NULL_CONVERSION = YES;
				CLANG_WARN_OBJC_IMPLICIT_RETAIN_SELF = YES;
				CLANG_WARN_OBJC_LITERAL_CONVERSION = YES;
				CLANG_WARN_OBJC_ROOT_CLASS = YES_ERROR;
				CLANG_WARN_QUOTED_INCLUDE_IN_FRAMEWORK_HEADER = YES;
				CLANG_WARN_RANGE_LOOP_ANALYSIS = YES;
				CLANG_WARN_STRICT_PROTOTYPES = YES;
				CLANG_WARN_SUSPICIOUS_MOVE = YES;
				CLANG_WARN_UNGUARDED_AVAILABILITY = YES_AGGRESSIVE;
				CLANG_WARN_UNREACHABLE_CODE = YES;
				CLANG_WARN__DUPLICATE_METHOD_MATCH = YES;
				COPY_PHASE_STRIP = NO;
				DEBUG_INFORMATION_FORMAT = "dwarf-with-dsym";
				ENABLE_NS_ASSERTIONS = NO;
				ENABLE_STRICT_OBJC_MSGSEND = YES;
				ENABLE_USER_SCRIPT_SANDBOXING = YES;
				GCC_C_LANGUAGE_STANDARD = gnu17;
				GCC_NO_COMMON_BLOCKS = YES;
				GCC_WARN_64_TO_32_BIT_CONVERSION = YES;
				GCC_WARN_ABOUT_RETURN_TYPE = YES_ERROR;
				GCC_WARN_UNDECLARED_SELECTOR = YES;
				GCC_WARN_UNINITIALIZED_AUTOS = YES_AGGRESSIVE;
				GCC_WARN_UNUSED_FUNCTION = YES;
				GCC_WARN_UNUSED_VARIABLE = YES;
				IPHONEOS_DEPLOYMENT_TARGET = 17.4;
				LOCALIZATION_PREFERS_STRING_CATALOGS = YES;
				MTL_ENABLE_DEBUG_INFO = NO;
				MTL_FAST_MATH = YES;
				OTHER_LDFLAGS = "";
				SDKROOT = iphoneos;
				SWIFT_COMPILATION_MODE = wholemodule;
				VALIDATE_PRODUCT = YES;
			};
			name = Release;
		};
		BF267EE52BA80413009A46F6 /* Debug */ = {
			isa = XCBuildConfiguration;
			buildSettings = {
				ASSETCATALOG_COMPILER_APPICON_NAME = AppIcon;
				ASSETCATALOG_COMPILER_GLOBAL_ACCENT_COLOR_NAME = AccentColor;
				CODE_SIGN_ENTITLEMENTS = LMessenger/LMessenger.entitlements;
				CODE_SIGN_STYLE = Automatic;
				CURRENT_PROJECT_VERSION = 1;
				DEVELOPMENT_ASSET_PATHS = "\"LMessenger/Preview Content\"";
				DEVELOPMENT_TEAM = KB3R84Q4BQ;
				ENABLE_PREVIEWS = YES;
				GENERATE_INFOPLIST_FILE = YES;
				INFOPLIST_FILE = LMessenger/Info.plist;
				INFOPLIST_KEY_CFBundleDisplayName = "L사 메신저앱";
				INFOPLIST_KEY_NSContactsUsageDescription = "친구 목록을 가져옵니다";
				INFOPLIST_KEY_UIApplicationSceneManifest_Generation = YES;
				INFOPLIST_KEY_UIApplicationSupportsIndirectInputEvents = YES;
				INFOPLIST_KEY_UILaunchStoryboardName = LaunchScreen;
				INFOPLIST_KEY_UISupportedInterfaceOrientations = UIInterfaceOrientationPortrait;
				IPHONEOS_DEPLOYMENT_TARGET = 16.0;
				LD_RUNPATH_SEARCH_PATHS = (
					"$(inherited)",
					"@executable_path/Frameworks",
				);
				MARKETING_VERSION = 1.0;
				PRODUCT_BUNDLE_IDENTIFIER = eraseToAnyPublisher;
				PRODUCT_NAME = "$(TARGET_NAME)";
				SWIFT_EMIT_LOC_STRINGS = YES;
				SWIFT_VERSION = 5.0;
				TARGETED_DEVICE_FAMILY = "1,2";
			};
			name = Debug;
		};
		BF267EE62BA80413009A46F6 /* Release */ = {
			isa = XCBuildConfiguration;
			buildSettings = {
				ASSETCATALOG_COMPILER_APPICON_NAME = AppIcon;
				ASSETCATALOG_COMPILER_GLOBAL_ACCENT_COLOR_NAME = AccentColor;
				CODE_SIGN_ENTITLEMENTS = LMessenger/LMessenger.entitlements;
				CODE_SIGN_STYLE = Automatic;
				CURRENT_PROJECT_VERSION = 1;
				DEVELOPMENT_ASSET_PATHS = "\"LMessenger/Preview Content\"";
				DEVELOPMENT_TEAM = KB3R84Q4BQ;
				ENABLE_PREVIEWS = YES;
				GENERATE_INFOPLIST_FILE = YES;
				INFOPLIST_FILE = LMessenger/Info.plist;
				INFOPLIST_KEY_CFBundleDisplayName = "L사 메신저앱";
				INFOPLIST_KEY_NSContactsUsageDescription = "친구 목록을 가져옵니다";
				INFOPLIST_KEY_UIApplicationSceneManifest_Generation = YES;
				INFOPLIST_KEY_UIApplicationSupportsIndirectInputEvents = YES;
				INFOPLIST_KEY_UILaunchStoryboardName = LaunchScreen;
				INFOPLIST_KEY_UISupportedInterfaceOrientations = UIInterfaceOrientationPortrait;
				IPHONEOS_DEPLOYMENT_TARGET = 16.0;
				LD_RUNPATH_SEARCH_PATHS = (
					"$(inherited)",
					"@executable_path/Frameworks",
				);
				MARKETING_VERSION = 1.0;
				PRODUCT_BUNDLE_IDENTIFIER = eraseToAnyPublisher;
				PRODUCT_NAME = "$(TARGET_NAME)";
				SWIFT_EMIT_LOC_STRINGS = YES;
				SWIFT_VERSION = 5.0;
				TARGETED_DEVICE_FAMILY = "1,2";
			};
			name = Release;
		};
		BF267EE82BA80413009A46F6 /* Debug */ = {
			isa = XCBuildConfiguration;
			buildSettings = {
				ALWAYS_EMBED_SWIFT_STANDARD_LIBRARIES = YES;
				BUNDLE_LOADER = "$(TEST_HOST)";
				CODE_SIGN_STYLE = Automatic;
				CURRENT_PROJECT_VERSION = 1;
				DEVELOPMENT_TEAM = KB3R84Q4BQ;
				GENERATE_INFOPLIST_FILE = YES;
				IPHONEOS_DEPLOYMENT_TARGET = 16.0;
				MARKETING_VERSION = 1.0;
				PRODUCT_BUNDLE_IDENTIFIER = com.github.suneom.LMessengerTests;
				PRODUCT_NAME = "$(TARGET_NAME)";
				SWIFT_EMIT_LOC_STRINGS = NO;
				SWIFT_VERSION = 5.0;
				TARGETED_DEVICE_FAMILY = "1,2";
				TEST_HOST = "$(BUILT_PRODUCTS_DIR)/LMessenger.app/$(BUNDLE_EXECUTABLE_FOLDER_PATH)/LMessenger";
			};
			name = Debug;
		};
		BF267EE92BA80413009A46F6 /* Release */ = {
			isa = XCBuildConfiguration;
			buildSettings = {
				ALWAYS_EMBED_SWIFT_STANDARD_LIBRARIES = YES;
				BUNDLE_LOADER = "$(TEST_HOST)";
				CODE_SIGN_STYLE = Automatic;
				CURRENT_PROJECT_VERSION = 1;
				DEVELOPMENT_TEAM = KB3R84Q4BQ;
				GENERATE_INFOPLIST_FILE = YES;
				IPHONEOS_DEPLOYMENT_TARGET = 16.0;
				MARKETING_VERSION = 1.0;
				PRODUCT_BUNDLE_IDENTIFIER = com.github.suneom.LMessengerTests;
				PRODUCT_NAME = "$(TARGET_NAME)";
				SWIFT_EMIT_LOC_STRINGS = NO;
				SWIFT_VERSION = 5.0;
				TARGETED_DEVICE_FAMILY = "1,2";
				TEST_HOST = "$(BUILT_PRODUCTS_DIR)/LMessenger.app/$(BUNDLE_EXECUTABLE_FOLDER_PATH)/LMessenger";
			};
			name = Release;
		};
/* End XCBuildConfiguration section */

/* Begin XCConfigurationList section */
		BF267EBB2BA80412009A46F6 /* Build configuration list for PBXProject "LMessenger" */ = {
			isa = XCConfigurationList;
			buildConfigurations = (
				BF267EE22BA80413009A46F6 /* Debug */,
				BF267EE32BA80413009A46F6 /* Release */,
			);
			defaultConfigurationIsVisible = 0;
			defaultConfigurationName = Release;
		};
		BF267EE42BA80413009A46F6 /* Build configuration list for PBXNativeTarget "LMessenger" */ = {
			isa = XCConfigurationList;
			buildConfigurations = (
				BF267EE52BA80413009A46F6 /* Debug */,
				BF267EE62BA80413009A46F6 /* Release */,
			);
			defaultConfigurationIsVisible = 0;
			defaultConfigurationName = Release;
		};
		BF267EE72BA80413009A46F6 /* Build configuration list for PBXNativeTarget "LMessengerTests" */ = {
			isa = XCConfigurationList;
			buildConfigurations = (
				BF267EE82BA80413009A46F6 /* Debug */,
				BF267EE92BA80413009A46F6 /* Release */,
			);
			defaultConfigurationIsVisible = 0;
			defaultConfigurationName = Release;
		};
/* End XCConfigurationList section */

/* Begin XCRemoteSwiftPackageReference section */
		BF267F092BA80C1F009A46F6 /* XCRemoteSwiftPackageReference "firebase-ios-sdk" */ = {
			isa = XCRemoteSwiftPackageReference;
			repositoryURL = "https://github.com/firebase/firebase-ios-sdk.git";
			requirement = {
				kind = upToNextMajorVersion;
				minimumVersion = 10.22.1;
			};
		};
		BF267F1B2BA815CE009A46F6 /* XCRemoteSwiftPackageReference "GoogleSignIn-iOS" */ = {
			isa = XCRemoteSwiftPackageReference;
			repositoryURL = "https://github.com/google/GoogleSignIn-iOS";
			requirement = {
				kind = upToNextMajorVersion;
				minimumVersion = 7.0.0;
			};
		};
/* End XCRemoteSwiftPackageReference section */

/* Begin XCSwiftPackageProductDependency section */
		BF267F0A2BA80C1F009A46F6 /* FirebaseAuth */ = {
			isa = XCSwiftPackageProductDependency;
			package = BF267F092BA80C1F009A46F6 /* XCRemoteSwiftPackageReference "firebase-ios-sdk" */;
			productName = FirebaseAuth;
		};
		BF267F1C2BA815CE009A46F6 /* GoogleSignIn */ = {
			isa = XCSwiftPackageProductDependency;
			package = BF267F1B2BA815CE009A46F6 /* XCRemoteSwiftPackageReference "GoogleSignIn-iOS" */;
			productName = GoogleSignIn;
		};
		BF267F1E2BA815CE009A46F6 /* GoogleSignInSwift */ = {
			isa = XCSwiftPackageProductDependency;
			package = BF267F1B2BA815CE009A46F6 /* XCRemoteSwiftPackageReference "GoogleSignIn-iOS" */;
			productName = GoogleSignInSwift;
		};
		BF5886D82BA971000059756A /* FirebaseDatabase */ = {
			isa = XCSwiftPackageProductDependency;
			package = BF267F092BA80C1F009A46F6 /* XCRemoteSwiftPackageReference "firebase-ios-sdk" */;
			productName = FirebaseDatabase;
		};
		BF5887032BAACFAA0059756A /* FirebaseStorage */ = {
			isa = XCSwiftPackageProductDependency;
			package = BF267F092BA80C1F009A46F6 /* XCRemoteSwiftPackageReference "firebase-ios-sdk" */;
			productName = FirebaseStorage;
		};
		BF5887052BAACFAA0059756A /* FirebaseStorageCombine-Community */ = {
			isa = XCSwiftPackageProductDependency;
			package = BF267F092BA80C1F009A46F6 /* XCRemoteSwiftPackageReference "firebase-ios-sdk" */;
			productName = "FirebaseStorageCombine-Community";
		};
		BF6E0F302BB2870300E7AFF0 /* FirebaseMessaging */ = {
			isa = XCSwiftPackageProductDependency;
			package = BF267F092BA80C1F009A46F6 /* XCRemoteSwiftPackageReference "firebase-ios-sdk" */;
			productName = FirebaseMessaging;
		};
		BFCC711F2BB4457F00CFCEA9 /* FirebaseAuth */ = {
			isa = XCSwiftPackageProductDependency;
			package = BF267F092BA80C1F009A46F6 /* XCRemoteSwiftPackageReference "firebase-ios-sdk" */;
			productName = FirebaseAuth;
		};
		BFCC71212BB4457F00CFCEA9 /* FirebaseDatabase */ = {
			isa = XCSwiftPackageProductDependency;
			package = BF267F092BA80C1F009A46F6 /* XCRemoteSwiftPackageReference "firebase-ios-sdk" */;
			productName = FirebaseDatabase;
		};
		BFCC71232BB4457F00CFCEA9 /* FirebaseMessaging */ = {
			isa = XCSwiftPackageProductDependency;
			package = BF267F092BA80C1F009A46F6 /* XCRemoteSwiftPackageReference "firebase-ios-sdk" */;
			productName = FirebaseMessaging;
		};
		BFCC71252BB4457F00CFCEA9 /* FirebaseStorage */ = {
			isa = XCSwiftPackageProductDependency;
			package = BF267F092BA80C1F009A46F6 /* XCRemoteSwiftPackageReference "firebase-ios-sdk" */;
			productName = FirebaseStorage;
		};
		BFCC71272BB4457F00CFCEA9 /* FirebaseStorageCombine-Community */ = {
			isa = XCSwiftPackageProductDependency;
			package = BF267F092BA80C1F009A46F6 /* XCRemoteSwiftPackageReference "firebase-ios-sdk" */;
			productName = "FirebaseStorageCombine-Community";
		};
/* End XCSwiftPackageProductDependency section */

/* Begin XCVersionGroup section */
		BF6E0F3C2BB3069F00E7AFF0 /* Search.xcdatamodeld */ = {
			isa = XCVersionGroup;
			children = (
				BF6E0F3D2BB3069F00E7AFF0 /* Search.xcdatamodel */,
			);
			currentVersion = BF6E0F3D2BB3069F00E7AFF0 /* Search.xcdatamodel */;
			name = Search.xcdatamodeld;
			path = /Users/eomtaeyang/Documents/Programming/FastCampus/LMessenger/LMessenger/Resource/Search.xcdatamodeld;
			sourceTree = "<group>";
			versionGroupType = wrapper.xcdatamodel;
		};
/* End XCVersionGroup section */
	};
	rootObject = BF267EB82BA80412009A46F6 /* Project object */;
}
