// !$*UTF8*$!
{
	archiveVersion = 1;
	classes = {
	};
	objectVersion = 56;
	objects = {

/* Begin PBXBuildFile section */
		BF8655562BBA977500831A80 /* HomeCouponButtonCollectionViewCell.swift in Sources */ = {isa = PBXBuildFile; fileRef = BF8655552BBA977500831A80 /* HomeCouponButtonCollectionViewCell.swift */; };
		BF8655592BBA97AB00831A80 /* HomeCouponButtonCollectionViewCellViewModel.swift in Sources */ = {isa = PBXBuildFile; fileRef = BF8655582BBA97AB00831A80 /* HomeCouponButtonCollectionViewCellViewModel.swift */; };
		BF86555B2BBAA5AA00831A80 /* HomeSeparateLineCollectionViewCell.swift in Sources */ = {isa = PBXBuildFile; fileRef = BF86555A2BBAA5AA00831A80 /* HomeSeparateLineCollectionViewCell.swift */; };
		BF86555E2BBAA5DC00831A80 /* HomeSeparateLineCollectionViewCellViewModel.swift in Sources */ = {isa = PBXBuildFile; fileRef = BF86555D2BBAA5DC00831A80 /* HomeSeparateLineCollectionViewCellViewModel.swift */; };
		BF8655612BBAAF4000831A80 /* HomeThemeCollectionViewCell.swift in Sources */ = {isa = PBXBuildFile; fileRef = BF8655602BBAAF4000831A80 /* HomeThemeCollectionViewCell.swift */; };
		BF8655632BBAAF4600831A80 /* HomeThemeCollectionViewCellViewModel.swift in Sources */ = {isa = PBXBuildFile; fileRef = BF8655622BBAAF4600831A80 /* HomeThemeCollectionViewCellViewModel.swift */; };
		BF8655652BBAB32F00831A80 /* HomeThemeHeaderView.swift in Sources */ = {isa = PBXBuildFile; fileRef = BF8655642BBAB32F00831A80 /* HomeThemeHeaderView.swift */; };
		BF8655672BBAB34E00831A80 /* HomeThemeHeaderViewModel.swift in Sources */ = {isa = PBXBuildFile; fileRef = BF8655662BBAB34E00831A80 /* HomeThemeHeaderViewModel.swift */; };
		BF8655692BBBD74900831A80 /* HomeCategoryCell.swift in Sources */ = {isa = PBXBuildFile; fileRef = BF8655682BBBD74900831A80 /* HomeCategoryCell.swift */; };
		BF86556C2BBBD75E00831A80 /* HomeCategoryCellViewModel.swift in Sources */ = {isa = PBXBuildFile; fileRef = BF86556B2BBBD75E00831A80 /* HomeCategoryCellViewModel.swift */; };
		BF8655712BBBE61200831A80 /* HomeThinSeparateLineCollectionViewCell.swift in Sources */ = {isa = PBXBuildFile; fileRef = BF8655702BBBE61200831A80 /* HomeThinSeparateLineCollectionViewCell.swift */; };
		BF8655732BBBE61D00831A80 /* HomeThinSeparateLineCollectionViewCellViewModel.swift in Sources */ = {isa = PBXBuildFile; fileRef = BF8655722BBBE61D00831A80 /* HomeThinSeparateLineCollectionViewCellViewModel.swift */; };
		BFEAF3BE2BB6940600E44409 /* Splash.storyboard in Resources */ = {isa = PBXBuildFile; fileRef = BFEAF3BD2BB6940600E44409 /* Splash.storyboard */; };
		BFEAF3C02BB6944F00E44409 /* SplashViewController.swift in Sources */ = {isa = PBXBuildFile; fileRef = BFEAF3BF2BB6944F00E44409 /* SplashViewController.swift */; };
		BFEAF3C32BB69A2E00E44409 /* Lottie in Frameworks */ = {isa = PBXBuildFile; productRef = BFEAF3C22BB69A2E00E44409 /* Lottie */; };
		BFEAF3C62BB69C9A00E44409 /* Images.xcassets in Resources */ = {isa = PBXBuildFile; fileRef = BFEAF3C52BB69C9A00E44409 /* Images.xcassets */; };
		BFEAF3C82BB69EE300E44409 /* CPImage.swift in Sources */ = {isa = PBXBuildFile; fileRef = BFEAF3C72BB69EE300E44409 /* CPImage.swift */; };
		BFEAF3CA2BB6A05500E44409 /* Colors.xcassets in Resources */ = {isa = PBXBuildFile; fileRef = BFEAF3C92BB6A05500E44409 /* Colors.xcassets */; };
		BFEAF3CC2BB6A3CF00E44409 /* CPColor.swift in Sources */ = {isa = PBXBuildFile; fileRef = BFEAF3CB2BB6A3CF00E44409 /* CPColor.swift */; };
		BFEAF3CE2BB6A47F00E44409 /* CPFont.swift in Sources */ = {isa = PBXBuildFile; fileRef = BFEAF3CD2BB6A47F00E44409 /* CPFont.swift */; };
		BFEAF3D02BB6ACE100E44409 /* Home.storyboard in Resources */ = {isa = PBXBuildFile; fileRef = BFEAF3CF2BB6ACE100E44409 /* Home.storyboard */; };
		BFEAF3D22BB6ACF000E44409 /* HomeViewController.swift in Sources */ = {isa = PBXBuildFile; fileRef = BFEAF3D12BB6ACF000E44409 /* HomeViewController.swift */; };
		BFEAF3D92BB6B2C100E44409 /* HomeBannerCollectionViewCell.swift in Sources */ = {isa = PBXBuildFile; fileRef = BFEAF3D82BB6B2C100E44409 /* HomeBannerCollectionViewCell.swift */; };
		BFEAF3DB2BB6B96900E44409 /* HomeProductCollectionViewCell.swift in Sources */ = {isa = PBXBuildFile; fileRef = BFEAF3DA2BB6B96900E44409 /* HomeProductCollectionViewCell.swift */; };
		BFEAF3DD2BB6BA8500E44409 /* HomeProductCollectionViewCellViewModel.swift in Sources */ = {isa = PBXBuildFile; fileRef = BFEAF3DC2BB6BA8500E44409 /* HomeProductCollectionViewCellViewModel.swift */; };
		BFEAF3E22BB6BC3200E44409 /* HomeBannerCollectionViewCellViewModel.swift in Sources */ = {isa = PBXBuildFile; fileRef = BFEAF3E12BB6BC3200E44409 /* HomeBannerCollectionViewCellViewModel.swift */; };
		BFEAF3E52BBA727900E44409 /* NetworkService.swift in Sources */ = {isa = PBXBuildFile; fileRef = BFEAF3E42BBA727900E44409 /* NetworkService.swift */; };
		BFEAF3E82BBA735700E44409 /* HomeResponse.swift in Sources */ = {isa = PBXBuildFile; fileRef = BFEAF3E72BBA735700E44409 /* HomeResponse.swift */; };
		BFEAF3EB2BBA76B500E44409 /* Kingfisher in Frameworks */ = {isa = PBXBuildFile; productRef = BFEAF3EA2BBA76B500E44409 /* Kingfisher */; };
		BFEAF3ED2BBA77B600E44409 /* HomeViewModel.swift in Sources */ = {isa = PBXBuildFile; fileRef = BFEAF3EC2BBA77B600E44409 /* HomeViewModel.swift */; };
		BFEAF3F02BBA804100E44409 /* Numeric+Extensions.swift in Sources */ = {isa = PBXBuildFile; fileRef = BFEAF3EF2BBA804100E44409 /* Numeric+Extensions.swift */; };
		BFFD454A2BB69112001F1F93 /* AppDelegate.swift in Sources */ = {isa = PBXBuildFile; fileRef = BFFD45492BB69112001F1F93 /* AppDelegate.swift */; };
		BFFD454C2BB69112001F1F93 /* SceneDelegate.swift in Sources */ = {isa = PBXBuildFile; fileRef = BFFD454B2BB69112001F1F93 /* SceneDelegate.swift */; };
		BFFD45532BB69114001F1F93 /* Assets.xcassets in Resources */ = {isa = PBXBuildFile; fileRef = BFFD45522BB69114001F1F93 /* Assets.xcassets */; };
		BFFD45562BB69114001F1F93 /* Base in Resources */ = {isa = PBXBuildFile; fileRef = BFFD45552BB69114001F1F93 /* Base */; };
/* End PBXBuildFile section */

/* Begin PBXFileReference section */
		BF8655552BBA977500831A80 /* HomeCouponButtonCollectionViewCell.swift */ = {isa = PBXFileReference; lastKnownFileType = sourcecode.swift; path = HomeCouponButtonCollectionViewCell.swift; sourceTree = "<group>"; };
		BF8655582BBA97AB00831A80 /* HomeCouponButtonCollectionViewCellViewModel.swift */ = {isa = PBXFileReference; lastKnownFileType = sourcecode.swift; path = HomeCouponButtonCollectionViewCellViewModel.swift; sourceTree = "<group>"; };
		BF86555A2BBAA5AA00831A80 /* HomeSeparateLineCollectionViewCell.swift */ = {isa = PBXFileReference; lastKnownFileType = sourcecode.swift; path = HomeSeparateLineCollectionViewCell.swift; sourceTree = "<group>"; };
		BF86555D2BBAA5DC00831A80 /* HomeSeparateLineCollectionViewCellViewModel.swift */ = {isa = PBXFileReference; lastKnownFileType = sourcecode.swift; path = HomeSeparateLineCollectionViewCellViewModel.swift; sourceTree = "<group>"; };
		BF8655602BBAAF4000831A80 /* HomeThemeCollectionViewCell.swift */ = {isa = PBXFileReference; lastKnownFileType = sourcecode.swift; path = HomeThemeCollectionViewCell.swift; sourceTree = "<group>"; };
		BF8655622BBAAF4600831A80 /* HomeThemeCollectionViewCellViewModel.swift */ = {isa = PBXFileReference; lastKnownFileType = sourcecode.swift; path = HomeThemeCollectionViewCellViewModel.swift; sourceTree = "<group>"; };
		BF8655642BBAB32F00831A80 /* HomeThemeHeaderView.swift */ = {isa = PBXFileReference; lastKnownFileType = sourcecode.swift; path = HomeThemeHeaderView.swift; sourceTree = "<group>"; };
		BF8655662BBAB34E00831A80 /* HomeThemeHeaderViewModel.swift */ = {isa = PBXFileReference; lastKnownFileType = sourcecode.swift; path = HomeThemeHeaderViewModel.swift; sourceTree = "<group>"; };
		BF8655682BBBD74900831A80 /* HomeCategoryCell.swift */ = {isa = PBXFileReference; lastKnownFileType = sourcecode.swift; path = HomeCategoryCell.swift; sourceTree = "<group>"; };
		BF86556B2BBBD75E00831A80 /* HomeCategoryCellViewModel.swift */ = {isa = PBXFileReference; lastKnownFileType = sourcecode.swift; path = HomeCategoryCellViewModel.swift; sourceTree = "<group>"; };
		BF8655702BBBE61200831A80 /* HomeThinSeparateLineCollectionViewCell.swift */ = {isa = PBXFileReference; lastKnownFileType = sourcecode.swift; path = HomeThinSeparateLineCollectionViewCell.swift; sourceTree = "<group>"; };
		BF8655722BBBE61D00831A80 /* HomeThinSeparateLineCollectionViewCellViewModel.swift */ = {isa = PBXFileReference; lastKnownFileType = sourcecode.swift; path = HomeThinSeparateLineCollectionViewCellViewModel.swift; sourceTree = "<group>"; };
		BFEAF3BD2BB6940600E44409 /* Splash.storyboard */ = {isa = PBXFileReference; lastKnownFileType = file.storyboard; path = Splash.storyboard; sourceTree = "<group>"; };
		BFEAF3BF2BB6944F00E44409 /* SplashViewController.swift */ = {isa = PBXFileReference; lastKnownFileType = sourcecode.swift; path = SplashViewController.swift; sourceTree = "<group>"; };
		BFEAF3C52BB69C9A00E44409 /* Images.xcassets */ = {isa = PBXFileReference; lastKnownFileType = folder.assetcatalog; path = Images.xcassets; sourceTree = "<group>"; };
		BFEAF3C72BB69EE300E44409 /* CPImage.swift */ = {isa = PBXFileReference; lastKnownFileType = sourcecode.swift; path = CPImage.swift; sourceTree = "<group>"; };
		BFEAF3C92BB6A05500E44409 /* Colors.xcassets */ = {isa = PBXFileReference; lastKnownFileType = folder.assetcatalog; path = Colors.xcassets; sourceTree = "<group>"; };
		BFEAF3CB2BB6A3CF00E44409 /* CPColor.swift */ = {isa = PBXFileReference; lastKnownFileType = sourcecode.swift; path = CPColor.swift; sourceTree = "<group>"; };
		BFEAF3CD2BB6A47F00E44409 /* CPFont.swift */ = {isa = PBXFileReference; lastKnownFileType = sourcecode.swift; path = CPFont.swift; sourceTree = "<group>"; };
		BFEAF3CF2BB6ACE100E44409 /* Home.storyboard */ = {isa = PBXFileReference; lastKnownFileType = file.storyboard; path = Home.storyboard; sourceTree = "<group>"; };
		BFEAF3D12BB6ACF000E44409 /* HomeViewController.swift */ = {isa = PBXFileReference; lastKnownFileType = sourcecode.swift; path = HomeViewController.swift; sourceTree = "<group>"; };
		BFEAF3D82BB6B2C100E44409 /* HomeBannerCollectionViewCell.swift */ = {isa = PBXFileReference; lastKnownFileType = sourcecode.swift; path = HomeBannerCollectionViewCell.swift; sourceTree = "<group>"; };
		BFEAF3DA2BB6B96900E44409 /* HomeProductCollectionViewCell.swift */ = {isa = PBXFileReference; lastKnownFileType = sourcecode.swift; path = HomeProductCollectionViewCell.swift; sourceTree = "<group>"; };
		BFEAF3DC2BB6BA8500E44409 /* HomeProductCollectionViewCellViewModel.swift */ = {isa = PBXFileReference; lastKnownFileType = sourcecode.swift; path = HomeProductCollectionViewCellViewModel.swift; sourceTree = "<group>"; };
		BFEAF3E12BB6BC3200E44409 /* HomeBannerCollectionViewCellViewModel.swift */ = {isa = PBXFileReference; lastKnownFileType = sourcecode.swift; path = HomeBannerCollectionViewCellViewModel.swift; sourceTree = "<group>"; };
		BFEAF3E42BBA727900E44409 /* NetworkService.swift */ = {isa = PBXFileReference; lastKnownFileType = sourcecode.swift; path = NetworkService.swift; sourceTree = "<group>"; };
		BFEAF3E72BBA735700E44409 /* HomeResponse.swift */ = {isa = PBXFileReference; lastKnownFileType = sourcecode.swift; path = HomeResponse.swift; sourceTree = "<group>"; };
		BFEAF3EC2BBA77B600E44409 /* HomeViewModel.swift */ = {isa = PBXFileReference; lastKnownFileType = sourcecode.swift; path = HomeViewModel.swift; sourceTree = "<group>"; };
		BFEAF3EF2BBA804100E44409 /* Numeric+Extensions.swift */ = {isa = PBXFileReference; lastKnownFileType = sourcecode.swift; path = "Numeric+Extensions.swift"; sourceTree = "<group>"; };
		BFFD45462BB69112001F1F93 /* Cproject.app */ = {isa = PBXFileReference; explicitFileType = wrapper.application; includeInIndex = 0; path = Cproject.app; sourceTree = BUILT_PRODUCTS_DIR; };
		BFFD45492BB69112001F1F93 /* AppDelegate.swift */ = {isa = PBXFileReference; lastKnownFileType = sourcecode.swift; path = AppDelegate.swift; sourceTree = "<group>"; };
		BFFD454B2BB69112001F1F93 /* SceneDelegate.swift */ = {isa = PBXFileReference; lastKnownFileType = sourcecode.swift; path = SceneDelegate.swift; sourceTree = "<group>"; };
		BFFD45522BB69114001F1F93 /* Assets.xcassets */ = {isa = PBXFileReference; lastKnownFileType = folder.assetcatalog; path = Assets.xcassets; sourceTree = "<group>"; };
		BFFD45552BB69114001F1F93 /* Base */ = {isa = PBXFileReference; lastKnownFileType = file.storyboard; name = Base; path = Base.lproj/LaunchScreen.storyboard; sourceTree = "<group>"; };
		BFFD45572BB69114001F1F93 /* Info.plist */ = {isa = PBXFileReference; lastKnownFileType = text.plist.xml; path = Info.plist; sourceTree = "<group>"; };
/* End PBXFileReference section */

/* Begin PBXFrameworksBuildPhase section */
		BFFD45432BB69112001F1F93 /* Frameworks */ = {
			isa = PBXFrameworksBuildPhase;
			buildActionMask = 2147483647;
			files = (
				BFEAF3EB2BBA76B500E44409 /* Kingfisher in Frameworks */,
				BFEAF3C32BB69A2E00E44409 /* Lottie in Frameworks */,
			);
			runOnlyForDeploymentPostprocessing = 0;
		};
/* End PBXFrameworksBuildPhase section */

/* Begin PBXGroup section */
		BF8655572BBA979D00831A80 /* HomeCouponButton */ = {
			isa = PBXGroup;
			children = (
				BF8655552BBA977500831A80 /* HomeCouponButtonCollectionViewCell.swift */,
				BF8655582BBA97AB00831A80 /* HomeCouponButtonCollectionViewCellViewModel.swift */,
			);
			path = HomeCouponButton;
			sourceTree = "<group>";
		};
		BF86555C2BBAA5BF00831A80 /* HomeSeparateLine */ = {
			isa = PBXGroup;
			children = (
				BF86555A2BBAA5AA00831A80 /* HomeSeparateLineCollectionViewCell.swift */,
				BF86555D2BBAA5DC00831A80 /* HomeSeparateLineCollectionViewCellViewModel.swift */,
			);
			path = HomeSeparateLine;
			sourceTree = "<group>";
		};
		BF86555F2BBAAF3000831A80 /* HomeTheme */ = {
			isa = PBXGroup;
			children = (
				BF8655602BBAAF4000831A80 /* HomeThemeCollectionViewCell.swift */,
				BF8655622BBAAF4600831A80 /* HomeThemeCollectionViewCellViewModel.swift */,
				BF8655642BBAB32F00831A80 /* HomeThemeHeaderView.swift */,
				BF8655662BBAB34E00831A80 /* HomeThemeHeaderViewModel.swift */,
			);
			path = HomeTheme;
			sourceTree = "<group>";
		};
		BF86556A2BBBD75200831A80 /* HomeCategoryCell */ = {
			isa = PBXGroup;
			children = (
				BF8655682BBBD74900831A80 /* HomeCategoryCell.swift */,
				BF86556B2BBBD75E00831A80 /* HomeCategoryCellViewModel.swift */,
			);
			path = HomeCategoryCell;
			sourceTree = "<group>";
		};
		BF86556F2BBBE52A00831A80 /* HomeThinSeparatorLine */ = {
			isa = PBXGroup;
			children = (
				BF8655702BBBE61200831A80 /* HomeThinSeparateLineCollectionViewCell.swift */,
				BF8655722BBBE61D00831A80 /* HomeThinSeparateLineCollectionViewCellViewModel.swift */,
			);
			path = HomeThinSeparatorLine;
			sourceTree = "<group>";
		};
		BFEAF3C42BB69C7400E44409 /* DesignSource */ = {
			isa = PBXGroup;
			children = (
				BFFD45522BB69114001F1F93 /* Assets.xcassets */,
				BFEAF3C52BB69C9A00E44409 /* Images.xcassets */,
				BFEAF3C92BB6A05500E44409 /* Colors.xcassets */,
				BFEAF3CB2BB6A3CF00E44409 /* CPColor.swift */,
				BFEAF3C72BB69EE300E44409 /* CPImage.swift */,
				BFEAF3CD2BB6A47F00E44409 /* CPFont.swift */,
			);
			path = DesignSource;
			sourceTree = "<group>";
		};
		BFEAF3D32BB6AFE800E44409 /* Splash */ = {
			isa = PBXGroup;
			children = (
				BFFD45542BB69114001F1F93 /* LaunchScreen.storyboard */,
				BFEAF3BD2BB6940600E44409 /* Splash.storyboard */,
				BFEAF3BF2BB6944F00E44409 /* SplashViewController.swift */,
			);
			path = Splash;
			sourceTree = "<group>";
		};
		BFEAF3D42BB6AFEE00E44409 /* Home */ = {
			isa = PBXGroup;
			children = (
				BFEAF3CF2BB6ACE100E44409 /* Home.storyboard */,
				BFEAF3DF2BB6BAAA00E44409 /* CollecionViewCell */,
				BFEAF3D12BB6ACF000E44409 /* HomeViewController.swift */,
				BFEAF3EC2BBA77B600E44409 /* HomeViewModel.swift */,
			);
			path = Home;
			sourceTree = "<group>";
		};
		BFEAF3D62BB6B00300E44409 /* View */ = {
			isa = PBXGroup;
			children = (
				BFEAF3D32BB6AFE800E44409 /* Splash */,
				BFEAF3D42BB6AFEE00E44409 /* Home */,
			);
			path = View;
			sourceTree = "<group>";
		};
		BFEAF3D72BB6B01000E44409 /* Delegate */ = {
			isa = PBXGroup;
			children = (
				BFFD45492BB69112001F1F93 /* AppDelegate.swift */,
				BFFD454B2BB69112001F1F93 /* SceneDelegate.swift */,
			);
			path = Delegate;
			sourceTree = "<group>";
		};
		BFEAF3DE2BB6BA9900E44409 /* HomeProduct */ = {
			isa = PBXGroup;
			children = (
				BFEAF3DA2BB6B96900E44409 /* HomeProductCollectionViewCell.swift */,
				BFEAF3DC2BB6BA8500E44409 /* HomeProductCollectionViewCellViewModel.swift */,
			);
			path = HomeProduct;
			sourceTree = "<group>";
		};
		BFEAF3DF2BB6BAAA00E44409 /* CollecionViewCell */ = {
			isa = PBXGroup;
			children = (
				BF86556F2BBBE52A00831A80 /* HomeThinSeparatorLine */,
				BF86556A2BBBD75200831A80 /* HomeCategoryCell */,
				BF86555F2BBAAF3000831A80 /* HomeTheme */,
				BFEAF3E02BB6BC2100E44409 /* HomeBanner */,
				BFEAF3DE2BB6BA9900E44409 /* HomeProduct */,
				BF8655572BBA979D00831A80 /* HomeCouponButton */,
				BF86555C2BBAA5BF00831A80 /* HomeSeparateLine */,
			);
			path = CollecionViewCell;
			sourceTree = "<group>";
		};
		BFEAF3E02BB6BC2100E44409 /* HomeBanner */ = {
			isa = PBXGroup;
			children = (
				BFEAF3D82BB6B2C100E44409 /* HomeBannerCollectionViewCell.swift */,
				BFEAF3E12BB6BC3200E44409 /* HomeBannerCollectionViewCellViewModel.swift */,
			);
			path = HomeBanner;
			sourceTree = "<group>";
		};
		BFEAF3E32BBA726500E44409 /* Network */ = {
			isa = PBXGroup;
			children = (
				BFEAF3E42BBA727900E44409 /* NetworkService.swift */,
			);
			path = Network;
			sourceTree = "<group>";
		};
		BFEAF3E62BBA734900E44409 /* Model */ = {
			isa = PBXGroup;
			children = (
				BFEAF3E72BBA735700E44409 /* HomeResponse.swift */,
			);
			path = Model;
			sourceTree = "<group>";
		};
		BFEAF3EE2BBA803000E44409 /* Extensions */ = {
			isa = PBXGroup;
			children = (
				BFEAF3EF2BBA804100E44409 /* Numeric+Extensions.swift */,
			);
			path = Extensions;
			sourceTree = "<group>";
		};
		BFFD453D2BB69112001F1F93 = {
			isa = PBXGroup;
			children = (
				BFFD45482BB69112001F1F93 /* Cproject */,
				BFFD45472BB69112001F1F93 /* Products */,
			);
			sourceTree = "<group>";
		};
		BFFD45472BB69112001F1F93 /* Products */ = {
			isa = PBXGroup;
			children = (
				BFFD45462BB69112001F1F93 /* Cproject.app */,
			);
			name = Products;
			sourceTree = "<group>";
		};
		BFFD45482BB69112001F1F93 /* Cproject */ = {
			isa = PBXGroup;
			children = (
				BFEAF3EE2BBA803000E44409 /* Extensions */,
				BFEAF3D72BB6B01000E44409 /* Delegate */,
				BFEAF3D62BB6B00300E44409 /* View */,
				BFEAF3E62BBA734900E44409 /* Model */,
				BFEAF3E32BBA726500E44409 /* Network */,
				BFEAF3C42BB69C7400E44409 /* DesignSource */,
				BFFD45572BB69114001F1F93 /* Info.plist */,
			);
			path = Cproject;
			sourceTree = "<group>";
		};
/* End PBXGroup section */

/* Begin PBXNativeTarget section */
		BFFD45452BB69112001F1F93 /* Cproject */ = {
			isa = PBXNativeTarget;
			buildConfigurationList = BFFD455A2BB69114001F1F93 /* Build configuration list for PBXNativeTarget "Cproject" */;
			buildPhases = (
				BFFD45422BB69112001F1F93 /* Sources */,
				BFFD45432BB69112001F1F93 /* Frameworks */,
				BFFD45442BB69112001F1F93 /* Resources */,
			);
			buildRules = (
			);
			dependencies = (
			);
			name = Cproject;
			packageProductDependencies = (
				BFEAF3C22BB69A2E00E44409 /* Lottie */,
				BFEAF3EA2BBA76B500E44409 /* Kingfisher */,
			);
			productName = Cproject;
			productReference = BFFD45462BB69112001F1F93 /* Cproject.app */;
			productType = "com.apple.product-type.application";
		};
/* End PBXNativeTarget section */

/* Begin PBXProject section */
		BFFD453E2BB69112001F1F93 /* Project object */ = {
			isa = PBXProject;
			attributes = {
				BuildIndependentTargetsInParallel = 1;
				LastSwiftUpdateCheck = 1530;
				LastUpgradeCheck = 1530;
				TargetAttributes = {
					BFFD45452BB69112001F1F93 = {
						CreatedOnToolsVersion = 15.3;
					};
				};
			};
			buildConfigurationList = BFFD45412BB69112001F1F93 /* Build configuration list for PBXProject "Cproject" */;
			compatibilityVersion = "Xcode 14.0";
			developmentRegion = en;
			hasScannedForEncodings = 0;
			knownRegions = (
				en,
				Base,
			);
			mainGroup = BFFD453D2BB69112001F1F93;
			packageReferences = (
				BFEAF3C12BB69A2E00E44409 /* XCRemoteSwiftPackageReference "lottie-ios" */,
				BFEAF3E92BBA76B500E44409 /* XCRemoteSwiftPackageReference "Kingfisher" */,
			);
			productRefGroup = BFFD45472BB69112001F1F93 /* Products */;
			projectDirPath = "";
			projectRoot = "";
			targets = (
				BFFD45452BB69112001F1F93 /* Cproject */,
			);
		};
/* End PBXProject section */

/* Begin PBXResourcesBuildPhase section */
		BFFD45442BB69112001F1F93 /* Resources */ = {
			isa = PBXResourcesBuildPhase;
			buildActionMask = 2147483647;
			files = (
				BFEAF3D02BB6ACE100E44409 /* Home.storyboard in Resources */,
				BFFD45532BB69114001F1F93 /* Assets.xcassets in Resources */,
				BFEAF3C62BB69C9A00E44409 /* Images.xcassets in Resources */,
				BFFD45562BB69114001F1F93 /* Base in Resources */,
				BFEAF3CA2BB6A05500E44409 /* Colors.xcassets in Resources */,
				BFEAF3BE2BB6940600E44409 /* Splash.storyboard in Resources */,
			);
			runOnlyForDeploymentPostprocessing = 0;
		};
/* End PBXResourcesBuildPhase section */

/* Begin PBXSourcesBuildPhase section */
		BFFD45422BB69112001F1F93 /* Sources */ = {
			isa = PBXSourcesBuildPhase;
			buildActionMask = 2147483647;
			files = (
				BFEAF3CC2BB6A3CF00E44409 /* CPColor.swift in Sources */,
				BF8655612BBAAF4000831A80 /* HomeThemeCollectionViewCell.swift in Sources */,
				BF8655652BBAB32F00831A80 /* HomeThemeHeaderView.swift in Sources */,
				BF86555E2BBAA5DC00831A80 /* HomeSeparateLineCollectionViewCellViewModel.swift in Sources */,
				BFEAF3DB2BB6B96900E44409 /* HomeProductCollectionViewCell.swift in Sources */,
				BFEAF3E82BBA735700E44409 /* HomeResponse.swift in Sources */,
				BF8655592BBA97AB00831A80 /* HomeCouponButtonCollectionViewCellViewModel.swift in Sources */,
				BF86556C2BBBD75E00831A80 /* HomeCategoryCellViewModel.swift in Sources */,
				BF8655562BBA977500831A80 /* HomeCouponButtonCollectionViewCell.swift in Sources */,
				BF8655692BBBD74900831A80 /* HomeCategoryCell.swift in Sources */,
				BFEAF3DD2BB6BA8500E44409 /* HomeProductCollectionViewCellViewModel.swift in Sources */,
				BFFD454A2BB69112001F1F93 /* AppDelegate.swift in Sources */,
				BFEAF3D22BB6ACF000E44409 /* HomeViewController.swift in Sources */,
				BFEAF3CE2BB6A47F00E44409 /* CPFont.swift in Sources */,
				BFEAF3E22BB6BC3200E44409 /* HomeBannerCollectionViewCellViewModel.swift in Sources */,
				BF86555B2BBAA5AA00831A80 /* HomeSeparateLineCollectionViewCell.swift in Sources */,
				BFEAF3C82BB69EE300E44409 /* CPImage.swift in Sources */,
				BFEAF3ED2BBA77B600E44409 /* HomeViewModel.swift in Sources */,
				BFFD454C2BB69112001F1F93 /* SceneDelegate.swift in Sources */,
				BFEAF3C02BB6944F00E44409 /* SplashViewController.swift in Sources */,
				BF8655732BBBE61D00831A80 /* HomeThinSeparateLineCollectionViewCellViewModel.swift in Sources */,
				BF8655632BBAAF4600831A80 /* HomeThemeCollectionViewCellViewModel.swift in Sources */,
				BF8655672BBAB34E00831A80 /* HomeThemeHeaderViewModel.swift in Sources */,
				BFEAF3E52BBA727900E44409 /* NetworkService.swift in Sources */,
				BFEAF3D92BB6B2C100E44409 /* HomeBannerCollectionViewCell.swift in Sources */,
				BFEAF3F02BBA804100E44409 /* Numeric+Extensions.swift in Sources */,
				BF8655712BBBE61200831A80 /* HomeThinSeparateLineCollectionViewCell.swift in Sources */,
			);
			runOnlyForDeploymentPostprocessing = 0;
		};
/* End PBXSourcesBuildPhase section */

/* Begin PBXVariantGroup section */
		BFFD45542BB69114001F1F93 /* LaunchScreen.storyboard */ = {
			isa = PBXVariantGroup;
			children = (
				BFFD45552BB69114001F1F93 /* Base */,
			);
			name = LaunchScreen.storyboard;
			sourceTree = "<group>";
		};
/* End PBXVariantGroup section */

/* Begin XCBuildConfiguration section */
		BFFD45582BB69114001F1F93 /* Debug */ = {
			isa = XCBuildConfiguration;
			buildSettings = {
				ALWAYS_SEARCH_USER_PATHS = NO;
				ASSETCATALOG_COMPILER_GENERATE_SWIFT_ASSET_SYMBOL_EXTENSIONS = YES;
				CLANG_ANALYZER_NONNULL = YES;
				CLANG_ANALYZER_NUMBER_OBJECT_CONVERSION = YES_AGGRESSIVE;
				CLANG_CXX_LANGUAGE_STANDARD = "gnu++20";
				CLANG_ENABLE_MODULES = YES;
				CLANG_ENABLE_OBJC_ARC = YES;
				CLANG_ENABLE_OBJC_WEAK = YES;
				CLANG_WARN_BLOCK_CAPTURE_AUTORELEASING = YES;
				CLANG_WARN_BOOL_CONVERSION = YES;
				CLANG_WARN_COMMA = YES;
				CLANG_WARN_CONSTANT_CONVERSION = YES;
				CLANG_WARN_DEPRECATED_OBJC_IMPLEMENTATIONS = YES;
				CLANG_WARN_DIRECT_OBJC_ISA_USAGE = YES_ERROR;
				CLANG_WARN_DOCUMENTATION_COMMENTS = YES;
				CLANG_WARN_EMPTY_BODY = YES;
				CLANG_WARN_ENUM_CONVERSION = YES;
				CLANG_WARN_INFINITE_RECURSION = YES;
				CLANG_WARN_INT_CONVERSION = YES;
				CLANG_WARN_NON_LITERAL_NULL_CONVERSION = YES;
				CLANG_WARN_OBJC_IMPLICIT_RETAIN_SELF = YES;
				CLANG_WARN_OBJC_LITERAL_CONVERSION = YES;
				CLANG_WARN_OBJC_ROOT_CLASS = YES_ERROR;
				CLANG_WARN_QUOTED_INCLUDE_IN_FRAMEWORK_HEADER = YES;
				CLANG_WARN_RANGE_LOOP_ANALYSIS = YES;
				CLANG_WARN_STRICT_PROTOTYPES = YES;
				CLANG_WARN_SUSPICIOUS_MOVE = YES;
				CLANG_WARN_UNGUARDED_AVAILABILITY = YES_AGGRESSIVE;
				CLANG_WARN_UNREACHABLE_CODE = YES;
				CLANG_WARN__DUPLICATE_METHOD_MATCH = YES;
				COPY_PHASE_STRIP = NO;
				DEBUG_INFORMATION_FORMAT = dwarf;
				ENABLE_STRICT_OBJC_MSGSEND = YES;
				ENABLE_TESTABILITY = YES;
				ENABLE_USER_SCRIPT_SANDBOXING = YES;
				GCC_C_LANGUAGE_STANDARD = gnu17;
				GCC_DYNAMIC_NO_PIC = NO;
				GCC_NO_COMMON_BLOCKS = YES;
				GCC_OPTIMIZATION_LEVEL = 0;
				GCC_PREPROCESSOR_DEFINITIONS = (
					"DEBUG=1",
					"$(inherited)",
				);
				GCC_WARN_64_TO_32_BIT_CONVERSION = YES;
				GCC_WARN_ABOUT_RETURN_TYPE = YES_ERROR;
				GCC_WARN_UNDECLARED_SELECTOR = YES;
				GCC_WARN_UNINITIALIZED_AUTOS = YES_AGGRESSIVE;
				GCC_WARN_UNUSED_FUNCTION = YES;
				GCC_WARN_UNUSED_VARIABLE = YES;
				IPHONEOS_DEPLOYMENT_TARGET = 17.4;
				LOCALIZATION_PREFERS_STRING_CATALOGS = YES;
				MTL_ENABLE_DEBUG_INFO = INCLUDE_SOURCE;
				MTL_FAST_MATH = YES;
				ONLY_ACTIVE_ARCH = YES;
				SDKROOT = iphoneos;
				SWIFT_ACTIVE_COMPILATION_CONDITIONS = "DEBUG $(inherited)";
				SWIFT_OPTIMIZATION_LEVEL = "-Onone";
			};
			name = Debug;
		};
		BFFD45592BB69114001F1F93 /* Release */ = {
			isa = XCBuildConfiguration;
			buildSettings = {
				ALWAYS_SEARCH_USER_PATHS = NO;
				ASSETCATALOG_COMPILER_GENERATE_SWIFT_ASSET_SYMBOL_EXTENSIONS = YES;
				CLANG_ANALYZER_NONNULL = YES;
				CLANG_ANALYZER_NUMBER_OBJECT_CONVERSION = YES_AGGRESSIVE;
				CLANG_CXX_LANGUAGE_STANDARD = "gnu++20";
				CLANG_ENABLE_MODULES = YES;
				CLANG_ENABLE_OBJC_ARC = YES;
				CLANG_ENABLE_OBJC_WEAK = YES;
				CLANG_WARN_BLOCK_CAPTURE_AUTORELEASING = YES;
				CLANG_WARN_BOOL_CONVERSION = YES;
				CLANG_WARN_COMMA = YES;
				CLANG_WARN_CONSTANT_CONVERSION = YES;
				CLANG_WARN_DEPRECATED_OBJC_IMPLEMENTATIONS = YES;
				CLANG_WARN_DIRECT_OBJC_ISA_USAGE = YES_ERROR;
				CLANG_WARN_DOCUMENTATION_COMMENTS = YES;
				CLANG_WARN_EMPTY_BODY = YES;
				CLANG_WARN_ENUM_CONVERSION = YES;
				CLANG_WARN_INFINITE_RECURSION = YES;
				CLANG_WARN_INT_CONVERSION = YES;
				CLANG_WARN_NON_LITERAL_NULL_CONVERSION = YES;
				CLANG_WARN_OBJC_IMPLICIT_RETAIN_SELF = YES;
				CLANG_WARN_OBJC_LITERAL_CONVERSION = YES;
				CLANG_WARN_OBJC_ROOT_CLASS = YES_ERROR;
				CLANG_WARN_QUOTED_INCLUDE_IN_FRAMEWORK_HEADER = YES;
				CLANG_WARN_RANGE_LOOP_ANALYSIS = YES;
				CLANG_WARN_STRICT_PROTOTYPES = YES;
				CLANG_WARN_SUSPICIOUS_MOVE = YES;
				CLANG_WARN_UNGUARDED_AVAILABILITY = YES_AGGRESSIVE;
				CLANG_WARN_UNREACHABLE_CODE = YES;
				CLANG_WARN__DUPLICATE_METHOD_MATCH = YES;
				COPY_PHASE_STRIP = NO;
				DEBUG_INFORMATION_FORMAT = "dwarf-with-dsym";
				ENABLE_NS_ASSERTIONS = NO;
				ENABLE_STRICT_OBJC_MSGSEND = YES;
				ENABLE_USER_SCRIPT_SANDBOXING = YES;
				GCC_C_LANGUAGE_STANDARD = gnu17;
				GCC_NO_COMMON_BLOCKS = YES;
				GCC_WARN_64_TO_32_BIT_CONVERSION = YES;
				GCC_WARN_ABOUT_RETURN_TYPE = YES_ERROR;
				GCC_WARN_UNDECLARED_SELECTOR = YES;
				GCC_WARN_UNINITIALIZED_AUTOS = YES_AGGRESSIVE;
				GCC_WARN_UNUSED_FUNCTION = YES;
				GCC_WARN_UNUSED_VARIABLE = YES;
				IPHONEOS_DEPLOYMENT_TARGET = 17.4;
				LOCALIZATION_PREFERS_STRING_CATALOGS = YES;
				MTL_ENABLE_DEBUG_INFO = NO;
				MTL_FAST_MATH = YES;
				SDKROOT = iphoneos;
				SWIFT_COMPILATION_MODE = wholemodule;
				VALIDATE_PRODUCT = YES;
			};
			name = Release;
		};
		BFFD455B2BB69114001F1F93 /* Debug */ = {
			isa = XCBuildConfiguration;
			buildSettings = {
				ASSETCATALOG_COMPILER_APPICON_NAME = AppIcon;
				ASSETCATALOG_COMPILER_GLOBAL_ACCENT_COLOR_NAME = AccentColor;
				CODE_SIGN_STYLE = Automatic;
				CURRENT_PROJECT_VERSION = 1;
				DEVELOPMENT_TEAM = KB3R84Q4BQ;
				GENERATE_INFOPLIST_FILE = YES;
				INFOPLIST_FILE = Cproject/Info.plist;
				INFOPLIST_KEY_UIApplicationSupportsIndirectInputEvents = YES;
				INFOPLIST_KEY_UILaunchStoryboardName = LaunchScreen;
				INFOPLIST_KEY_UIMainStoryboardFile = Splash;
				INFOPLIST_KEY_UISupportedInterfaceOrientations_iPad = "UIInterfaceOrientationPortrait UIInterfaceOrientationPortraitUpsideDown UIInterfaceOrientationLandscapeLeft UIInterfaceOrientationLandscapeRight";
				INFOPLIST_KEY_UISupportedInterfaceOrientations_iPhone = "UIInterfaceOrientationPortrait UIInterfaceOrientationLandscapeLeft UIInterfaceOrientationLandscapeRight";
				IPHONEOS_DEPLOYMENT_TARGET = 17.0;
				LD_RUNPATH_SEARCH_PATHS = (
					"$(inherited)",
					"@executable_path/Frameworks",
				);
				MARKETING_VERSION = 1.0;
				PRODUCT_BUNDLE_IDENTIFIER = com.github.suneom.Cproject;
				PRODUCT_NAME = "$(TARGET_NAME)";
				SWIFT_EMIT_LOC_STRINGS = YES;
				SWIFT_VERSION = 5.0;
				TARGETED_DEVICE_FAMILY = "1,2";
			};
			name = Debug;
		};
		BFFD455C2BB69114001F1F93 /* Release */ = {
			isa = XCBuildConfiguration;
			buildSettings = {
				ASSETCATALOG_COMPILER_APPICON_NAME = AppIcon;
				ASSETCATALOG_COMPILER_GLOBAL_ACCENT_COLOR_NAME = AccentColor;
				CODE_SIGN_STYLE = Automatic;
				CURRENT_PROJECT_VERSION = 1;
				DEVELOPMENT_TEAM = KB3R84Q4BQ;
				GENERATE_INFOPLIST_FILE = YES;
				INFOPLIST_FILE = Cproject/Info.plist;
				INFOPLIST_KEY_UIApplicationSupportsIndirectInputEvents = YES;
				INFOPLIST_KEY_UILaunchStoryboardName = LaunchScreen;
				INFOPLIST_KEY_UIMainStoryboardFile = Splash;
				INFOPLIST_KEY_UISupportedInterfaceOrientations_iPad = "UIInterfaceOrientationPortrait UIInterfaceOrientationPortraitUpsideDown UIInterfaceOrientationLandscapeLeft UIInterfaceOrientationLandscapeRight";
				INFOPLIST_KEY_UISupportedInterfaceOrientations_iPhone = "UIInterfaceOrientationPortrait UIInterfaceOrientationLandscapeLeft UIInterfaceOrientationLandscapeRight";
				IPHONEOS_DEPLOYMENT_TARGET = 17.0;
				LD_RUNPATH_SEARCH_PATHS = (
					"$(inherited)",
					"@executable_path/Frameworks",
				);
				MARKETING_VERSION = 1.0;
				PRODUCT_BUNDLE_IDENTIFIER = com.github.suneom.Cproject;
				PRODUCT_NAME = "$(TARGET_NAME)";
				SWIFT_EMIT_LOC_STRINGS = YES;
				SWIFT_VERSION = 5.0;
				TARGETED_DEVICE_FAMILY = "1,2";
			};
			name = Release;
		};
/* End XCBuildConfiguration section */

/* Begin XCConfigurationList section */
		BFFD45412BB69112001F1F93 /* Build configuration list for PBXProject "Cproject" */ = {
			isa = XCConfigurationList;
			buildConfigurations = (
				BFFD45582BB69114001F1F93 /* Debug */,
				BFFD45592BB69114001F1F93 /* Release */,
			);
			defaultConfigurationIsVisible = 0;
			defaultConfigurationName = Release;
		};
		BFFD455A2BB69114001F1F93 /* Build configuration list for PBXNativeTarget "Cproject" */ = {
			isa = XCConfigurationList;
			buildConfigurations = (
				BFFD455B2BB69114001F1F93 /* Debug */,
				BFFD455C2BB69114001F1F93 /* Release */,
			);
			defaultConfigurationIsVisible = 0;
			defaultConfigurationName = Release;
		};
/* End XCConfigurationList section */

/* Begin XCRemoteSwiftPackageReference section */
		BFEAF3C12BB69A2E00E44409 /* XCRemoteSwiftPackageReference "lottie-ios" */ = {
			isa = XCRemoteSwiftPackageReference;
			repositoryURL = "https://github.com/airbnb/lottie-ios.git";
			requirement = {
				kind = upToNextMajorVersion;
				minimumVersion = 4.4.1;
			};
		};
		BFEAF3E92BBA76B500E44409 /* XCRemoteSwiftPackageReference "Kingfisher" */ = {
			isa = XCRemoteSwiftPackageReference;
			repositoryURL = "https://github.com/onevcat/Kingfisher.git";
			requirement = {
				kind = upToNextMajorVersion;
				minimumVersion = 7.11.0;
			};
		};
/* End XCRemoteSwiftPackageReference section */

/* Begin XCSwiftPackageProductDependency section */
		BFEAF3C22BB69A2E00E44409 /* Lottie */ = {
			isa = XCSwiftPackageProductDependency;
			package = BFEAF3C12BB69A2E00E44409 /* XCRemoteSwiftPackageReference "lottie-ios" */;
			productName = Lottie;
		};
		BFEAF3EA2BBA76B500E44409 /* Kingfisher */ = {
			isa = XCSwiftPackageProductDependency;
			package = BFEAF3E92BBA76B500E44409 /* XCRemoteSwiftPackageReference "Kingfisher" */;
			productName = Kingfisher;
		};
/* End XCSwiftPackageProductDependency section */
	};
	rootObject = BFFD453E2BB69112001F1F93 /* Project object */;
}
